
Microsoft Visual Studio Solution File, Format Version 12.00
# Visual Studio 14
VisualStudioVersion = 14.0.22815.1
MinimumVisualStudioVersion = 10.0.40219.1
Project("{2150E333-8FDC-42A3-9474-1A3956D46DE8}") = "src", "src", "{BD1946CE-5544-4F28-A04A-9C3D51113E1A}"
EndProject
Project("{2150E333-8FDC-42A3-9474-1A3956D46DE8}") = "Solution Items", "Solution Items", "{4A4623E9-CE1F-4DF2-A4C2-513CE8377D2A}"
	ProjectSection(SolutionItems) = preProject
		global.json = global.json
	EndProjectSection
EndProject
Project("{8BB2217D-0F2D-49D1-97BC-3654ED321F3B}") = "NuGet.Strawman.Commands", "src\NuGet.Strawman.Commands\NuGet.Strawman.Commands.xproj", "{567E8582-0E73-4A34-A7D3-ED9486415523}"
EndProject
Project("{8BB2217D-0F2D-49D1-97BC-3654ED321F3B}") = "NuGet.ProjectModel", "..\NuGet.Packaging\src\NuGet.ProjectModel\NuGet.ProjectModel.xproj", "{F013E43F-B6D5-4F59-ACF0-EECEC2C794F5}"
EndProject
Project("{8BB2217D-0F2D-49D1-97BC-3654ED321F3B}") = "NuGet.LibraryModel", "..\NuGet.Packaging\src\NuGet.LibraryModel\NuGet.LibraryModel.xproj", "{13883E8E-7DE1-4EDD-8E4A-C5357BA8CD81}"
EndProject
Project("{8BB2217D-0F2D-49D1-97BC-3654ED321F3B}") = "NuGet.DependencyResolver.Core", "..\NuGet.Packaging\src\NuGet.DependencyResolver.Core\NuGet.DependencyResolver.Core.xproj", "{CF8E1753-EE98-410F-BB4B-6624B19C6B64}"
EndProject
Project("{8BB2217D-0F2D-49D1-97BC-3654ED321F3B}") = "NuGet.Packaging.Core.Types", "..\NuGet.Packaging\src\NuGet.Packaging.Core.Types\NuGet.Packaging.Core.Types.xproj", "{46275450-3B62-4E89-8F7E-3FE2EE8513D2}"
EndProject
Project("{8BB2217D-0F2D-49D1-97BC-3654ED321F3B}") = "NuGet.Versioning", "..\NuGet.Versioning\src\NuGet.Versioning\NuGet.Versioning.xproj", "{24E62AB7-64E4-4975-9417-883559D1BC19}"
EndProject
Project("{8BB2217D-0F2D-49D1-97BC-3654ED321F3B}") = "NuGet.Frameworks", "..\NuGet.Packaging\src\NuGet.Frameworks\NuGet.Frameworks.xproj", "{9A9A9F26-597A-4FA6-A4F1-415063484D9C}"
EndProject
Project("{8BB2217D-0F2D-49D1-97BC-3654ED321F3B}") = "NuGet.Repositories", "..\NuGet.Packaging\src\NuGet.Repositories\NuGet.Repositories.xproj", "{24DE9E2C-4ADC-48E6-ADF0-1E2B00596ECD}"
EndProject
Project("{2150E333-8FDC-42A3-9474-1A3956D46DE8}") = "deps", "deps", "{F9CD264C-49C2-4714-8C10-0DEE90D4D469}"
EndProject
Project("{8BB2217D-0F2D-49D1-97BC-3654ED321F3B}") = "NuGet.Configuration", "..\NuGet.Configuration\src\NuGet.Configuration\NuGet.Configuration.xproj", "{0EEA201F-F4CB-4B1E-9462-2FE58C540513}"
EndProject
Project("{8BB2217D-0F2D-49D1-97BC-3654ED321F3B}") = "NuGet.CommandLine", "src\NuGet.CommandLine\NuGet.CommandLine.xproj", "{ECEA066F-F40D-4397-B2CE-8CA24AC22638}"
EndProject
Project("{8BB2217D-0F2D-49D1-97BC-3654ED321F3B}") = "NuGet.DependencyResolver", "..\NuGet.Packaging\src\NuGet.DependencyResolver\NuGet.DependencyResolver.xproj", "{002AE92E-01E5-4A38-996B-731A7A048D58}"
EndProject
Project("{8BB2217D-0F2D-49D1-97BC-3654ED321F3B}") = "NuGet.Packaging", "..\NuGet.Packaging\src\NuGet.Packaging\NuGet.Packaging.xproj", "{BD6BBC90-60BE-4E7D-8458-91E9CDA66ABE}"
EndProject
Project("{8BB2217D-0F2D-49D1-97BC-3654ED321F3B}") = "NuGet.Packaging.Core", "..\NuGet.Packaging\src\NuGet.Packaging.Core\NuGet.Packaging.Core.xproj", "{D65583E4-8084-466A-BA4B-55A797EA047B}"
EndProject
Project("{8BB2217D-0F2D-49D1-97BC-3654ED321F3B}") = "NuGet.Client", "src\NuGet.Client\NuGet.Client.xproj", "{BA3543A8-874C-4F42-8757-C7EF7D17C8EE}"
EndProject
Project("{8BB2217D-0F2D-49D1-97BC-3654ED321F3B}") = "NuGet.Common", "..\NuGet.Packaging\src\NuGet.Common\NuGet.Common.xproj", "{98BEE375-A5A0-4FC2-9B7A-25DB41C8045D}"
EndProject
Global
	GlobalSection(SolutionConfigurationPlatforms) = preSolution
		Debug|Any CPU = Debug|Any CPU
		Release|Any CPU = Release|Any CPU
	EndGlobalSection
	GlobalSection(ProjectConfigurationPlatforms) = postSolution
		{567E8582-0E73-4A34-A7D3-ED9486415523}.Debug|Any CPU.ActiveCfg = Debug|Any CPU
		{567E8582-0E73-4A34-A7D3-ED9486415523}.Debug|Any CPU.Build.0 = Debug|Any CPU
		{567E8582-0E73-4A34-A7D3-ED9486415523}.Release|Any CPU.ActiveCfg = Release|Any CPU
		{567E8582-0E73-4A34-A7D3-ED9486415523}.Release|Any CPU.Build.0 = Release|Any CPU
		{F013E43F-B6D5-4F59-ACF0-EECEC2C794F5}.Debug|Any CPU.ActiveCfg = Debug|Any CPU
		{F013E43F-B6D5-4F59-ACF0-EECEC2C794F5}.Debug|Any CPU.Build.0 = Debug|Any CPU
		{F013E43F-B6D5-4F59-ACF0-EECEC2C794F5}.Release|Any CPU.ActiveCfg = Release|Any CPU
		{F013E43F-B6D5-4F59-ACF0-EECEC2C794F5}.Release|Any CPU.Build.0 = Release|Any CPU
		{13883E8E-7DE1-4EDD-8E4A-C5357BA8CD81}.Debug|Any CPU.ActiveCfg = Debug|Any CPU
		{13883E8E-7DE1-4EDD-8E4A-C5357BA8CD81}.Debug|Any CPU.Build.0 = Debug|Any CPU
		{13883E8E-7DE1-4EDD-8E4A-C5357BA8CD81}.Release|Any CPU.ActiveCfg = Release|Any CPU
		{13883E8E-7DE1-4EDD-8E4A-C5357BA8CD81}.Release|Any CPU.Build.0 = Release|Any CPU
		{CF8E1753-EE98-410F-BB4B-6624B19C6B64}.Debug|Any CPU.ActiveCfg = Debug|Any CPU
		{CF8E1753-EE98-410F-BB4B-6624B19C6B64}.Debug|Any CPU.Build.0 = Debug|Any CPU
		{CF8E1753-EE98-410F-BB4B-6624B19C6B64}.Release|Any CPU.ActiveCfg = Release|Any CPU
		{CF8E1753-EE98-410F-BB4B-6624B19C6B64}.Release|Any CPU.Build.0 = Release|Any CPU
		{46275450-3B62-4E89-8F7E-3FE2EE8513D2}.Debug|Any CPU.ActiveCfg = Debug|Any CPU
		{46275450-3B62-4E89-8F7E-3FE2EE8513D2}.Debug|Any CPU.Build.0 = Debug|Any CPU
		{46275450-3B62-4E89-8F7E-3FE2EE8513D2}.Release|Any CPU.ActiveCfg = Release|Any CPU
		{46275450-3B62-4E89-8F7E-3FE2EE8513D2}.Release|Any CPU.Build.0 = Release|Any CPU
		{24E62AB7-64E4-4975-9417-883559D1BC19}.Debug|Any CPU.ActiveCfg = Debug|Any CPU
		{24E62AB7-64E4-4975-9417-883559D1BC19}.Debug|Any CPU.Build.0 = Debug|Any CPU
		{24E62AB7-64E4-4975-9417-883559D1BC19}.Release|Any CPU.ActiveCfg = Release|Any CPU
		{24E62AB7-64E4-4975-9417-883559D1BC19}.Release|Any CPU.Build.0 = Release|Any CPU
		{9A9A9F26-597A-4FA6-A4F1-415063484D9C}.Debug|Any CPU.ActiveCfg = Debug|Any CPU
		{9A9A9F26-597A-4FA6-A4F1-415063484D9C}.Debug|Any CPU.Build.0 = Debug|Any CPU
		{9A9A9F26-597A-4FA6-A4F1-415063484D9C}.Release|Any CPU.ActiveCfg = Release|Any CPU
		{9A9A9F26-597A-4FA6-A4F1-415063484D9C}.Release|Any CPU.Build.0 = Release|Any CPU
		{24DE9E2C-4ADC-48E6-ADF0-1E2B00596ECD}.Debug|Any CPU.ActiveCfg = Debug|Any CPU
		{24DE9E2C-4ADC-48E6-ADF0-1E2B00596ECD}.Debug|Any CPU.Build.0 = Debug|Any CPU
		{24DE9E2C-4ADC-48E6-ADF0-1E2B00596ECD}.Release|Any CPU.ActiveCfg = Release|Any CPU
		{24DE9E2C-4ADC-48E6-ADF0-1E2B00596ECD}.Release|Any CPU.Build.0 = Release|Any CPU
		{0EEA201F-F4CB-4B1E-9462-2FE58C540513}.Debug|Any CPU.ActiveCfg = Debug|Any CPU
		{0EEA201F-F4CB-4B1E-9462-2FE58C540513}.Debug|Any CPU.Build.0 = Debug|Any CPU
		{0EEA201F-F4CB-4B1E-9462-2FE58C540513}.Release|Any CPU.ActiveCfg = Release|Any CPU
		{0EEA201F-F4CB-4B1E-9462-2FE58C540513}.Release|Any CPU.Build.0 = Release|Any CPU
		{ECEA066F-F40D-4397-B2CE-8CA24AC22638}.Debug|Any CPU.ActiveCfg = Debug|Any CPU
		{ECEA066F-F40D-4397-B2CE-8CA24AC22638}.Debug|Any CPU.Build.0 = Debug|Any CPU
		{ECEA066F-F40D-4397-B2CE-8CA24AC22638}.Release|Any CPU.ActiveCfg = Release|Any CPU
		{ECEA066F-F40D-4397-B2CE-8CA24AC22638}.Release|Any CPU.Build.0 = Release|Any CPU
		{002AE92E-01E5-4A38-996B-731A7A048D58}.Debug|Any CPU.ActiveCfg = Debug|Any CPU
		{002AE92E-01E5-4A38-996B-731A7A048D58}.Debug|Any CPU.Build.0 = Debug|Any CPU
		{002AE92E-01E5-4A38-996B-731A7A048D58}.Release|Any CPU.ActiveCfg = Release|Any CPU
		{002AE92E-01E5-4A38-996B-731A7A048D58}.Release|Any CPU.Build.0 = Release|Any CPU
		{BD6BBC90-60BE-4E7D-8458-91E9CDA66ABE}.Debug|Any CPU.ActiveCfg = Debug|Any CPU
		{BD6BBC90-60BE-4E7D-8458-91E9CDA66ABE}.Debug|Any CPU.Build.0 = Debug|Any CPU
		{BD6BBC90-60BE-4E7D-8458-91E9CDA66ABE}.Release|Any CPU.ActiveCfg = Release|Any CPU
		{BD6BBC90-60BE-4E7D-8458-91E9CDA66ABE}.Release|Any CPU.Build.0 = Release|Any CPU
		{D65583E4-8084-466A-BA4B-55A797EA047B}.Debug|Any CPU.ActiveCfg = Debug|Any CPU
		{D65583E4-8084-466A-BA4B-55A797EA047B}.Debug|Any CPU.Build.0 = Debug|Any CPU
		{D65583E4-8084-466A-BA4B-55A797EA047B}.Release|Any CPU.ActiveCfg = Release|Any CPU
		{D65583E4-8084-466A-BA4B-55A797EA047B}.Release|Any CPU.Build.0 = Release|Any CPU
		{BA3543A8-874C-4F42-8757-C7EF7D17C8EE}.Debug|Any CPU.ActiveCfg = Debug|Any CPU
		{BA3543A8-874C-4F42-8757-C7EF7D17C8EE}.Debug|Any CPU.Build.0 = Debug|Any CPU
		{BA3543A8-874C-4F42-8757-C7EF7D17C8EE}.Release|Any CPU.ActiveCfg = Release|Any CPU
		{BA3543A8-874C-4F42-8757-C7EF7D17C8EE}.Release|Any CPU.Build.0 = Release|Any CPU
		{98BEE375-A5A0-4FC2-9B7A-25DB41C8045D}.Debug|Any CPU.ActiveCfg = Debug|Any CPU
		{98BEE375-A5A0-4FC2-9B7A-25DB41C8045D}.Debug|Any CPU.Build.0 = Debug|Any CPU
		{98BEE375-A5A0-4FC2-9B7A-25DB41C8045D}.Release|Any CPU.ActiveCfg = Release|Any CPU
		{98BEE375-A5A0-4FC2-9B7A-25DB41C8045D}.Release|Any CPU.Build.0 = Release|Any CPU
	EndGlobalSection
	GlobalSection(SolutionProperties) = preSolution
		HideSolutionNode = FALSE
	EndGlobalSection
	GlobalSection(NestedProjects) = preSolution
		{567E8582-0E73-4A34-A7D3-ED9486415523} = {BD1946CE-5544-4F28-A04A-9C3D51113E1A}
		{F013E43F-B6D5-4F59-ACF0-EECEC2C794F5} = {F9CD264C-49C2-4714-8C10-0DEE90D4D469}
		{13883E8E-7DE1-4EDD-8E4A-C5357BA8CD81} = {F9CD264C-49C2-4714-8C10-0DEE90D4D469}
		{CF8E1753-EE98-410F-BB4B-6624B19C6B64} = {F9CD264C-49C2-4714-8C10-0DEE90D4D469}
		{46275450-3B62-4E89-8F7E-3FE2EE8513D2} = {F9CD264C-49C2-4714-8C10-0DEE90D4D469}
		{24E62AB7-64E4-4975-9417-883559D1BC19} = {F9CD264C-49C2-4714-8C10-0DEE90D4D469}
		{9A9A9F26-597A-4FA6-A4F1-415063484D9C} = {F9CD264C-49C2-4714-8C10-0DEE90D4D469}
		{24DE9E2C-4ADC-48E6-ADF0-1E2B00596ECD} = {F9CD264C-49C2-4714-8C10-0DEE90D4D469}
		{0EEA201F-F4CB-4B1E-9462-2FE58C540513} = {F9CD264C-49C2-4714-8C10-0DEE90D4D469}
		{ECEA066F-F40D-4397-B2CE-8CA24AC22638} = {BD1946CE-5544-4F28-A04A-9C3D51113E1A}
		{002AE92E-01E5-4A38-996B-731A7A048D58} = {F9CD264C-49C2-4714-8C10-0DEE90D4D469}
		{BD6BBC90-60BE-4E7D-8458-91E9CDA66ABE} = {F9CD264C-49C2-4714-8C10-0DEE90D4D469}
		{D65583E4-8084-466A-BA4B-55A797EA047B} = {F9CD264C-49C2-4714-8C10-0DEE90D4D469}
		{BA3543A8-874C-4F42-8757-C7EF7D17C8EE} = {BD1946CE-5544-4F28-A04A-9C3D51113E1A}
	EndGlobalSection
EndGlobal
