Microsoft Visual Studio Solution File, Format Version 12.00
# Visual Studio Version 17
VisualStudioVersion = 17.0.31418.319
MinimumVisualStudioVersion = 10.0.40219.1
Project("{2150E333-8FDC-42A3-9474-1A3956D46DE8}") = "src", "src", "{BD1946CE-5544-4F28-A04A-9C3D51113E1A}"
EndProject
Project("{2150E333-8FDC-42A3-9474-1A3956D46DE8}") = "NuGet.Clients", "NuGet.Clients", "{08F523EC-3C2A-4A00-A54C-2E54C5AC856B}"
EndProject
Project("{FAE04EC0-301F-11D3-BF4B-00C04F79EFBC}") = "NuGet.VisualStudio.Client", "src\NuGet.Clients\NuGet.VisualStudio.Client\NuGet.VisualStudio.Client.csproj", "{3B96F91B-3B58-40ED-B06E-5CD133A79A63}"
EndProject
Project("{2150E333-8FDC-42A3-9474-1A3956D46DE8}") = "Solution Items", "Solution Items", "{4A4623E9-CE1F-4DF2-A4C2-513CE8377D2A}"
	ProjectSection(SolutionItems) = preProject
		.editorconfig = .editorconfig
		Directory.Packages.props = Directory.Packages.props
		build\NuGet.ruleset = build\NuGet.ruleset
		spelling.dic = spelling.dic
	EndProjectSection
EndProject
Project("{2150E333-8FDC-42A3-9474-1A3956D46DE8}") = "NuGet.Core.UnitTests", "NuGet.Core.UnitTests", "{7323F93B-D141-4001-BB9E-7AF14031143E}"
EndProject
Project("{2150E333-8FDC-42A3-9474-1A3956D46DE8}") = "NuGet.Core.FuncTests", "NuGet.Core.FuncTests", "{BB63CACA-866F-454F-BA4C-78B788D032BB}"
EndProject
Project("{2150E333-8FDC-42A3-9474-1A3956D46DE8}") = "Shared", "Shared", "{DE23D071-162F-47A3-BC68-42E4A354835C}"
	ProjectSection(SolutionItems) = preProject
		build\Shared\DeconstructionExtensions.cs = build\Shared\DeconstructionExtensions.cs
		build\Shared\EncodingUtility.cs = build\Shared\EncodingUtility.cs
		build\Shared\EqualityUtility.cs = build\Shared\EqualityUtility.cs
		build\Shared\HashCodeCombiner.cs = build\Shared\HashCodeCombiner.cs
		build\Shared\IsExternalInit.cs = build\Shared\IsExternalInit.cs
		build\Shared\NoAllocEnumerateExtensions.cs = build\Shared\NoAllocEnumerateExtensions.cs
		build\Shared\NullableAttributes.cs = build\Shared\NullableAttributes.cs
		build\Shared\RequiredModifierAttributes.cs = build\Shared\RequiredModifierAttributes.cs
		build\Shared\SharedExtensions.cs = build\Shared\SharedExtensions.cs
		build\Shared\SimplePool.cs = build\Shared\SimplePool.cs
		build\Shared\StringBuilderPool.cs = build\Shared\StringBuilderPool.cs
		build\Shared\TaskResult.cs = build\Shared\TaskResult.cs
		build\Shared\TypeExtensions.cs = build\Shared\TypeExtensions.cs
		build\Shared\TypeInfo.cs = build\Shared\TypeInfo.cs
		build\Shared\vs-threading.MainThreadAssertingMethods.txt = build\Shared\vs-threading.MainThreadAssertingMethods.txt
		build\Shared\vs-threading.MainThreadSwitchingMethods.txt = build\Shared\vs-threading.MainThreadSwitchingMethods.txt
		build\Shared\vs-threading.MembersRequiringMainThread.txt = build\Shared\vs-threading.MembersRequiringMainThread.txt
		build\Shared\XmlUtility.cs = build\Shared\XmlUtility.cs
	EndProjectSection
EndProject
Project("{2150E333-8FDC-42A3-9474-1A3956D46DE8}") = "test", "test", "{D1549653-9631-4E16-9967-55427174A0DC}"
EndProject
Project("{2150E333-8FDC-42A3-9474-1A3956D46DE8}") = "NuGet.Client.UnitTests", "NuGet.Client.UnitTests", "{01BC4531-1E25-48D7-A8FD-A47D6FEC47FB}"
EndProject
Project("{2150E333-8FDC-42A3-9474-1A3956D46DE8}") = "NuGet.Client.FuncTests", "NuGet.Client.FuncTests", "{00CE0FBE-DA5A-4AD8-B0D6-04ECE6B04F0D}"
EndProject
Project("{2150E333-8FDC-42A3-9474-1A3956D46DE8}") = "EndToEnd", "EndToEnd", "{A8F45E94-4CFD-478C-9FE2-8E6DEE7E0770}"
	ProjectSection(SolutionItems) = preProject
		test\EndToEnd\assert.ps1 = test\EndToEnd\assert.ps1
		test\EndToEnd\nuget.assert.ps1 = test\EndToEnd\nuget.assert.ps1
		test\EndToEnd\NuGet.Tests.psm1 = test\EndToEnd\NuGet.Tests.psm1
		test\EndToEnd\utility.ps1 = test\EndToEnd\utility.ps1
		test\EndToEnd\vs.ps1 = test\EndToEnd\vs.ps1
	EndProjectSection
EndProject
Project("{2150E333-8FDC-42A3-9474-1A3956D46DE8}") = "TestExtensions", "TestExtensions", "{23CEFC88-9365-4464-A517-700224ECA033}"
EndProject
Project("{2150E333-8FDC-42A3-9474-1A3956D46DE8}") = "Tests", "Tests", "{96255044-3776-439B-8496-C460DB9C4F97}"
	ProjectSection(SolutionItems) = preProject
		test\EndToEnd\tests\A-TopDownloadedPackages.ps1 = test\EndToEnd\tests\A-TopDownloadedPackages.ps1
		test\EndToEnd\tests\BuildIntegratedTest.ps1 = test\EndToEnd\tests\BuildIntegratedTest.ps1
		test\EndToEnd\tests\FindPackageTest.ps1 = test\EndToEnd\tests\FindPackageTest.ps1
		test\EndToEnd\tests\GetPackageTest.ps1 = test\EndToEnd\tests\GetPackageTest.ps1
		test\EndToEnd\tests\GetProjectTest.ps1 = test\EndToEnd\tests\GetProjectTest.ps1
		test\EndToEnd\tests\install.ps1 = test\EndToEnd\tests\install.ps1
		test\EndToEnd\tests\NetCoreProjectTests.ps1 = test\EndToEnd\tests\NetCoreProjectTests.ps1
		test\EndToEnd\tests\OpenPackagePageTest.ps1 = test\EndToEnd\tests\OpenPackagePageTest.ps1
		test\EndToEnd\tests\PackTest.ps1 = test\EndToEnd\tests\PackTest.ps1
		test\EndToEnd\tests\ProjectRetargeting.ps1 = test\EndToEnd\tests\ProjectRetargeting.ps1
		test\EndToEnd\tests\ServicesTest.ps1 = test\EndToEnd\tests\ServicesTest.ps1
		test\EndToEnd\tests\Settings.ps1 = test\EndToEnd\tests\Settings.ps1
		test\EndToEnd\tests\Silverlight.ps1 = test\EndToEnd\tests\Silverlight.ps1
		test\EndToEnd\tests\sync.ps1 = test\EndToEnd\tests\sync.ps1
		test\EndToEnd\tests\TabExpansionTest.ps1 = test\EndToEnd\tests\TabExpansionTest.ps1
		test\EndToEnd\tests\uninstall.ps1 = test\EndToEnd\tests\uninstall.ps1
		test\EndToEnd\tests\update.ps1 = test\EndToEnd\tests\update.ps1
	EndProjectSection
EndProject
Project("{2150E333-8FDC-42A3-9474-1A3956D46DE8}") = "TestUtilities", "TestUtilities", "{79266117-FEDD-45B3-B603-33A4B6E9F12F}"
EndProject
Project("{2150E333-8FDC-42A3-9474-1A3956D46DE8}") = "NuGet.Core", "NuGet.Core", "{506AF844-92E0-4404-BBFC-0AB073890A72}"
EndProject
Project("{9A19103F-16F7-4668-BE54-9A1E7A4F7556}") = "NuGet.CommandLine.XPlat", "src\NuGet.Core\NuGet.CommandLine.XPlat\NuGet.CommandLine.XPlat.csproj", "{ECEA066F-F40D-4397-B2CE-8CA24AC22638}"
EndProject
Project("{9A19103F-16F7-4668-BE54-9A1E7A4F7556}") = "NuGet.Build.Tasks", "src\NuGet.Core\NuGet.Build.Tasks\NuGet.Build.Tasks.csproj", "{E09441B8-8D74-4A96-8431-480E2065F844}"
EndProject
Project("{9A19103F-16F7-4668-BE54-9A1E7A4F7556}") = "NuGet.Versioning", "src\NuGet.Core\NuGet.Versioning\NuGet.Versioning.csproj", "{24E62AB7-64E4-4975-9417-883559D1BC19}"
EndProject
Project("{9A19103F-16F7-4668-BE54-9A1E7A4F7556}") = "NuGet.Packaging", "src\NuGet.Core\NuGet.Packaging\NuGet.Packaging.csproj", "{BD6BBC90-60BE-4E7D-8458-91E9CDA66ABE}"
EndProject
Project("{9A19103F-16F7-4668-BE54-9A1E7A4F7556}") = "NuGet.Common", "src\NuGet.Core\NuGet.Common\NuGet.Common.csproj", "{98BEE375-A5A0-4FC2-9B7A-25DB41C8045D}"
EndProject
Project("{9A19103F-16F7-4668-BE54-9A1E7A4F7556}") = "NuGet.Frameworks", "src\NuGet.Core\NuGet.Frameworks\NuGet.Frameworks.csproj", "{9A9A9F26-597A-4FA6-A4F1-415063484D9C}"
EndProject
Project("{9A19103F-16F7-4668-BE54-9A1E7A4F7556}") = "NuGet.ProjectModel", "src\NuGet.Core\NuGet.ProjectModel\NuGet.ProjectModel.csproj", "{F013E43F-B6D5-4F59-ACF0-EECEC2C794F5}"
EndProject
Project("{9A19103F-16F7-4668-BE54-9A1E7A4F7556}") = "NuGet.Configuration", "src\NuGet.Core\NuGet.Configuration\NuGet.Configuration.csproj", "{E3EF26E1-80A7-4573-B3A4-1D4B0042616E}"
EndProject
Project("{9A19103F-16F7-4668-BE54-9A1E7A4F7556}") = "NuGet.LibraryModel", "src\NuGet.Core\NuGet.LibraryModel\NuGet.LibraryModel.csproj", "{13883E8E-7DE1-4EDD-8E4A-C5357BA8CD81}"
EndProject
Project("{9A19103F-16F7-4668-BE54-9A1E7A4F7556}") = "NuGet.DependencyResolver.Core", "src\NuGet.Core\NuGet.DependencyResolver.Core\NuGet.DependencyResolver.Core.csproj", "{CF8E1753-EE98-410F-BB4B-6624B19C6B64}"
EndProject
Project("{9A19103F-16F7-4668-BE54-9A1E7A4F7556}") = "NuGet.Protocol", "src\NuGet.Core\NuGet.Protocol\NuGet.Protocol.csproj", "{020F4C88-3A5C-4B89-9868-089E867CC223}"
EndProject
Project("{9A19103F-16F7-4668-BE54-9A1E7A4F7556}") = "NuGet.Resolver", "src\NuGet.Core\NuGet.Resolver\NuGet.Resolver.csproj", "{51AA27A9-B8B4-458F-9211-E6889B441573}"
EndProject
Project("{9A19103F-16F7-4668-BE54-9A1E7A4F7556}") = "NuGet.Configuration.Test", "test\NuGet.Core.Tests\NuGet.Configuration.Test\NuGet.Configuration.Test.csproj", "{6CF165D4-F9CE-4D7E-A0C4-96F477467B44}"
EndProject
Project("{9A19103F-16F7-4668-BE54-9A1E7A4F7556}") = "NuGet.Frameworks.Test", "test\NuGet.Core.Tests\NuGet.Frameworks.Test\NuGet.Frameworks.Test.csproj", "{A8EFD7D2-3925-4CB2-9675-3D312FDD66A3}"
EndProject
Project("{9A19103F-16F7-4668-BE54-9A1E7A4F7556}") = "NuGet.Packaging.Test", "test\NuGet.Core.Tests\NuGet.Packaging.Test\NuGet.Packaging.Test.csproj", "{1B3DF3C9-40AE-4E81-9CB5-A553064166BE}"
EndProject
Project("{9A19103F-16F7-4668-BE54-9A1E7A4F7556}") = "NuGet.Protocol.Tests", "test\NuGet.Core.Tests\NuGet.Protocol.Tests\NuGet.Protocol.Tests.csproj", "{61410428-A76E-4EAF-9CF6-7BE7DBF6A374}"
EndProject
Project("{9A19103F-16F7-4668-BE54-9A1E7A4F7556}") = "NuGet.Resolver.Test", "test\NuGet.Core.Tests\NuGet.Resolver.Test\NuGet.Resolver.Test.csproj", "{D441D68A-85F1-404C-B665-EB3BE3D436BA}"
EndProject
Project("{9A19103F-16F7-4668-BE54-9A1E7A4F7556}") = "NuGet.Versioning.Test", "test\NuGet.Core.Tests\NuGet.Versioning.Test\NuGet.Versioning.Test.csproj", "{3710B3C4-E33C-4C13-B7D6-5664F71EFD19}"
EndProject
Project("{9A19103F-16F7-4668-BE54-9A1E7A4F7556}") = "NuGet.Commands", "src\NuGet.Core\NuGet.Commands\NuGet.Commands.csproj", "{567E8582-0E73-4A34-A7D3-ED9486415523}"
EndProject
Project("{9A19103F-16F7-4668-BE54-9A1E7A4F7556}") = "NuGet.DependencyResolver.Core.Tests", "test\NuGet.Core.Tests\NuGet.DependencyResolver.Core.Tests\NuGet.DependencyResolver.Core.Tests.csproj", "{AD489758-39EE-43D6-B4B0-F94F2E465044}"
EndProject
Project("{9A19103F-16F7-4668-BE54-9A1E7A4F7556}") = "NuGet.Commands.Test", "test\NuGet.Core.Tests\NuGet.Commands.Test\NuGet.Commands.Test.csproj", "{300EF061-69F9-46D5-9CDE-CA39F2817F69}"
EndProject
Project("{9A19103F-16F7-4668-BE54-9A1E7A4F7556}") = "NuGet.ProjectModel.Test", "test\NuGet.Core.Tests\NuGet.ProjectModel.Test\NuGet.ProjectModel.Test.csproj", "{BA7A4229-F702-491A-A572-3F8F4FA0A5A4}"
EndProject
Project("{9A19103F-16F7-4668-BE54-9A1E7A4F7556}") = "NuGet.PackageManagement", "src\NuGet.Core\NuGet.PackageManagement\NuGet.PackageManagement.csproj", "{394AEB96-493C-4839-A5AC-8D93CD2FAD40}"
EndProject
Project("{9A19103F-16F7-4668-BE54-9A1E7A4F7556}") = "NuGet.PackageManagement.Test", "test\NuGet.Core.Tests\NuGet.PackageManagement.Test\NuGet.PackageManagement.Test.csproj", "{118222E0-C4A0-4141-9637-5D9EFE79D7C4}"
EndProject
Project("{9A19103F-16F7-4668-BE54-9A1E7A4F7556}") = "Test.Utility", "test\TestUtilities\Test.Utility\Test.Utility.csproj", "{CA285053-F013-45CC-A2EA-7581A37585D4}"
EndProject
Project("{9A19103F-16F7-4668-BE54-9A1E7A4F7556}") = "NuGet.Indexing", "src\NuGet.Clients\NuGet.Indexing\NuGet.Indexing.csproj", "{A2B06FA8-BDBC-4459-A92A-161862B2AA97}"
EndProject
Project("{9A19103F-16F7-4668-BE54-9A1E7A4F7556}") = "NuGet.Common.Test", "test\NuGet.Core.Tests\NuGet.Common.Test\NuGet.Common.Test.csproj", "{7FACD9D7-F70D-41C4-BE61-2753E018057D}"
EndProject
Project("{9A19103F-16F7-4668-BE54-9A1E7A4F7556}") = "NuGet.LibraryModel.Tests", "test\NuGet.Core.Tests\NuGet.LibraryModel.Tests\NuGet.LibraryModel.Tests.csproj", "{D8E35E61-07AE-41D2-BB40-F3BDD8770A92}"
EndProject
Project("{9A19103F-16F7-4668-BE54-9A1E7A4F7556}") = "NuGet.Commands.FuncTest", "test\NuGet.Core.FuncTests\NuGet.Commands.FuncTest\NuGet.Commands.FuncTest.csproj", "{63C0BFF6-508D-4E5F-BBBC-A636D1398C6B}"
EndProject
Project("{9A19103F-16F7-4668-BE54-9A1E7A4F7556}") = "NuGet.Protocol.FuncTest", "test\NuGet.Core.FuncTests\NuGet.Protocol.FuncTest\NuGet.Protocol.FuncTest.csproj", "{1A94F70B-1AB6-4638-931A-4AB0EBEF7EC1}"
EndProject
Project("{9A19103F-16F7-4668-BE54-9A1E7A4F7556}") = "NuGet.Indexing.Test", "test\NuGet.Clients.Tests\NuGet.Indexing.Test\NuGet.Indexing.Test.csproj", "{626E0086-1375-4ABE-A0F8-412786D315FA}"
EndProject
Project("{9A19103F-16F7-4668-BE54-9A1E7A4F7556}") = "NuGet.XPlat.FuncTest", "test\NuGet.Core.FuncTests\NuGet.XPlat.FuncTest\NuGet.XPlat.FuncTest.csproj", "{2034C981-C938-4F0F-8F3B-528B83CB8F7D}"
EndProject
Project("{9A19103F-16F7-4668-BE54-9A1E7A4F7556}") = "NuGet.Build.Tasks.Pack.Test", "test\NuGet.Core.Tests\NuGet.Build.Tasks.Pack.Test\NuGet.Build.Tasks.Pack.Test.csproj", "{8BF8279D-196F-481A-9659-488864D93D2D}"
EndProject
Project("{9A19103F-16F7-4668-BE54-9A1E7A4F7556}") = "NuGet.Build.Tasks.Pack", "src\NuGet.Core\NuGet.Build.Tasks.Pack\NuGet.Build.Tasks.Pack.csproj", "{16863138-7C0E-49ED-A1C8-B9165FED9920}"
EndProject
Project("{9A19103F-16F7-4668-BE54-9A1E7A4F7556}") = "Dotnet.Integration.Test", "test\NuGet.Core.FuncTests\Dotnet.Integration.Test\Dotnet.Integration.Test.csproj", "{AFC86608-9F7C-4474-9D26-186905C33E4E}"
EndProject
Project("{9A19103F-16F7-4668-BE54-9A1E7A4F7556}") = "NuGet.CommandLine", "src\NuGet.Clients\NuGet.CommandLine\NuGet.CommandLine.csproj", "{957C4E99-3644-47DD-8F9A-AE36F41EBE4A}"
EndProject
Project("{9A19103F-16F7-4668-BE54-9A1E7A4F7556}") = "NuGet.Credentials", "src\NuGet.Core\NuGet.Credentials\NuGet.Credentials.csproj", "{32A23995-14C7-483B-98C3-0AE4185373EA}"
EndProject
Project("{9A19103F-16F7-4668-BE54-9A1E7A4F7556}") = "NuGet.VisualStudio", "src\NuGet.Clients\NuGet.VisualStudio\NuGet.VisualStudio.csproj", "{E5556BC6-A7FD-4D8E-8A7D-7648DF1D7471}"
EndProject
Project("{9A19103F-16F7-4668-BE54-9A1E7A4F7556}") = "NuGet.VisualStudio.Implementation", "src\NuGet.Clients\NuGet.VisualStudio.Implementation\NuGet.VisualStudio.Implementation.csproj", "{9623CF30-192C-4864-B419-29649169AE30}"
EndProject
Project("{FAE04EC0-301F-11D3-BF4B-00C04F79EFBC}") = "NuGet.PackageManagement.PowerShellCmdlets", "src\NuGet.Clients\NuGet.PackageManagement.PowerShellCmdlets\NuGet.PackageManagement.PowerShellCmdlets.csproj", "{26DC17AC-A390-4515-A2C0-07A0950036C5}"
EndProject
Project("{FAE04EC0-301F-11D3-BF4B-00C04F79EFBC}") = "NuGet.PackageManagement.UI", "src\NuGet.Clients\NuGet.PackageManagement.UI\NuGet.PackageManagement.UI.csproj", "{538ADEFD-2170-40A9-A2C5-EC8369CFE490}"
EndProject
Project("{FAE04EC0-301F-11D3-BF4B-00C04F79EFBC}") = "NuGet.SolutionRestoreManager", "src\NuGet.Clients\NuGet.SolutionRestoreManager\NuGet.SolutionRestoreManager.csproj", "{06662133-1292-4918-90F3-36C930C0B16F}"
EndProject
Project("{FAE04EC0-301F-11D3-BF4B-00C04F79EFBC}") = "NuGet.Tools", "src\NuGet.Clients\NuGet.Tools\NuGet.Tools.csproj", "{D0F9864B-D782-4471-81A2-29555E5DC0D7}"
EndProject
Project("{9A19103F-16F7-4668-BE54-9A1E7A4F7556}") = "NuGet.PackageManagement.VisualStudio", "src\NuGet.Clients\NuGet.PackageManagement.VisualStudio\NuGet.PackageManagement.VisualStudio.csproj", "{306CDDFA-FF0B-4299-930C-9EC6C9308160}"
EndProject
Project("{9A19103F-16F7-4668-BE54-9A1E7A4F7556}") = "SampleCommandLineExtensions", "test\TestExtensions\SampleCommandLineExtensions\SampleCommandLineExtensions.csproj", "{F2F53B1A-B973-4932-80CB-5EDA38F9D74C}"
EndProject
Project("{9A19103F-16F7-4668-BE54-9A1E7A4F7556}") = "NuGet.VisualStudio.Common", "src\NuGet.Clients\NuGet.VisualStudio.Common\NuGet.VisualStudio.Common.csproj", "{EEA49A74-6EFC-410E-9745-BAD367AC151D}"
EndProject
Project("{9A19103F-16F7-4668-BE54-9A1E7A4F7556}") = "NuGet.VisualStudio.Interop", "src\NuGet.Clients\NuGet.VisualStudio.Interop\NuGet.VisualStudio.Interop.csproj", "{7DB43FE1-75E1-49F9-B2C8-06A552BA2144}"
EndProject
Project("{FAE04EC0-301F-11D3-BF4B-00C04F79EFBC}") = "NuGet.Console", "src\NuGet.Clients\NuGet.Console\NuGet.Console.csproj", "{50E33DA2-AF14-486D-81B8-BD8409744A38}"
EndProject
Project("{9A19103F-16F7-4668-BE54-9A1E7A4F7556}") = "NuGet.CommandLine.FuncTest", "test\NuGet.Clients.FuncTests\NuGet.CommandLine.FuncTest\NuGet.CommandLine.FuncTest.csproj", "{23725516-0A6E-48F9-A148-B5E3FA515B13}"
EndProject
Project("{9A19103F-16F7-4668-BE54-9A1E7A4F7556}") = "NuGet.CommandLine.Test", "test\NuGet.Clients.Tests\NuGet.CommandLine.Test\NuGet.CommandLine.Test.csproj", "{5039C2F9-CAD9-4162-849C-5EF7E3CE03D9}"
EndProject
Project("{9A19103F-16F7-4668-BE54-9A1E7A4F7556}") = "NuGet.Credentials.Test", "test\NuGet.Core.Tests\NuGet.Credentials.Test\NuGet.Credentials.Test.csproj", "{3DB4EDE3-B57B-498C-9EA9-A8BF8D9D4B2B}"
EndProject
Project("{9A19103F-16F7-4668-BE54-9A1E7A4F7556}") = "NuGet.PackageManagement.UI.Test", "test\NuGet.Clients.Tests\NuGet.PackageManagement.UI.Test\NuGet.PackageManagement.UI.Test.csproj", "{6157BF46-D371-4126-A7F1-ED6E23F77ACD}"
EndProject
Project("{9A19103F-16F7-4668-BE54-9A1E7A4F7556}") = "NuGet.PackageManagement.VisualStudio.Test", "test\NuGet.Clients.Tests\NuGet.PackageManagement.VisualStudio.Test\NuGet.PackageManagement.VisualStudio.Test.csproj", "{9EA84487-C70C-420C-9674-75CF19F43757}"
EndProject
Project("{9A19103F-16F7-4668-BE54-9A1E7A4F7556}") = "NuGet.SolutionRestoreManager.Test", "test\NuGet.Clients.Tests\NuGet.SolutionRestoreManager.Test\NuGet.SolutionRestoreManager.Test.csproj", "{F7837EEB-1B49-482F-8722-EB35BA0937CC}"
EndProject
Project("{9A19103F-16F7-4668-BE54-9A1E7A4F7556}") = "NuGet.VisualStudio.Implementation.Test", "test\NuGet.Clients.Tests\NuGet.VisualStudio.Implementation.Test\NuGet.VisualStudio.Implementation.Test.csproj", "{30D3D653-C936-40DD-B044-329980E156ED}"
EndProject
Project("{9A19103F-16F7-4668-BE54-9A1E7A4F7556}") = "TestableCredentialProvider", "test\TestExtensions\TestablePluginCredentialProvider\TestableCredentialProvider.csproj", "{E901BDC7-CB84-40FA-A2C0-03DB4F9AEA3C}"
EndProject
Project("{9A19103F-16F7-4668-BE54-9A1E7A4F7556}") = "API.Test", "test\TestExtensions\API.Test\API.Test.csproj", "{90AEABA2-0FB5-4D6C-A505-FA7F9ED38076}"
EndProject
Project("{FAE04EC0-301F-11D3-BF4B-00C04F79EFBC}") = "TestableVSCredentialProvider", "test\TestExtensions\TestableVSCredentialProvider\TestableVSCredentialProvider.csproj", "{7D0DDCB8-E362-4283-8AC8-3FF1E9B0263E}"
EndProject
Project("{9A19103F-16F7-4668-BE54-9A1E7A4F7556}") = "TestablePlugin", "test\TestExtensions\TestablePlugin\TestablePlugin.csproj", "{F4CA95DA-0045-4AC4-ABA0-560008CEB963}"
EndProject
Project("{9A19103F-16F7-4668-BE54-9A1E7A4F7556}") = "NuGet.Build.Tasks.Test", "test\NuGet.Core.Tests\NuGet.Build.Tasks.Test\NuGet.Build.Tasks.Test.csproj", "{F813268A-1EA1-41E6-A42C-01E7F937E257}"
EndProject
Project("{9A19103F-16F7-4668-BE54-9A1E7A4F7556}") = "NuGetConsole.Host.PowerShell.Test", "test\NuGet.Clients.Tests\NuGetConsole.Host.PowerShell.Test\NuGetConsole.Host.PowerShell.Test.csproj", "{96E9B926-60A1-48BD-9EC8-8ED1F6746ECD}"
EndProject
Project("{9A19103F-16F7-4668-BE54-9A1E7A4F7556}") = "NuGet.Localization", "src\NuGet.Core\NuGet.Localization\NuGet.Localization.csproj", "{B1BE7458-1A1B-4C38-B99B-08301A6D5A70}"
EndProject
Project("{9A19103F-16F7-4668-BE54-9A1E7A4F7556}") = "NuGet.CommandLine.Xplat.Tests", "test\NuGet.Core.Tests\NuGet.CommandLine.Xplat.Tests\NuGet.CommandLine.Xplat.Tests.csproj", "{8882D8C0-A77E-4B3D-9FC6-E9BF965031AB}"
EndProject
Project("{9A19103F-16F7-4668-BE54-9A1E7A4F7556}") = "NuGet.Packaging.FuncTest", "test\NuGet.Core.FuncTests\NuGet.Packaging.FuncTest\NuGet.Packaging.FuncTest.csproj", "{6666CC37-75E0-451E-A24A-C51AF71B0C8E}"
EndProject
Project("{9A19103F-16F7-4668-BE54-9A1E7A4F7556}") = "NuGet.MSSigning.Extensions", "src\NuGet.Clients\NuGet.MSSigning.Extensions\NuGet.MSSigning.Extensions.csproj", "{32D8179F-2E22-441C-9DEE-6EB4AB8A5800}"
EndProject
Project("{9A19103F-16F7-4668-BE54-9A1E7A4F7556}") = "NuGet.Shared.Tests", "test\NuGet.Core.Tests\NuGet.Shared.Tests\NuGet.Shared.Tests.csproj", "{21522CF8-12F2-4A30-94D5-6C794D4B043F}"
EndProject
Project("{9A19103F-16F7-4668-BE54-9A1E7A4F7556}") = "NuGet.MSSigning.Extensions.FuncTest", "test\NuGet.Clients.FuncTests\NuGet.MSSigning.Extensions.FuncTest\NuGet.MSSigning.Extensions.FuncTest.csproj", "{BA7F681E-FDC7-42B6-8BF1-74DA6421BA1A}"
EndProject
Project("{9A19103F-16F7-4668-BE54-9A1E7A4F7556}") = "NuGet.MSSigning.Extensions.Test", "test\NuGet.Clients.Tests\NuGet.MSSigning.Extensions.Test\NuGet.MSSigning.Extensions.Test.csproj", "{2A604A43-C72A-4A03-B68B-66AF4B6F430E}"
EndProject
Project("{9A19103F-16F7-4668-BE54-9A1E7A4F7556}") = "Microsoft.Build.NuGetSdkResolver", "src\NuGet.Core\Microsoft.Build.NuGetSdkResolver\Microsoft.Build.NuGetSdkResolver.csproj", "{299B3E44-5372-4D6B-A4E9-3DBEA4705701}"
EndProject
Project("{9A19103F-16F7-4668-BE54-9A1E7A4F7556}") = "Microsoft.Build.NuGetSdkResolver.Test", "test\NuGet.Core.Tests\Microsoft.Build.NuGetSdkResolver.Test\Microsoft.Build.NuGetSdkResolver.Test.csproj", "{ADCF5BF7-5A77-4F0E-AE76-96C611A079D8}"
EndProject
Project("{9A19103F-16F7-4668-BE54-9A1E7A4F7556}") = "NuGet.VisualStudio.Common.Test", "test\NuGet.Clients.Tests\NuGet.VisualStudio.Common.Test\NuGet.VisualStudio.Common.Test.csproj", "{1EDFC48B-2CEC-49DD-90DA-3A69BDDAB8CF}"
EndProject
Project("{9A19103F-16F7-4668-BE54-9A1E7A4F7556}") = "NuGet.Packaging.Core", "src\NuGet.Core\NuGet.Packaging.Core\NuGet.Packaging.Core.csproj", "{02B7C422-C592-4BA6-89A7-ACBD7923B34D}"
EndProject
Project("{9A19103F-16F7-4668-BE54-9A1E7A4F7556}") = "Msbuild.Integration.Test", "test\NuGet.Core.FuncTests\Msbuild.Integration.Test\Msbuild.Integration.Test.csproj", "{92EF44DB-4F40-4610-A1AD-3A554A0CA8B9}"
EndProject
Project("{9A19103F-16F7-4668-BE54-9A1E7A4F7556}") = "NuGet.Build.Tasks.Console", "src\NuGet.Core\NuGet.Build.Tasks.Console\NuGet.Build.Tasks.Console.csproj", "{3ED13630-90EB-420E-8083-0959B2955C6E}"
EndProject
Project("{9A19103F-16F7-4668-BE54-9A1E7A4F7556}") = "NuGet.Build.Tasks.Console.Test", "test\NuGet.Core.Tests\NuGet.Build.Tasks.Console.Test\NuGet.Build.Tasks.Console.Test.csproj", "{2011B5A4-2184-4F94-9897-E5BC2425DCDA}"
EndProject
Project("{FAE04EC0-301F-11D3-BF4B-00C04F79EFBC}") = "NuGet.VisualStudio.OnlineEnvironment.Client", "src\NuGet.Clients\NuGet.VisualStudio.OnlineEnvironment.Client\NuGet.VisualStudio.OnlineEnvironment.Client.csproj", "{290DB64D-74BA-45C5-BAC0-6E31A8AFD5CB}"
EndProject
Project("{9A19103F-16F7-4668-BE54-9A1E7A4F7556}") = "NuGet.VisualStudio.Internal.Contracts", "src\NuGet.Clients\NuGet.VisualStudio.Internal.Contracts\NuGet.VisualStudio.Internal.Contracts.csproj", "{DEEBF1A1-1C21-4E9E-8CE3-1EB21381FF1E}"
EndProject
Project("{9A19103F-16F7-4668-BE54-9A1E7A4F7556}") = "NuGet.VisualStudio.Contracts", "src\NuGet.Clients\NuGet.VisualStudio.Contracts\NuGet.VisualStudio.Contracts.csproj", "{6AF72BEE-70F0-48B2-BD63-0E80D9747342}"
EndProject
Project("{9A19103F-16F7-4668-BE54-9A1E7A4F7556}") = "NuGet.VisualStudio.Internal.Contracts.Test", "test\NuGet.Clients.Tests\NuGet.VisualStudio.Internal.Contracts.Test\NuGet.VisualStudio.Internal.Contracts.Test.csproj", "{C24DD62A-905D-4C48-A17A-B83107F17EA7}"
EndProject
Project("{9A19103F-16F7-4668-BE54-9A1E7A4F7556}") = "NuGet.Tools.Test", "test\NuGet.Clients.Tests\NuGet.Tools.Test\NuGet.Tools.Test.csproj", "{FC1F1CF8-4902-46F0-929F-204E5B1B6D53}"
EndProject
Project("{9A19103F-16F7-4668-BE54-9A1E7A4F7556}") = "NuGet.Signing.CrossFramework.Test", "test\NuGet.Core.FuncTests\NuGet.Signing.CrossFramework.Test\NuGet.Signing.CrossFramework.Test.csproj", "{3CAE192D-FF86-4A51-8936-E4BFFC192C94}"
EndProject
Project("{2150E333-8FDC-42A3-9474-1A3956D46DE8}") = "eng", "eng", "{70336E30-C737-4175-BC69-9015D49E496E}"
	ProjectSection(SolutionItems) = preProject
		eng\SourceBuild.props = eng\SourceBuild.props
		eng\SourceBuildPrebuiltBaseline.xml = eng\SourceBuildPrebuiltBaseline.xml
		eng\Version.Details.xml = eng\Version.Details.xml
	EndProjectSection
EndProject
Project("{2150E333-8FDC-42A3-9474-1A3956D46DE8}") = "pipelines", "pipelines", "{41230E57-542E-4CFD-8D4A-C41A126461E6}"
	ProjectSection(SolutionItems) = preProject
		eng\pipelines\compliance.yml = eng\pipelines\compliance.yml
		eng\pipelines\official.yml = eng\pipelines\official.yml
		eng\pipelines\pull_request.yml = eng\pipelines\pull_request.yml
	EndProjectSection
EndProject
Project("{2150E333-8FDC-42A3-9474-1A3956D46DE8}") = "templates", "templates", "{E9D19125-B748-4572-BEF9-12AEC7524CB9}"
	ProjectSection(SolutionItems) = preProject
		eng\pipelines\templates\Apex_Tests_On_Windows.yml = eng\pipelines\templates\Apex_Tests_On_Windows.yml
		eng\pipelines\templates\Build_and_UnitTest.yml = eng\pipelines\templates\Build_and_UnitTest.yml
		eng\pipelines\templates\CrossFramework_Tests_On_Windows.yml = eng\pipelines\templates\CrossFramework_Tests_On_Windows.yml
		eng\pipelines\templates\End_To_End_Tests_On_Windows.yml = eng\pipelines\templates\End_To_End_Tests_On_Windows.yml
		eng\pipelines\templates\Functional_Tests_On_Windows.yml = eng\pipelines\templates\Functional_Tests_On_Windows.yml
		eng\pipelines\templates\Initialize_Build.yml = eng\pipelines\templates\Initialize_Build.yml
		eng\pipelines\templates\Initialize_Build_SemanticVersion.yml = eng\pipelines\templates\Initialize_Build_SemanticVersion.yml
		eng\pipelines\templates\pipeline.yml = eng\pipelines\templates\pipeline.yml
		eng\pipelines\templates\Source_Build.yml = eng\pipelines\templates\Source_Build.yml
		eng\pipelines\templates\Static_Source_Analysis.yml = eng\pipelines\templates\Static_Source_Analysis.yml
		eng\pipelines\templates\Tests_On_Linux.yml = eng\pipelines\templates\Tests_On_Linux.yml
		eng\pipelines\templates\Tests_On_Mac.yml = eng\pipelines\templates\Tests_On_Mac.yml
	EndProjectSection
EndProject
Project("{2150E333-8FDC-42A3-9474-1A3956D46DE8}") = "common", "common", "{4497DE20-D8E5-4DCA-86F8-1993180E0EC2}"
	ProjectSection(SolutionItems) = preProject
		eng\common\generate-sbom-prep.ps1 = eng\common\generate-sbom-prep.ps1
		eng\common\generate-sbom-prep.sh = eng\common\generate-sbom-prep.sh
		eng\common\README.md = eng\common\README.md
	EndProjectSection
EndProject
Project("{2150E333-8FDC-42A3-9474-1A3956D46DE8}") = "templates", "templates", "{AC389B99-E1E9-42AE-97AE-9874D0EFAD25}"
EndProject
Project("{2150E333-8FDC-42A3-9474-1A3956D46DE8}") = "steps", "steps", "{00112503-3502-4331-B6C3-FD3F2D262242}"
	ProjectSection(SolutionItems) = preProject
		eng\common\templates\steps\generate-sbom.yml = eng\common\templates\steps\generate-sbom.yml
	EndProjectSection
EndProject
Project("{2150E333-8FDC-42A3-9474-1A3956D46DE8}") = "source-build", "source-build", "{85D69893-216B-4D97-9E90-39340CA24CA4}"
	ProjectSection(SolutionItems) = preProject
		eng\source-build\build.sh = eng\source-build\build.sh
		eng\source-build\global.json = eng\source-build\global.json
		eng\source-build\source-build.proj = eng\source-build\source-build.proj
	EndProjectSection
EndProject
Project("{2150E333-8FDC-42A3-9474-1A3956D46DE8}") = "source-build-patches", "source-build-patches", "{24038CC5-9A57-472D-825D-9C48F8E4009A}"
	ProjectSection(SolutionItems) = preProject
		eng\source-build-patches\0001-Rename-NuGet.Config-to-NuGet.config-to-account-for-a.patch = eng\source-build-patches\0001-Rename-NuGet.Config-to-NuGet.config-to-account-for-a.patch
	EndProjectSection
EndProject
Project("{2150E333-8FDC-42A3-9474-1A3956D46DE8}") = "scripts", "scripts", "{EA5A2D72-33C8-442C-AB6D-99EA8739591D}"
EndProject
Project("{2150E333-8FDC-42A3-9474-1A3956D46DE8}") = "funcTests", "funcTests", "{4B35F4D8-A967-40ED-AFA0-CD3AE3DAD77E}"
	ProjectSection(SolutionItems) = preProject
		scripts\funcTests\runFuncTests.sh = scripts\funcTests\runFuncTests.sh
	EndProjectSection
EndProject
Project("{2150E333-8FDC-42A3-9474-1A3956D46DE8}") = "tools-local", "tools-local", "{CE4C7E1B-6883-49C3-A407-F807094777CC}"
EndProject
Project("{9A19103F-16F7-4668-BE54-9A1E7A4F7556}") = "doc.tasks", "tools-local\doc.tasks\doc.tasks.csproj", "{56D1B750-1FEB-4DAC-8486-6CE5C5655132}"
EndProject
Project("{9A19103F-16F7-4668-BE54-9A1E7A4F7556}") = "ship-public-apis", "tools-local\ship-public-apis\ship-public-apis.csproj", "{A0A6BD09-1AF4-4F16-8118-F0FC17FF8413}"
EndProject
Project("{2150E333-8FDC-42A3-9474-1A3956D46DE8}") = "NuGet.Tests.Apex", "NuGet.Tests.Apex", "{3150445A-C422-4D40-B341-DE5AD063C632}"
EndProject
Project("{9A19103F-16F7-4668-BE54-9A1E7A4F7556}") = "NuGet.Console.TestContract", "test\NuGet.Tests.Apex\NuGet.Console.TestContract\NuGet.Console.TestContract.csproj", "{E9DFED8B-AB4F-461F-ABF7-DBE69D744C3F}"
EndProject
Project("{9A19103F-16F7-4668-BE54-9A1E7A4F7556}") = "NuGet.PackageManagement.UI.TestContract", "test\NuGet.Tests.Apex\NuGet.PackageManagement.UI.TestContract\NuGet.PackageManagement.UI.TestContract.csproj", "{F29EA8C1-4AEE-417E-94A1-99EBD9DF0531}"
EndProject
Project("{9A19103F-16F7-4668-BE54-9A1E7A4F7556}") = "NuGet.OptProf", "test\NuGet.Tests.Apex\NuGet.OptProf\NuGet.OptProf.csproj", "{9AC9D88E-33BC-4CC0-9E6B-D4D188081A7B}"
EndProject
Project("{9A19103F-16F7-4668-BE54-9A1E7A4F7556}") = "NuGet.Tests.Apex", "test\NuGet.Tests.Apex\NuGet.Tests.Apex\NuGet.Tests.Apex.csproj", "{E0623917-1182-4513-BA20-98AFE6C044F2}"
EndProject
Project("{9A19103F-16F7-4668-BE54-9A1E7A4F7556}") = "NuGet.VisualStudio.Test", "test\NuGet.Clients.Tests\NuGet.VisualStudio.Test\NuGet.VisualStudio.Test.csproj", "{DB4FB5FB-6E00-4648-8DCB-40BFF972D3AD}"
EndProject
Project("{9A19103F-16F7-4668-BE54-9A1E7A4F7556}") = "GenerateLicenseList", "test\TestExtensions\GenerateLicenseList\GenerateLicenseList.csproj", "{D792897C-D5D7-40A6-9565-8FA4ACE0EBFA}"
EndProject
Project("{9A19103F-16F7-4668-BE54-9A1E7A4F7556}") = "GenerateTestPackages", "test\TestExtensions\GenerateTestPackages\GenerateTestPackages.csproj", "{1BCC177E-D529-4015-93E2-4C254FA015AA}"
EndProject
Project("{9A19103F-16F7-4668-BE54-9A1E7A4F7556}") = "ensure-nupkg-dependencies-on-source", "tools-local\ensure-nupkg-dependencies-on-source\ensure-nupkg-dependencies-on-source.csproj", "{719AC60C-59EF-4A63-AC9E-7841DF14179D}"
EndProject
Global
	GlobalSection(SolutionConfigurationPlatforms) = preSolution
		Debug|Any CPU = Debug|Any CPU
		Release|Any CPU = Release|Any CPU
	EndGlobalSection
	GlobalSection(ProjectConfigurationPlatforms) = postSolution
		{3B96F91B-3B58-40ED-B06E-5CD133A79A63}.Debug|Any CPU.ActiveCfg = Debug|Any CPU
		{3B96F91B-3B58-40ED-B06E-5CD133A79A63}.Debug|Any CPU.Build.0 = Debug|Any CPU
		{3B96F91B-3B58-40ED-B06E-5CD133A79A63}.Release|Any CPU.ActiveCfg = Release|Any CPU
		{3B96F91B-3B58-40ED-B06E-5CD133A79A63}.Release|Any CPU.Build.0 = Release|Any CPU
		{ECEA066F-F40D-4397-B2CE-8CA24AC22638}.Debug|Any CPU.ActiveCfg = Debug|Any CPU
		{ECEA066F-F40D-4397-B2CE-8CA24AC22638}.Debug|Any CPU.Build.0 = Debug|Any CPU
		{ECEA066F-F40D-4397-B2CE-8CA24AC22638}.Release|Any CPU.ActiveCfg = Release|Any CPU
		{ECEA066F-F40D-4397-B2CE-8CA24AC22638}.Release|Any CPU.Build.0 = Release|Any CPU
		{E09441B8-8D74-4A96-8431-480E2065F844}.Debug|Any CPU.ActiveCfg = Debug|Any CPU
		{E09441B8-8D74-4A96-8431-480E2065F844}.Debug|Any CPU.Build.0 = Debug|Any CPU
		{E09441B8-8D74-4A96-8431-480E2065F844}.Release|Any CPU.ActiveCfg = Release|Any CPU
		{E09441B8-8D74-4A96-8431-480E2065F844}.Release|Any CPU.Build.0 = Release|Any CPU
		{24E62AB7-64E4-4975-9417-883559D1BC19}.Debug|Any CPU.ActiveCfg = Debug|Any CPU
		{24E62AB7-64E4-4975-9417-883559D1BC19}.Debug|Any CPU.Build.0 = Debug|Any CPU
		{24E62AB7-64E4-4975-9417-883559D1BC19}.Release|Any CPU.ActiveCfg = Release|Any CPU
		{24E62AB7-64E4-4975-9417-883559D1BC19}.Release|Any CPU.Build.0 = Release|Any CPU
		{BD6BBC90-60BE-4E7D-8458-91E9CDA66ABE}.Debug|Any CPU.ActiveCfg = Debug|Any CPU
		{BD6BBC90-60BE-4E7D-8458-91E9CDA66ABE}.Debug|Any CPU.Build.0 = Debug|Any CPU
		{BD6BBC90-60BE-4E7D-8458-91E9CDA66ABE}.Release|Any CPU.ActiveCfg = Release|Any CPU
		{BD6BBC90-60BE-4E7D-8458-91E9CDA66ABE}.Release|Any CPU.Build.0 = Release|Any CPU
		{98BEE375-A5A0-4FC2-9B7A-25DB41C8045D}.Debug|Any CPU.ActiveCfg = Debug|Any CPU
		{98BEE375-A5A0-4FC2-9B7A-25DB41C8045D}.Debug|Any CPU.Build.0 = Debug|Any CPU
		{98BEE375-A5A0-4FC2-9B7A-25DB41C8045D}.Release|Any CPU.ActiveCfg = Release|Any CPU
		{98BEE375-A5A0-4FC2-9B7A-25DB41C8045D}.Release|Any CPU.Build.0 = Release|Any CPU
		{9A9A9F26-597A-4FA6-A4F1-415063484D9C}.Debug|Any CPU.ActiveCfg = Debug|Any CPU
		{9A9A9F26-597A-4FA6-A4F1-415063484D9C}.Debug|Any CPU.Build.0 = Debug|Any CPU
		{9A9A9F26-597A-4FA6-A4F1-415063484D9C}.Release|Any CPU.ActiveCfg = Release|Any CPU
		{9A9A9F26-597A-4FA6-A4F1-415063484D9C}.Release|Any CPU.Build.0 = Release|Any CPU
		{F013E43F-B6D5-4F59-ACF0-EECEC2C794F5}.Debug|Any CPU.ActiveCfg = Debug|Any CPU
		{F013E43F-B6D5-4F59-ACF0-EECEC2C794F5}.Debug|Any CPU.Build.0 = Debug|Any CPU
		{F013E43F-B6D5-4F59-ACF0-EECEC2C794F5}.Release|Any CPU.ActiveCfg = Release|Any CPU
		{F013E43F-B6D5-4F59-ACF0-EECEC2C794F5}.Release|Any CPU.Build.0 = Release|Any CPU
		{E3EF26E1-80A7-4573-B3A4-1D4B0042616E}.Debug|Any CPU.ActiveCfg = Debug|Any CPU
		{E3EF26E1-80A7-4573-B3A4-1D4B0042616E}.Debug|Any CPU.Build.0 = Debug|Any CPU
		{E3EF26E1-80A7-4573-B3A4-1D4B0042616E}.Release|Any CPU.ActiveCfg = Release|Any CPU
		{E3EF26E1-80A7-4573-B3A4-1D4B0042616E}.Release|Any CPU.Build.0 = Release|Any CPU
		{13883E8E-7DE1-4EDD-8E4A-C5357BA8CD81}.Debug|Any CPU.ActiveCfg = Debug|Any CPU
		{13883E8E-7DE1-4EDD-8E4A-C5357BA8CD81}.Debug|Any CPU.Build.0 = Debug|Any CPU
		{13883E8E-7DE1-4EDD-8E4A-C5357BA8CD81}.Release|Any CPU.ActiveCfg = Release|Any CPU
		{13883E8E-7DE1-4EDD-8E4A-C5357BA8CD81}.Release|Any CPU.Build.0 = Release|Any CPU
		{CF8E1753-EE98-410F-BB4B-6624B19C6B64}.Debug|Any CPU.ActiveCfg = Debug|Any CPU
		{CF8E1753-EE98-410F-BB4B-6624B19C6B64}.Debug|Any CPU.Build.0 = Debug|Any CPU
		{CF8E1753-EE98-410F-BB4B-6624B19C6B64}.Release|Any CPU.ActiveCfg = Release|Any CPU
		{CF8E1753-EE98-410F-BB4B-6624B19C6B64}.Release|Any CPU.Build.0 = Release|Any CPU
		{020F4C88-3A5C-4B89-9868-089E867CC223}.Debug|Any CPU.ActiveCfg = Debug|Any CPU
		{020F4C88-3A5C-4B89-9868-089E867CC223}.Debug|Any CPU.Build.0 = Debug|Any CPU
		{020F4C88-3A5C-4B89-9868-089E867CC223}.Release|Any CPU.ActiveCfg = Release|Any CPU
		{020F4C88-3A5C-4B89-9868-089E867CC223}.Release|Any CPU.Build.0 = Release|Any CPU
		{51AA27A9-B8B4-458F-9211-E6889B441573}.Debug|Any CPU.ActiveCfg = Debug|Any CPU
		{51AA27A9-B8B4-458F-9211-E6889B441573}.Debug|Any CPU.Build.0 = Debug|Any CPU
		{51AA27A9-B8B4-458F-9211-E6889B441573}.Release|Any CPU.ActiveCfg = Release|Any CPU
		{51AA27A9-B8B4-458F-9211-E6889B441573}.Release|Any CPU.Build.0 = Release|Any CPU
		{6CF165D4-F9CE-4D7E-A0C4-96F477467B44}.Debug|Any CPU.ActiveCfg = Debug|Any CPU
		{6CF165D4-F9CE-4D7E-A0C4-96F477467B44}.Debug|Any CPU.Build.0 = Debug|Any CPU
		{6CF165D4-F9CE-4D7E-A0C4-96F477467B44}.Release|Any CPU.ActiveCfg = Release|Any CPU
		{6CF165D4-F9CE-4D7E-A0C4-96F477467B44}.Release|Any CPU.Build.0 = Release|Any CPU
		{A8EFD7D2-3925-4CB2-9675-3D312FDD66A3}.Debug|Any CPU.ActiveCfg = Debug|Any CPU
		{A8EFD7D2-3925-4CB2-9675-3D312FDD66A3}.Debug|Any CPU.Build.0 = Debug|Any CPU
		{A8EFD7D2-3925-4CB2-9675-3D312FDD66A3}.Release|Any CPU.ActiveCfg = Release|Any CPU
		{A8EFD7D2-3925-4CB2-9675-3D312FDD66A3}.Release|Any CPU.Build.0 = Release|Any CPU
		{1B3DF3C9-40AE-4E81-9CB5-A553064166BE}.Debug|Any CPU.ActiveCfg = Debug|Any CPU
		{1B3DF3C9-40AE-4E81-9CB5-A553064166BE}.Debug|Any CPU.Build.0 = Debug|Any CPU
		{1B3DF3C9-40AE-4E81-9CB5-A553064166BE}.Release|Any CPU.ActiveCfg = Release|Any CPU
		{1B3DF3C9-40AE-4E81-9CB5-A553064166BE}.Release|Any CPU.Build.0 = Release|Any CPU
		{61410428-A76E-4EAF-9CF6-7BE7DBF6A374}.Debug|Any CPU.ActiveCfg = Debug|Any CPU
		{61410428-A76E-4EAF-9CF6-7BE7DBF6A374}.Debug|Any CPU.Build.0 = Debug|Any CPU
		{61410428-A76E-4EAF-9CF6-7BE7DBF6A374}.Release|Any CPU.ActiveCfg = Release|Any CPU
		{61410428-A76E-4EAF-9CF6-7BE7DBF6A374}.Release|Any CPU.Build.0 = Release|Any CPU
		{D441D68A-85F1-404C-B665-EB3BE3D436BA}.Debug|Any CPU.ActiveCfg = Debug|Any CPU
		{D441D68A-85F1-404C-B665-EB3BE3D436BA}.Debug|Any CPU.Build.0 = Debug|Any CPU
		{D441D68A-85F1-404C-B665-EB3BE3D436BA}.Release|Any CPU.ActiveCfg = Release|Any CPU
		{D441D68A-85F1-404C-B665-EB3BE3D436BA}.Release|Any CPU.Build.0 = Release|Any CPU
		{3710B3C4-E33C-4C13-B7D6-5664F71EFD19}.Debug|Any CPU.ActiveCfg = Debug|Any CPU
		{3710B3C4-E33C-4C13-B7D6-5664F71EFD19}.Debug|Any CPU.Build.0 = Debug|Any CPU
		{3710B3C4-E33C-4C13-B7D6-5664F71EFD19}.Release|Any CPU.ActiveCfg = Release|Any CPU
		{3710B3C4-E33C-4C13-B7D6-5664F71EFD19}.Release|Any CPU.Build.0 = Release|Any CPU
		{567E8582-0E73-4A34-A7D3-ED9486415523}.Debug|Any CPU.ActiveCfg = Debug|Any CPU
		{567E8582-0E73-4A34-A7D3-ED9486415523}.Debug|Any CPU.Build.0 = Debug|Any CPU
		{567E8582-0E73-4A34-A7D3-ED9486415523}.Release|Any CPU.ActiveCfg = Release|Any CPU
		{567E8582-0E73-4A34-A7D3-ED9486415523}.Release|Any CPU.Build.0 = Release|Any CPU
		{AD489758-39EE-43D6-B4B0-F94F2E465044}.Debug|Any CPU.ActiveCfg = Debug|Any CPU
		{AD489758-39EE-43D6-B4B0-F94F2E465044}.Debug|Any CPU.Build.0 = Debug|Any CPU
		{AD489758-39EE-43D6-B4B0-F94F2E465044}.Release|Any CPU.ActiveCfg = Release|Any CPU
		{AD489758-39EE-43D6-B4B0-F94F2E465044}.Release|Any CPU.Build.0 = Release|Any CPU
		{300EF061-69F9-46D5-9CDE-CA39F2817F69}.Debug|Any CPU.ActiveCfg = Debug|Any CPU
		{300EF061-69F9-46D5-9CDE-CA39F2817F69}.Debug|Any CPU.Build.0 = Debug|Any CPU
		{300EF061-69F9-46D5-9CDE-CA39F2817F69}.Release|Any CPU.ActiveCfg = Release|Any CPU
		{300EF061-69F9-46D5-9CDE-CA39F2817F69}.Release|Any CPU.Build.0 = Release|Any CPU
		{BA7A4229-F702-491A-A572-3F8F4FA0A5A4}.Debug|Any CPU.ActiveCfg = Debug|Any CPU
		{BA7A4229-F702-491A-A572-3F8F4FA0A5A4}.Debug|Any CPU.Build.0 = Debug|Any CPU
		{BA7A4229-F702-491A-A572-3F8F4FA0A5A4}.Release|Any CPU.ActiveCfg = Release|Any CPU
		{BA7A4229-F702-491A-A572-3F8F4FA0A5A4}.Release|Any CPU.Build.0 = Release|Any CPU
		{394AEB96-493C-4839-A5AC-8D93CD2FAD40}.Debug|Any CPU.ActiveCfg = Debug|Any CPU
		{394AEB96-493C-4839-A5AC-8D93CD2FAD40}.Debug|Any CPU.Build.0 = Debug|Any CPU
		{394AEB96-493C-4839-A5AC-8D93CD2FAD40}.Release|Any CPU.ActiveCfg = Release|Any CPU
		{394AEB96-493C-4839-A5AC-8D93CD2FAD40}.Release|Any CPU.Build.0 = Release|Any CPU
		{118222E0-C4A0-4141-9637-5D9EFE79D7C4}.Debug|Any CPU.ActiveCfg = Debug|Any CPU
		{118222E0-C4A0-4141-9637-5D9EFE79D7C4}.Debug|Any CPU.Build.0 = Debug|Any CPU
		{118222E0-C4A0-4141-9637-5D9EFE79D7C4}.Release|Any CPU.ActiveCfg = Release|Any CPU
		{118222E0-C4A0-4141-9637-5D9EFE79D7C4}.Release|Any CPU.Build.0 = Release|Any CPU
		{CA285053-F013-45CC-A2EA-7581A37585D4}.Debug|Any CPU.ActiveCfg = Debug|Any CPU
		{CA285053-F013-45CC-A2EA-7581A37585D4}.Debug|Any CPU.Build.0 = Debug|Any CPU
		{CA285053-F013-45CC-A2EA-7581A37585D4}.Release|Any CPU.ActiveCfg = Release|Any CPU
		{CA285053-F013-45CC-A2EA-7581A37585D4}.Release|Any CPU.Build.0 = Release|Any CPU
		{A2B06FA8-BDBC-4459-A92A-161862B2AA97}.Debug|Any CPU.ActiveCfg = Debug|Any CPU
		{A2B06FA8-BDBC-4459-A92A-161862B2AA97}.Debug|Any CPU.Build.0 = Debug|Any CPU
		{A2B06FA8-BDBC-4459-A92A-161862B2AA97}.Release|Any CPU.ActiveCfg = Release|Any CPU
		{A2B06FA8-BDBC-4459-A92A-161862B2AA97}.Release|Any CPU.Build.0 = Release|Any CPU
		{7FACD9D7-F70D-41C4-BE61-2753E018057D}.Debug|Any CPU.ActiveCfg = Debug|Any CPU
		{7FACD9D7-F70D-41C4-BE61-2753E018057D}.Debug|Any CPU.Build.0 = Debug|Any CPU
		{7FACD9D7-F70D-41C4-BE61-2753E018057D}.Release|Any CPU.ActiveCfg = Release|Any CPU
		{7FACD9D7-F70D-41C4-BE61-2753E018057D}.Release|Any CPU.Build.0 = Release|Any CPU
		{D8E35E61-07AE-41D2-BB40-F3BDD8770A92}.Debug|Any CPU.ActiveCfg = Debug|Any CPU
		{D8E35E61-07AE-41D2-BB40-F3BDD8770A92}.Debug|Any CPU.Build.0 = Debug|Any CPU
		{D8E35E61-07AE-41D2-BB40-F3BDD8770A92}.Release|Any CPU.ActiveCfg = Release|Any CPU
		{D8E35E61-07AE-41D2-BB40-F3BDD8770A92}.Release|Any CPU.Build.0 = Release|Any CPU
		{63C0BFF6-508D-4E5F-BBBC-A636D1398C6B}.Debug|Any CPU.ActiveCfg = Debug|Any CPU
		{63C0BFF6-508D-4E5F-BBBC-A636D1398C6B}.Debug|Any CPU.Build.0 = Debug|Any CPU
		{63C0BFF6-508D-4E5F-BBBC-A636D1398C6B}.Release|Any CPU.ActiveCfg = Release|Any CPU
		{63C0BFF6-508D-4E5F-BBBC-A636D1398C6B}.Release|Any CPU.Build.0 = Release|Any CPU
		{1A94F70B-1AB6-4638-931A-4AB0EBEF7EC1}.Debug|Any CPU.ActiveCfg = Debug|Any CPU
		{1A94F70B-1AB6-4638-931A-4AB0EBEF7EC1}.Debug|Any CPU.Build.0 = Debug|Any CPU
		{1A94F70B-1AB6-4638-931A-4AB0EBEF7EC1}.Release|Any CPU.ActiveCfg = Release|Any CPU
		{1A94F70B-1AB6-4638-931A-4AB0EBEF7EC1}.Release|Any CPU.Build.0 = Release|Any CPU
		{626E0086-1375-4ABE-A0F8-412786D315FA}.Debug|Any CPU.ActiveCfg = Debug|Any CPU
		{626E0086-1375-4ABE-A0F8-412786D315FA}.Debug|Any CPU.Build.0 = Debug|Any CPU
		{626E0086-1375-4ABE-A0F8-412786D315FA}.Release|Any CPU.ActiveCfg = Release|Any CPU
		{626E0086-1375-4ABE-A0F8-412786D315FA}.Release|Any CPU.Build.0 = Release|Any CPU
		{2034C981-C938-4F0F-8F3B-528B83CB8F7D}.Debug|Any CPU.ActiveCfg = Debug|Any CPU
		{2034C981-C938-4F0F-8F3B-528B83CB8F7D}.Debug|Any CPU.Build.0 = Debug|Any CPU
		{2034C981-C938-4F0F-8F3B-528B83CB8F7D}.Release|Any CPU.ActiveCfg = Release|Any CPU
		{2034C981-C938-4F0F-8F3B-528B83CB8F7D}.Release|Any CPU.Build.0 = Release|Any CPU
		{8BF8279D-196F-481A-9659-488864D93D2D}.Debug|Any CPU.ActiveCfg = Debug|Any CPU
		{8BF8279D-196F-481A-9659-488864D93D2D}.Debug|Any CPU.Build.0 = Debug|Any CPU
		{8BF8279D-196F-481A-9659-488864D93D2D}.Release|Any CPU.ActiveCfg = Release|Any CPU
		{8BF8279D-196F-481A-9659-488864D93D2D}.Release|Any CPU.Build.0 = Release|Any CPU
		{16863138-7C0E-49ED-A1C8-B9165FED9920}.Debug|Any CPU.ActiveCfg = Debug|Any CPU
		{16863138-7C0E-49ED-A1C8-B9165FED9920}.Debug|Any CPU.Build.0 = Debug|Any CPU
		{16863138-7C0E-49ED-A1C8-B9165FED9920}.Release|Any CPU.ActiveCfg = Release|Any CPU
		{16863138-7C0E-49ED-A1C8-B9165FED9920}.Release|Any CPU.Build.0 = Release|Any CPU
		{AFC86608-9F7C-4474-9D26-186905C33E4E}.Debug|Any CPU.ActiveCfg = Debug|Any CPU
		{AFC86608-9F7C-4474-9D26-186905C33E4E}.Debug|Any CPU.Build.0 = Debug|Any CPU
		{AFC86608-9F7C-4474-9D26-186905C33E4E}.Release|Any CPU.ActiveCfg = Release|Any CPU
		{AFC86608-9F7C-4474-9D26-186905C33E4E}.Release|Any CPU.Build.0 = Release|Any CPU
		{957C4E99-3644-47DD-8F9A-AE36F41EBE4A}.Debug|Any CPU.ActiveCfg = Debug|Any CPU
		{957C4E99-3644-47DD-8F9A-AE36F41EBE4A}.Debug|Any CPU.Build.0 = Debug|Any CPU
		{957C4E99-3644-47DD-8F9A-AE36F41EBE4A}.Release|Any CPU.ActiveCfg = Release|Any CPU
		{957C4E99-3644-47DD-8F9A-AE36F41EBE4A}.Release|Any CPU.Build.0 = Release|Any CPU
		{32A23995-14C7-483B-98C3-0AE4185373EA}.Debug|Any CPU.ActiveCfg = Debug|Any CPU
		{32A23995-14C7-483B-98C3-0AE4185373EA}.Debug|Any CPU.Build.0 = Debug|Any CPU
		{32A23995-14C7-483B-98C3-0AE4185373EA}.Release|Any CPU.ActiveCfg = Release|Any CPU
		{32A23995-14C7-483B-98C3-0AE4185373EA}.Release|Any CPU.Build.0 = Release|Any CPU
		{E5556BC6-A7FD-4D8E-8A7D-7648DF1D7471}.Debug|Any CPU.ActiveCfg = Debug|Any CPU
		{E5556BC6-A7FD-4D8E-8A7D-7648DF1D7471}.Debug|Any CPU.Build.0 = Debug|Any CPU
		{E5556BC6-A7FD-4D8E-8A7D-7648DF1D7471}.Release|Any CPU.ActiveCfg = Release|Any CPU
		{E5556BC6-A7FD-4D8E-8A7D-7648DF1D7471}.Release|Any CPU.Build.0 = Release|Any CPU
		{9623CF30-192C-4864-B419-29649169AE30}.Debug|Any CPU.ActiveCfg = Debug|Any CPU
		{9623CF30-192C-4864-B419-29649169AE30}.Debug|Any CPU.Build.0 = Debug|Any CPU
		{9623CF30-192C-4864-B419-29649169AE30}.Release|Any CPU.ActiveCfg = Release|Any CPU
		{9623CF30-192C-4864-B419-29649169AE30}.Release|Any CPU.Build.0 = Release|Any CPU
		{26DC17AC-A390-4515-A2C0-07A0950036C5}.Debug|Any CPU.ActiveCfg = Debug|Any CPU
		{26DC17AC-A390-4515-A2C0-07A0950036C5}.Debug|Any CPU.Build.0 = Debug|Any CPU
		{26DC17AC-A390-4515-A2C0-07A0950036C5}.Release|Any CPU.ActiveCfg = Release|Any CPU
		{26DC17AC-A390-4515-A2C0-07A0950036C5}.Release|Any CPU.Build.0 = Release|Any CPU
		{538ADEFD-2170-40A9-A2C5-EC8369CFE490}.Debug|Any CPU.ActiveCfg = Debug|Any CPU
		{538ADEFD-2170-40A9-A2C5-EC8369CFE490}.Debug|Any CPU.Build.0 = Debug|Any CPU
		{538ADEFD-2170-40A9-A2C5-EC8369CFE490}.Release|Any CPU.ActiveCfg = Release|Any CPU
		{538ADEFD-2170-40A9-A2C5-EC8369CFE490}.Release|Any CPU.Build.0 = Release|Any CPU
		{06662133-1292-4918-90F3-36C930C0B16F}.Debug|Any CPU.ActiveCfg = Debug|Any CPU
		{06662133-1292-4918-90F3-36C930C0B16F}.Debug|Any CPU.Build.0 = Debug|Any CPU
		{06662133-1292-4918-90F3-36C930C0B16F}.Release|Any CPU.ActiveCfg = Release|Any CPU
		{06662133-1292-4918-90F3-36C930C0B16F}.Release|Any CPU.Build.0 = Release|Any CPU
		{D0F9864B-D782-4471-81A2-29555E5DC0D7}.Debug|Any CPU.ActiveCfg = Debug|Any CPU
		{D0F9864B-D782-4471-81A2-29555E5DC0D7}.Debug|Any CPU.Build.0 = Debug|Any CPU
		{D0F9864B-D782-4471-81A2-29555E5DC0D7}.Release|Any CPU.ActiveCfg = Release|Any CPU
		{D0F9864B-D782-4471-81A2-29555E5DC0D7}.Release|Any CPU.Build.0 = Release|Any CPU
		{306CDDFA-FF0B-4299-930C-9EC6C9308160}.Debug|Any CPU.ActiveCfg = Debug|Any CPU
		{306CDDFA-FF0B-4299-930C-9EC6C9308160}.Debug|Any CPU.Build.0 = Debug|Any CPU
		{306CDDFA-FF0B-4299-930C-9EC6C9308160}.Release|Any CPU.ActiveCfg = Release|Any CPU
		{306CDDFA-FF0B-4299-930C-9EC6C9308160}.Release|Any CPU.Build.0 = Release|Any CPU
		{F2F53B1A-B973-4932-80CB-5EDA38F9D74C}.Debug|Any CPU.ActiveCfg = Debug|Any CPU
		{F2F53B1A-B973-4932-80CB-5EDA38F9D74C}.Debug|Any CPU.Build.0 = Debug|Any CPU
		{F2F53B1A-B973-4932-80CB-5EDA38F9D74C}.Release|Any CPU.ActiveCfg = Release|Any CPU
		{F2F53B1A-B973-4932-80CB-5EDA38F9D74C}.Release|Any CPU.Build.0 = Release|Any CPU
		{EEA49A74-6EFC-410E-9745-BAD367AC151D}.Debug|Any CPU.ActiveCfg = Debug|Any CPU
		{EEA49A74-6EFC-410E-9745-BAD367AC151D}.Debug|Any CPU.Build.0 = Debug|Any CPU
		{EEA49A74-6EFC-410E-9745-BAD367AC151D}.Release|Any CPU.ActiveCfg = Release|Any CPU
		{EEA49A74-6EFC-410E-9745-BAD367AC151D}.Release|Any CPU.Build.0 = Release|Any CPU
		{7DB43FE1-75E1-49F9-B2C8-06A552BA2144}.Debug|Any CPU.ActiveCfg = Debug|Any CPU
		{7DB43FE1-75E1-49F9-B2C8-06A552BA2144}.Debug|Any CPU.Build.0 = Debug|Any CPU
		{7DB43FE1-75E1-49F9-B2C8-06A552BA2144}.Release|Any CPU.ActiveCfg = Release|Any CPU
		{7DB43FE1-75E1-49F9-B2C8-06A552BA2144}.Release|Any CPU.Build.0 = Release|Any CPU
		{50E33DA2-AF14-486D-81B8-BD8409744A38}.Debug|Any CPU.ActiveCfg = Debug|Any CPU
		{50E33DA2-AF14-486D-81B8-BD8409744A38}.Debug|Any CPU.Build.0 = Debug|Any CPU
		{50E33DA2-AF14-486D-81B8-BD8409744A38}.Release|Any CPU.ActiveCfg = Release|Any CPU
		{50E33DA2-AF14-486D-81B8-BD8409744A38}.Release|Any CPU.Build.0 = Release|Any CPU
		{23725516-0A6E-48F9-A148-B5E3FA515B13}.Debug|Any CPU.ActiveCfg = Debug|Any CPU
		{23725516-0A6E-48F9-A148-B5E3FA515B13}.Debug|Any CPU.Build.0 = Debug|Any CPU
		{23725516-0A6E-48F9-A148-B5E3FA515B13}.Release|Any CPU.ActiveCfg = Release|Any CPU
		{23725516-0A6E-48F9-A148-B5E3FA515B13}.Release|Any CPU.Build.0 = Release|Any CPU
		{5039C2F9-CAD9-4162-849C-5EF7E3CE03D9}.Debug|Any CPU.ActiveCfg = Debug|Any CPU
		{5039C2F9-CAD9-4162-849C-5EF7E3CE03D9}.Debug|Any CPU.Build.0 = Debug|Any CPU
		{5039C2F9-CAD9-4162-849C-5EF7E3CE03D9}.Release|Any CPU.ActiveCfg = Release|Any CPU
		{5039C2F9-CAD9-4162-849C-5EF7E3CE03D9}.Release|Any CPU.Build.0 = Release|Any CPU
		{3DB4EDE3-B57B-498C-9EA9-A8BF8D9D4B2B}.Debug|Any CPU.ActiveCfg = Debug|Any CPU
		{3DB4EDE3-B57B-498C-9EA9-A8BF8D9D4B2B}.Debug|Any CPU.Build.0 = Debug|Any CPU
		{3DB4EDE3-B57B-498C-9EA9-A8BF8D9D4B2B}.Release|Any CPU.ActiveCfg = Release|Any CPU
		{3DB4EDE3-B57B-498C-9EA9-A8BF8D9D4B2B}.Release|Any CPU.Build.0 = Release|Any CPU
		{6157BF46-D371-4126-A7F1-ED6E23F77ACD}.Debug|Any CPU.ActiveCfg = Debug|Any CPU
		{6157BF46-D371-4126-A7F1-ED6E23F77ACD}.Debug|Any CPU.Build.0 = Debug|Any CPU
		{6157BF46-D371-4126-A7F1-ED6E23F77ACD}.Release|Any CPU.ActiveCfg = Release|Any CPU
		{6157BF46-D371-4126-A7F1-ED6E23F77ACD}.Release|Any CPU.Build.0 = Release|Any CPU
		{9EA84487-C70C-420C-9674-75CF19F43757}.Debug|Any CPU.ActiveCfg = Debug|Any CPU
		{9EA84487-C70C-420C-9674-75CF19F43757}.Debug|Any CPU.Build.0 = Debug|Any CPU
		{9EA84487-C70C-420C-9674-75CF19F43757}.Release|Any CPU.ActiveCfg = Release|Any CPU
		{9EA84487-C70C-420C-9674-75CF19F43757}.Release|Any CPU.Build.0 = Release|Any CPU
		{F7837EEB-1B49-482F-8722-EB35BA0937CC}.Debug|Any CPU.ActiveCfg = Debug|Any CPU
		{F7837EEB-1B49-482F-8722-EB35BA0937CC}.Debug|Any CPU.Build.0 = Debug|Any CPU
		{F7837EEB-1B49-482F-8722-EB35BA0937CC}.Release|Any CPU.ActiveCfg = Release|Any CPU
		{F7837EEB-1B49-482F-8722-EB35BA0937CC}.Release|Any CPU.Build.0 = Release|Any CPU
		{30D3D653-C936-40DD-B044-329980E156ED}.Debug|Any CPU.ActiveCfg = Debug|Any CPU
		{30D3D653-C936-40DD-B044-329980E156ED}.Debug|Any CPU.Build.0 = Debug|Any CPU
		{30D3D653-C936-40DD-B044-329980E156ED}.Release|Any CPU.ActiveCfg = Release|Any CPU
		{30D3D653-C936-40DD-B044-329980E156ED}.Release|Any CPU.Build.0 = Release|Any CPU
		{E901BDC7-CB84-40FA-A2C0-03DB4F9AEA3C}.Debug|Any CPU.ActiveCfg = Debug|Any CPU
		{E901BDC7-CB84-40FA-A2C0-03DB4F9AEA3C}.Debug|Any CPU.Build.0 = Debug|Any CPU
		{E901BDC7-CB84-40FA-A2C0-03DB4F9AEA3C}.Release|Any CPU.ActiveCfg = Release|Any CPU
		{E901BDC7-CB84-40FA-A2C0-03DB4F9AEA3C}.Release|Any CPU.Build.0 = Release|Any CPU
		{90AEABA2-0FB5-4D6C-A505-FA7F9ED38076}.Debug|Any CPU.ActiveCfg = Debug|Any CPU
		{90AEABA2-0FB5-4D6C-A505-FA7F9ED38076}.Debug|Any CPU.Build.0 = Debug|Any CPU
		{90AEABA2-0FB5-4D6C-A505-FA7F9ED38076}.Release|Any CPU.ActiveCfg = Release|Any CPU
		{90AEABA2-0FB5-4D6C-A505-FA7F9ED38076}.Release|Any CPU.Build.0 = Release|Any CPU
		{7D0DDCB8-E362-4283-8AC8-3FF1E9B0263E}.Debug|Any CPU.ActiveCfg = Debug|Any CPU
		{7D0DDCB8-E362-4283-8AC8-3FF1E9B0263E}.Debug|Any CPU.Build.0 = Debug|Any CPU
		{7D0DDCB8-E362-4283-8AC8-3FF1E9B0263E}.Release|Any CPU.ActiveCfg = Release|Any CPU
		{7D0DDCB8-E362-4283-8AC8-3FF1E9B0263E}.Release|Any CPU.Build.0 = Release|Any CPU
		{F4CA95DA-0045-4AC4-ABA0-560008CEB963}.Debug|Any CPU.ActiveCfg = Debug|Any CPU
		{F4CA95DA-0045-4AC4-ABA0-560008CEB963}.Debug|Any CPU.Build.0 = Debug|Any CPU
		{F4CA95DA-0045-4AC4-ABA0-560008CEB963}.Release|Any CPU.ActiveCfg = Release|Any CPU
		{F4CA95DA-0045-4AC4-ABA0-560008CEB963}.Release|Any CPU.Build.0 = Release|Any CPU
		{F813268A-1EA1-41E6-A42C-01E7F937E257}.Debug|Any CPU.ActiveCfg = Debug|Any CPU
		{F813268A-1EA1-41E6-A42C-01E7F937E257}.Debug|Any CPU.Build.0 = Debug|Any CPU
		{F813268A-1EA1-41E6-A42C-01E7F937E257}.Release|Any CPU.ActiveCfg = Release|Any CPU
		{F813268A-1EA1-41E6-A42C-01E7F937E257}.Release|Any CPU.Build.0 = Release|Any CPU
		{96E9B926-60A1-48BD-9EC8-8ED1F6746ECD}.Debug|Any CPU.ActiveCfg = Debug|Any CPU
		{96E9B926-60A1-48BD-9EC8-8ED1F6746ECD}.Debug|Any CPU.Build.0 = Debug|Any CPU
		{96E9B926-60A1-48BD-9EC8-8ED1F6746ECD}.Release|Any CPU.ActiveCfg = Release|Any CPU
		{96E9B926-60A1-48BD-9EC8-8ED1F6746ECD}.Release|Any CPU.Build.0 = Release|Any CPU
		{B1BE7458-1A1B-4C38-B99B-08301A6D5A70}.Debug|Any CPU.ActiveCfg = Debug|Any CPU
		{B1BE7458-1A1B-4C38-B99B-08301A6D5A70}.Debug|Any CPU.Build.0 = Debug|Any CPU
		{B1BE7458-1A1B-4C38-B99B-08301A6D5A70}.Release|Any CPU.ActiveCfg = Release|Any CPU
		{B1BE7458-1A1B-4C38-B99B-08301A6D5A70}.Release|Any CPU.Build.0 = Release|Any CPU
		{8882D8C0-A77E-4B3D-9FC6-E9BF965031AB}.Debug|Any CPU.ActiveCfg = Debug|Any CPU
		{8882D8C0-A77E-4B3D-9FC6-E9BF965031AB}.Debug|Any CPU.Build.0 = Debug|Any CPU
		{8882D8C0-A77E-4B3D-9FC6-E9BF965031AB}.Release|Any CPU.ActiveCfg = Release|Any CPU
		{8882D8C0-A77E-4B3D-9FC6-E9BF965031AB}.Release|Any CPU.Build.0 = Release|Any CPU
		{6666CC37-75E0-451E-A24A-C51AF71B0C8E}.Debug|Any CPU.ActiveCfg = Debug|Any CPU
		{6666CC37-75E0-451E-A24A-C51AF71B0C8E}.Debug|Any CPU.Build.0 = Debug|Any CPU
		{6666CC37-75E0-451E-A24A-C51AF71B0C8E}.Release|Any CPU.ActiveCfg = Release|Any CPU
		{6666CC37-75E0-451E-A24A-C51AF71B0C8E}.Release|Any CPU.Build.0 = Release|Any CPU
		{32D8179F-2E22-441C-9DEE-6EB4AB8A5800}.Debug|Any CPU.ActiveCfg = Debug|Any CPU
		{32D8179F-2E22-441C-9DEE-6EB4AB8A5800}.Debug|Any CPU.Build.0 = Debug|Any CPU
		{32D8179F-2E22-441C-9DEE-6EB4AB8A5800}.Release|Any CPU.ActiveCfg = Release|Any CPU
		{32D8179F-2E22-441C-9DEE-6EB4AB8A5800}.Release|Any CPU.Build.0 = Release|Any CPU
		{21522CF8-12F2-4A30-94D5-6C794D4B043F}.Debug|Any CPU.ActiveCfg = Debug|Any CPU
		{21522CF8-12F2-4A30-94D5-6C794D4B043F}.Debug|Any CPU.Build.0 = Debug|Any CPU
		{21522CF8-12F2-4A30-94D5-6C794D4B043F}.Release|Any CPU.ActiveCfg = Release|Any CPU
		{21522CF8-12F2-4A30-94D5-6C794D4B043F}.Release|Any CPU.Build.0 = Release|Any CPU
		{BA7F681E-FDC7-42B6-8BF1-74DA6421BA1A}.Debug|Any CPU.ActiveCfg = Debug|Any CPU
		{BA7F681E-FDC7-42B6-8BF1-74DA6421BA1A}.Debug|Any CPU.Build.0 = Debug|Any CPU
		{BA7F681E-FDC7-42B6-8BF1-74DA6421BA1A}.Release|Any CPU.ActiveCfg = Release|Any CPU
		{BA7F681E-FDC7-42B6-8BF1-74DA6421BA1A}.Release|Any CPU.Build.0 = Release|Any CPU
		{2A604A43-C72A-4A03-B68B-66AF4B6F430E}.Debug|Any CPU.ActiveCfg = Debug|Any CPU
		{2A604A43-C72A-4A03-B68B-66AF4B6F430E}.Debug|Any CPU.Build.0 = Debug|Any CPU
		{2A604A43-C72A-4A03-B68B-66AF4B6F430E}.Release|Any CPU.ActiveCfg = Release|Any CPU
		{2A604A43-C72A-4A03-B68B-66AF4B6F430E}.Release|Any CPU.Build.0 = Release|Any CPU
		{299B3E44-5372-4D6B-A4E9-3DBEA4705701}.Debug|Any CPU.ActiveCfg = Debug|Any CPU
		{299B3E44-5372-4D6B-A4E9-3DBEA4705701}.Debug|Any CPU.Build.0 = Debug|Any CPU
		{299B3E44-5372-4D6B-A4E9-3DBEA4705701}.Release|Any CPU.ActiveCfg = Release|Any CPU
		{299B3E44-5372-4D6B-A4E9-3DBEA4705701}.Release|Any CPU.Build.0 = Release|Any CPU
		{ADCF5BF7-5A77-4F0E-AE76-96C611A079D8}.Debug|Any CPU.ActiveCfg = Debug|Any CPU
		{ADCF5BF7-5A77-4F0E-AE76-96C611A079D8}.Debug|Any CPU.Build.0 = Debug|Any CPU
		{ADCF5BF7-5A77-4F0E-AE76-96C611A079D8}.Release|Any CPU.ActiveCfg = Release|Any CPU
		{ADCF5BF7-5A77-4F0E-AE76-96C611A079D8}.Release|Any CPU.Build.0 = Release|Any CPU
		{1EDFC48B-2CEC-49DD-90DA-3A69BDDAB8CF}.Debug|Any CPU.ActiveCfg = Debug|Any CPU
		{1EDFC48B-2CEC-49DD-90DA-3A69BDDAB8CF}.Debug|Any CPU.Build.0 = Debug|Any CPU
		{1EDFC48B-2CEC-49DD-90DA-3A69BDDAB8CF}.Release|Any CPU.ActiveCfg = Release|Any CPU
		{1EDFC48B-2CEC-49DD-90DA-3A69BDDAB8CF}.Release|Any CPU.Build.0 = Release|Any CPU
		{02B7C422-C592-4BA6-89A7-ACBD7923B34D}.Debug|Any CPU.ActiveCfg = Debug|Any CPU
		{02B7C422-C592-4BA6-89A7-ACBD7923B34D}.Debug|Any CPU.Build.0 = Debug|Any CPU
		{02B7C422-C592-4BA6-89A7-ACBD7923B34D}.Release|Any CPU.ActiveCfg = Release|Any CPU
		{02B7C422-C592-4BA6-89A7-ACBD7923B34D}.Release|Any CPU.Build.0 = Release|Any CPU
		{92EF44DB-4F40-4610-A1AD-3A554A0CA8B9}.Debug|Any CPU.ActiveCfg = Debug|Any CPU
		{92EF44DB-4F40-4610-A1AD-3A554A0CA8B9}.Debug|Any CPU.Build.0 = Debug|Any CPU
		{92EF44DB-4F40-4610-A1AD-3A554A0CA8B9}.Release|Any CPU.ActiveCfg = Release|Any CPU
		{92EF44DB-4F40-4610-A1AD-3A554A0CA8B9}.Release|Any CPU.Build.0 = Release|Any CPU
		{3ED13630-90EB-420E-8083-0959B2955C6E}.Debug|Any CPU.ActiveCfg = Debug|Any CPU
		{3ED13630-90EB-420E-8083-0959B2955C6E}.Debug|Any CPU.Build.0 = Debug|Any CPU
		{3ED13630-90EB-420E-8083-0959B2955C6E}.Release|Any CPU.ActiveCfg = Release|Any CPU
		{3ED13630-90EB-420E-8083-0959B2955C6E}.Release|Any CPU.Build.0 = Release|Any CPU
		{2011B5A4-2184-4F94-9897-E5BC2425DCDA}.Debug|Any CPU.ActiveCfg = Debug|Any CPU
		{2011B5A4-2184-4F94-9897-E5BC2425DCDA}.Debug|Any CPU.Build.0 = Debug|Any CPU
		{2011B5A4-2184-4F94-9897-E5BC2425DCDA}.Release|Any CPU.ActiveCfg = Release|Any CPU
		{2011B5A4-2184-4F94-9897-E5BC2425DCDA}.Release|Any CPU.Build.0 = Release|Any CPU
		{290DB64D-74BA-45C5-BAC0-6E31A8AFD5CB}.Debug|Any CPU.ActiveCfg = Debug|Any CPU
		{290DB64D-74BA-45C5-BAC0-6E31A8AFD5CB}.Debug|Any CPU.Build.0 = Debug|Any CPU
		{290DB64D-74BA-45C5-BAC0-6E31A8AFD5CB}.Release|Any CPU.ActiveCfg = Release|Any CPU
		{290DB64D-74BA-45C5-BAC0-6E31A8AFD5CB}.Release|Any CPU.Build.0 = Release|Any CPU
		{DEEBF1A1-1C21-4E9E-8CE3-1EB21381FF1E}.Debug|Any CPU.ActiveCfg = Debug|Any CPU
		{DEEBF1A1-1C21-4E9E-8CE3-1EB21381FF1E}.Debug|Any CPU.Build.0 = Debug|Any CPU
		{DEEBF1A1-1C21-4E9E-8CE3-1EB21381FF1E}.Release|Any CPU.ActiveCfg = Release|Any CPU
		{DEEBF1A1-1C21-4E9E-8CE3-1EB21381FF1E}.Release|Any CPU.Build.0 = Release|Any CPU
		{6AF72BEE-70F0-48B2-BD63-0E80D9747342}.Debug|Any CPU.ActiveCfg = Debug|Any CPU
		{6AF72BEE-70F0-48B2-BD63-0E80D9747342}.Debug|Any CPU.Build.0 = Debug|Any CPU
		{6AF72BEE-70F0-48B2-BD63-0E80D9747342}.Release|Any CPU.ActiveCfg = Release|Any CPU
		{6AF72BEE-70F0-48B2-BD63-0E80D9747342}.Release|Any CPU.Build.0 = Release|Any CPU
		{C24DD62A-905D-4C48-A17A-B83107F17EA7}.Debug|Any CPU.ActiveCfg = Debug|Any CPU
		{C24DD62A-905D-4C48-A17A-B83107F17EA7}.Debug|Any CPU.Build.0 = Debug|Any CPU
		{C24DD62A-905D-4C48-A17A-B83107F17EA7}.Release|Any CPU.ActiveCfg = Release|Any CPU
		{C24DD62A-905D-4C48-A17A-B83107F17EA7}.Release|Any CPU.Build.0 = Release|Any CPU
		{FC1F1CF8-4902-46F0-929F-204E5B1B6D53}.Debug|Any CPU.ActiveCfg = Debug|Any CPU
		{FC1F1CF8-4902-46F0-929F-204E5B1B6D53}.Debug|Any CPU.Build.0 = Debug|Any CPU
		{FC1F1CF8-4902-46F0-929F-204E5B1B6D53}.Release|Any CPU.ActiveCfg = Release|Any CPU
		{FC1F1CF8-4902-46F0-929F-204E5B1B6D53}.Release|Any CPU.Build.0 = Release|Any CPU
		{3CAE192D-FF86-4A51-8936-E4BFFC192C94}.Debug|Any CPU.ActiveCfg = Debug|Any CPU
		{3CAE192D-FF86-4A51-8936-E4BFFC192C94}.Debug|Any CPU.Build.0 = Debug|Any CPU
		{3CAE192D-FF86-4A51-8936-E4BFFC192C94}.Release|Any CPU.ActiveCfg = Release|Any CPU
		{3CAE192D-FF86-4A51-8936-E4BFFC192C94}.Release|Any CPU.Build.0 = Release|Any CPU
		{56D1B750-1FEB-4DAC-8486-6CE5C5655132}.Debug|Any CPU.ActiveCfg = Debug|Any CPU
		{56D1B750-1FEB-4DAC-8486-6CE5C5655132}.Debug|Any CPU.Build.0 = Debug|Any CPU
		{56D1B750-1FEB-4DAC-8486-6CE5C5655132}.Release|Any CPU.ActiveCfg = Release|Any CPU
		{56D1B750-1FEB-4DAC-8486-6CE5C5655132}.Release|Any CPU.Build.0 = Release|Any CPU
		{A0A6BD09-1AF4-4F16-8118-F0FC17FF8413}.Debug|Any CPU.ActiveCfg = Debug|Any CPU
		{A0A6BD09-1AF4-4F16-8118-F0FC17FF8413}.Debug|Any CPU.Build.0 = Debug|Any CPU
		{A0A6BD09-1AF4-4F16-8118-F0FC17FF8413}.Release|Any CPU.ActiveCfg = Release|Any CPU
		{A0A6BD09-1AF4-4F16-8118-F0FC17FF8413}.Release|Any CPU.Build.0 = Release|Any CPU
		{E9DFED8B-AB4F-461F-ABF7-DBE69D744C3F}.Debug|Any CPU.ActiveCfg = Debug|Any CPU
		{E9DFED8B-AB4F-461F-ABF7-DBE69D744C3F}.Debug|Any CPU.Build.0 = Debug|Any CPU
		{E9DFED8B-AB4F-461F-ABF7-DBE69D744C3F}.Release|Any CPU.ActiveCfg = Release|Any CPU
		{E9DFED8B-AB4F-461F-ABF7-DBE69D744C3F}.Release|Any CPU.Build.0 = Release|Any CPU
		{F29EA8C1-4AEE-417E-94A1-99EBD9DF0531}.Debug|Any CPU.ActiveCfg = Debug|Any CPU
		{F29EA8C1-4AEE-417E-94A1-99EBD9DF0531}.Debug|Any CPU.Build.0 = Debug|Any CPU
		{F29EA8C1-4AEE-417E-94A1-99EBD9DF0531}.Release|Any CPU.ActiveCfg = Release|Any CPU
		{F29EA8C1-4AEE-417E-94A1-99EBD9DF0531}.Release|Any CPU.Build.0 = Release|Any CPU
		{9AC9D88E-33BC-4CC0-9E6B-D4D188081A7B}.Debug|Any CPU.ActiveCfg = Debug|Any CPU
		{9AC9D88E-33BC-4CC0-9E6B-D4D188081A7B}.Debug|Any CPU.Build.0 = Debug|Any CPU
		{9AC9D88E-33BC-4CC0-9E6B-D4D188081A7B}.Release|Any CPU.ActiveCfg = Release|Any CPU
		{9AC9D88E-33BC-4CC0-9E6B-D4D188081A7B}.Release|Any CPU.Build.0 = Release|Any CPU
		{E0623917-1182-4513-BA20-98AFE6C044F2}.Debug|Any CPU.ActiveCfg = Debug|Any CPU
		{E0623917-1182-4513-BA20-98AFE6C044F2}.Debug|Any CPU.Build.0 = Debug|Any CPU
		{E0623917-1182-4513-BA20-98AFE6C044F2}.Release|Any CPU.ActiveCfg = Release|Any CPU
		{E0623917-1182-4513-BA20-98AFE6C044F2}.Release|Any CPU.Build.0 = Release|Any CPU
		{DB4FB5FB-6E00-4648-8DCB-40BFF972D3AD}.Debug|Any CPU.ActiveCfg = Debug|Any CPU
		{DB4FB5FB-6E00-4648-8DCB-40BFF972D3AD}.Debug|Any CPU.Build.0 = Debug|Any CPU
		{DB4FB5FB-6E00-4648-8DCB-40BFF972D3AD}.Release|Any CPU.ActiveCfg = Release|Any CPU
		{DB4FB5FB-6E00-4648-8DCB-40BFF972D3AD}.Release|Any CPU.Build.0 = Release|Any CPU
		{D792897C-D5D7-40A6-9565-8FA4ACE0EBFA}.Debug|Any CPU.ActiveCfg = Debug|Any CPU
		{D792897C-D5D7-40A6-9565-8FA4ACE0EBFA}.Debug|Any CPU.Build.0 = Debug|Any CPU
		{D792897C-D5D7-40A6-9565-8FA4ACE0EBFA}.Release|Any CPU.ActiveCfg = Release|Any CPU
		{D792897C-D5D7-40A6-9565-8FA4ACE0EBFA}.Release|Any CPU.Build.0 = Release|Any CPU
		{1BCC177E-D529-4015-93E2-4C254FA015AA}.Debug|Any CPU.ActiveCfg = Debug|Any CPU
		{1BCC177E-D529-4015-93E2-4C254FA015AA}.Debug|Any CPU.Build.0 = Debug|Any CPU
		{1BCC177E-D529-4015-93E2-4C254FA015AA}.Release|Any CPU.ActiveCfg = Release|Any CPU
		{1BCC177E-D529-4015-93E2-4C254FA015AA}.Release|Any CPU.Build.0 = Release|Any CPU
		{719AC60C-59EF-4A63-AC9E-7841DF14179D}.Debug|Any CPU.ActiveCfg = Debug|Any CPU
		{719AC60C-59EF-4A63-AC9E-7841DF14179D}.Debug|Any CPU.Build.0 = Debug|Any CPU
		{719AC60C-59EF-4A63-AC9E-7841DF14179D}.Release|Any CPU.ActiveCfg = Release|Any CPU
		{719AC60C-59EF-4A63-AC9E-7841DF14179D}.Release|Any CPU.Build.0 = Release|Any CPU
	EndGlobalSection
	GlobalSection(SolutionProperties) = preSolution
		HideSolutionNode = FALSE
	EndGlobalSection
	GlobalSection(NestedProjects) = preSolution
		{08F523EC-3C2A-4A00-A54C-2E54C5AC856B} = {BD1946CE-5544-4F28-A04A-9C3D51113E1A}
		{3B96F91B-3B58-40ED-B06E-5CD133A79A63} = {08F523EC-3C2A-4A00-A54C-2E54C5AC856B}
		{7323F93B-D141-4001-BB9E-7AF14031143E} = {D1549653-9631-4E16-9967-55427174A0DC}
		{BB63CACA-866F-454F-BA4C-78B788D032BB} = {D1549653-9631-4E16-9967-55427174A0DC}
		{01BC4531-1E25-48D7-A8FD-A47D6FEC47FB} = {D1549653-9631-4E16-9967-55427174A0DC}
		{00CE0FBE-DA5A-4AD8-B0D6-04ECE6B04F0D} = {D1549653-9631-4E16-9967-55427174A0DC}
		{A8F45E94-4CFD-478C-9FE2-8E6DEE7E0770} = {D1549653-9631-4E16-9967-55427174A0DC}
		{23CEFC88-9365-4464-A517-700224ECA033} = {D1549653-9631-4E16-9967-55427174A0DC}
		{96255044-3776-439B-8496-C460DB9C4F97} = {A8F45E94-4CFD-478C-9FE2-8E6DEE7E0770}
		{79266117-FEDD-45B3-B603-33A4B6E9F12F} = {D1549653-9631-4E16-9967-55427174A0DC}
		{506AF844-92E0-4404-BBFC-0AB073890A72} = {BD1946CE-5544-4F28-A04A-9C3D51113E1A}
		{ECEA066F-F40D-4397-B2CE-8CA24AC22638} = {506AF844-92E0-4404-BBFC-0AB073890A72}
		{E09441B8-8D74-4A96-8431-480E2065F844} = {506AF844-92E0-4404-BBFC-0AB073890A72}
		{24E62AB7-64E4-4975-9417-883559D1BC19} = {506AF844-92E0-4404-BBFC-0AB073890A72}
		{BD6BBC90-60BE-4E7D-8458-91E9CDA66ABE} = {506AF844-92E0-4404-BBFC-0AB073890A72}
		{98BEE375-A5A0-4FC2-9B7A-25DB41C8045D} = {506AF844-92E0-4404-BBFC-0AB073890A72}
		{9A9A9F26-597A-4FA6-A4F1-415063484D9C} = {506AF844-92E0-4404-BBFC-0AB073890A72}
		{F013E43F-B6D5-4F59-ACF0-EECEC2C794F5} = {506AF844-92E0-4404-BBFC-0AB073890A72}
		{E3EF26E1-80A7-4573-B3A4-1D4B0042616E} = {506AF844-92E0-4404-BBFC-0AB073890A72}
		{13883E8E-7DE1-4EDD-8E4A-C5357BA8CD81} = {506AF844-92E0-4404-BBFC-0AB073890A72}
		{CF8E1753-EE98-410F-BB4B-6624B19C6B64} = {506AF844-92E0-4404-BBFC-0AB073890A72}
		{020F4C88-3A5C-4B89-9868-089E867CC223} = {506AF844-92E0-4404-BBFC-0AB073890A72}
		{51AA27A9-B8B4-458F-9211-E6889B441573} = {506AF844-92E0-4404-BBFC-0AB073890A72}
		{6CF165D4-F9CE-4D7E-A0C4-96F477467B44} = {7323F93B-D141-4001-BB9E-7AF14031143E}
		{A8EFD7D2-3925-4CB2-9675-3D312FDD66A3} = {7323F93B-D141-4001-BB9E-7AF14031143E}
		{1B3DF3C9-40AE-4E81-9CB5-A553064166BE} = {7323F93B-D141-4001-BB9E-7AF14031143E}
		{61410428-A76E-4EAF-9CF6-7BE7DBF6A374} = {7323F93B-D141-4001-BB9E-7AF14031143E}
		{D441D68A-85F1-404C-B665-EB3BE3D436BA} = {7323F93B-D141-4001-BB9E-7AF14031143E}
		{3710B3C4-E33C-4C13-B7D6-5664F71EFD19} = {7323F93B-D141-4001-BB9E-7AF14031143E}
		{567E8582-0E73-4A34-A7D3-ED9486415523} = {506AF844-92E0-4404-BBFC-0AB073890A72}
		{AD489758-39EE-43D6-B4B0-F94F2E465044} = {7323F93B-D141-4001-BB9E-7AF14031143E}
		{300EF061-69F9-46D5-9CDE-CA39F2817F69} = {7323F93B-D141-4001-BB9E-7AF14031143E}
		{BA7A4229-F702-491A-A572-3F8F4FA0A5A4} = {7323F93B-D141-4001-BB9E-7AF14031143E}
		{394AEB96-493C-4839-A5AC-8D93CD2FAD40} = {506AF844-92E0-4404-BBFC-0AB073890A72}
		{118222E0-C4A0-4141-9637-5D9EFE79D7C4} = {7323F93B-D141-4001-BB9E-7AF14031143E}
		{CA285053-F013-45CC-A2EA-7581A37585D4} = {79266117-FEDD-45B3-B603-33A4B6E9F12F}
		{A2B06FA8-BDBC-4459-A92A-161862B2AA97} = {08F523EC-3C2A-4A00-A54C-2E54C5AC856B}
		{7FACD9D7-F70D-41C4-BE61-2753E018057D} = {7323F93B-D141-4001-BB9E-7AF14031143E}
		{D8E35E61-07AE-41D2-BB40-F3BDD8770A92} = {7323F93B-D141-4001-BB9E-7AF14031143E}
		{63C0BFF6-508D-4E5F-BBBC-A636D1398C6B} = {BB63CACA-866F-454F-BA4C-78B788D032BB}
		{1A94F70B-1AB6-4638-931A-4AB0EBEF7EC1} = {BB63CACA-866F-454F-BA4C-78B788D032BB}
		{626E0086-1375-4ABE-A0F8-412786D315FA} = {7323F93B-D141-4001-BB9E-7AF14031143E}
		{2034C981-C938-4F0F-8F3B-528B83CB8F7D} = {BB63CACA-866F-454F-BA4C-78B788D032BB}
		{8BF8279D-196F-481A-9659-488864D93D2D} = {7323F93B-D141-4001-BB9E-7AF14031143E}
		{16863138-7C0E-49ED-A1C8-B9165FED9920} = {506AF844-92E0-4404-BBFC-0AB073890A72}
		{AFC86608-9F7C-4474-9D26-186905C33E4E} = {BB63CACA-866F-454F-BA4C-78B788D032BB}
		{957C4E99-3644-47DD-8F9A-AE36F41EBE4A} = {08F523EC-3C2A-4A00-A54C-2E54C5AC856B}
		{32A23995-14C7-483B-98C3-0AE4185373EA} = {506AF844-92E0-4404-BBFC-0AB073890A72}
		{E5556BC6-A7FD-4D8E-8A7D-7648DF1D7471} = {08F523EC-3C2A-4A00-A54C-2E54C5AC856B}
		{9623CF30-192C-4864-B419-29649169AE30} = {08F523EC-3C2A-4A00-A54C-2E54C5AC856B}
		{26DC17AC-A390-4515-A2C0-07A0950036C5} = {08F523EC-3C2A-4A00-A54C-2E54C5AC856B}
		{538ADEFD-2170-40A9-A2C5-EC8369CFE490} = {08F523EC-3C2A-4A00-A54C-2E54C5AC856B}
		{06662133-1292-4918-90F3-36C930C0B16F} = {08F523EC-3C2A-4A00-A54C-2E54C5AC856B}
		{D0F9864B-D782-4471-81A2-29555E5DC0D7} = {08F523EC-3C2A-4A00-A54C-2E54C5AC856B}
		{306CDDFA-FF0B-4299-930C-9EC6C9308160} = {08F523EC-3C2A-4A00-A54C-2E54C5AC856B}
		{F2F53B1A-B973-4932-80CB-5EDA38F9D74C} = {23CEFC88-9365-4464-A517-700224ECA033}
		{EEA49A74-6EFC-410E-9745-BAD367AC151D} = {08F523EC-3C2A-4A00-A54C-2E54C5AC856B}
		{7DB43FE1-75E1-49F9-B2C8-06A552BA2144} = {08F523EC-3C2A-4A00-A54C-2E54C5AC856B}
		{50E33DA2-AF14-486D-81B8-BD8409744A38} = {08F523EC-3C2A-4A00-A54C-2E54C5AC856B}
		{23725516-0A6E-48F9-A148-B5E3FA515B13} = {00CE0FBE-DA5A-4AD8-B0D6-04ECE6B04F0D}
		{5039C2F9-CAD9-4162-849C-5EF7E3CE03D9} = {01BC4531-1E25-48D7-A8FD-A47D6FEC47FB}
		{3DB4EDE3-B57B-498C-9EA9-A8BF8D9D4B2B} = {7323F93B-D141-4001-BB9E-7AF14031143E}
		{6157BF46-D371-4126-A7F1-ED6E23F77ACD} = {01BC4531-1E25-48D7-A8FD-A47D6FEC47FB}
		{9EA84487-C70C-420C-9674-75CF19F43757} = {01BC4531-1E25-48D7-A8FD-A47D6FEC47FB}
		{F7837EEB-1B49-482F-8722-EB35BA0937CC} = {01BC4531-1E25-48D7-A8FD-A47D6FEC47FB}
		{30D3D653-C936-40DD-B044-329980E156ED} = {01BC4531-1E25-48D7-A8FD-A47D6FEC47FB}
		{E901BDC7-CB84-40FA-A2C0-03DB4F9AEA3C} = {23CEFC88-9365-4464-A517-700224ECA033}
		{90AEABA2-0FB5-4D6C-A505-FA7F9ED38076} = {23CEFC88-9365-4464-A517-700224ECA033}
		{7D0DDCB8-E362-4283-8AC8-3FF1E9B0263E} = {23CEFC88-9365-4464-A517-700224ECA033}
		{F4CA95DA-0045-4AC4-ABA0-560008CEB963} = {23CEFC88-9365-4464-A517-700224ECA033}
		{F813268A-1EA1-41E6-A42C-01E7F937E257} = {7323F93B-D141-4001-BB9E-7AF14031143E}
		{96E9B926-60A1-48BD-9EC8-8ED1F6746ECD} = {01BC4531-1E25-48D7-A8FD-A47D6FEC47FB}
		{B1BE7458-1A1B-4C38-B99B-08301A6D5A70} = {506AF844-92E0-4404-BBFC-0AB073890A72}
		{8882D8C0-A77E-4B3D-9FC6-E9BF965031AB} = {7323F93B-D141-4001-BB9E-7AF14031143E}
		{6666CC37-75E0-451E-A24A-C51AF71B0C8E} = {BB63CACA-866F-454F-BA4C-78B788D032BB}
		{32D8179F-2E22-441C-9DEE-6EB4AB8A5800} = {08F523EC-3C2A-4A00-A54C-2E54C5AC856B}
		{21522CF8-12F2-4A30-94D5-6C794D4B043F} = {7323F93B-D141-4001-BB9E-7AF14031143E}
		{BA7F681E-FDC7-42B6-8BF1-74DA6421BA1A} = {00CE0FBE-DA5A-4AD8-B0D6-04ECE6B04F0D}
		{2A604A43-C72A-4A03-B68B-66AF4B6F430E} = {00CE0FBE-DA5A-4AD8-B0D6-04ECE6B04F0D}
		{299B3E44-5372-4D6B-A4E9-3DBEA4705701} = {506AF844-92E0-4404-BBFC-0AB073890A72}
		{ADCF5BF7-5A77-4F0E-AE76-96C611A079D8} = {7323F93B-D141-4001-BB9E-7AF14031143E}
		{1EDFC48B-2CEC-49DD-90DA-3A69BDDAB8CF} = {01BC4531-1E25-48D7-A8FD-A47D6FEC47FB}
		{02B7C422-C592-4BA6-89A7-ACBD7923B34D} = {506AF844-92E0-4404-BBFC-0AB073890A72}
		{92EF44DB-4F40-4610-A1AD-3A554A0CA8B9} = {BB63CACA-866F-454F-BA4C-78B788D032BB}
		{3ED13630-90EB-420E-8083-0959B2955C6E} = {506AF844-92E0-4404-BBFC-0AB073890A72}
		{2011B5A4-2184-4F94-9897-E5BC2425DCDA} = {7323F93B-D141-4001-BB9E-7AF14031143E}
		{290DB64D-74BA-45C5-BAC0-6E31A8AFD5CB} = {08F523EC-3C2A-4A00-A54C-2E54C5AC856B}
		{DEEBF1A1-1C21-4E9E-8CE3-1EB21381FF1E} = {08F523EC-3C2A-4A00-A54C-2E54C5AC856B}
		{6AF72BEE-70F0-48B2-BD63-0E80D9747342} = {08F523EC-3C2A-4A00-A54C-2E54C5AC856B}
		{C24DD62A-905D-4C48-A17A-B83107F17EA7} = {01BC4531-1E25-48D7-A8FD-A47D6FEC47FB}
		{FC1F1CF8-4902-46F0-929F-204E5B1B6D53} = {01BC4531-1E25-48D7-A8FD-A47D6FEC47FB}
		{3CAE192D-FF86-4A51-8936-E4BFFC192C94} = {BB63CACA-866F-454F-BA4C-78B788D032BB}
		{41230E57-542E-4CFD-8D4A-C41A126461E6} = {70336E30-C737-4175-BC69-9015D49E496E}
		{E9D19125-B748-4572-BEF9-12AEC7524CB9} = {41230E57-542E-4CFD-8D4A-C41A126461E6}
		{4497DE20-D8E5-4DCA-86F8-1993180E0EC2} = {70336E30-C737-4175-BC69-9015D49E496E}
		{AC389B99-E1E9-42AE-97AE-9874D0EFAD25} = {4497DE20-D8E5-4DCA-86F8-1993180E0EC2}
		{00112503-3502-4331-B6C3-FD3F2D262242} = {AC389B99-E1E9-42AE-97AE-9874D0EFAD25}
		{85D69893-216B-4D97-9E90-39340CA24CA4} = {70336E30-C737-4175-BC69-9015D49E496E}
		{24038CC5-9A57-472D-825D-9C48F8E4009A} = {70336E30-C737-4175-BC69-9015D49E496E}
		{4B35F4D8-A967-40ED-AFA0-CD3AE3DAD77E} = {EA5A2D72-33C8-442C-AB6D-99EA8739591D}
		{56D1B750-1FEB-4DAC-8486-6CE5C5655132} = {CE4C7E1B-6883-49C3-A407-F807094777CC}
		{A0A6BD09-1AF4-4F16-8118-F0FC17FF8413} = {CE4C7E1B-6883-49C3-A407-F807094777CC}
		{3150445A-C422-4D40-B341-DE5AD063C632} = {D1549653-9631-4E16-9967-55427174A0DC}
		{E9DFED8B-AB4F-461F-ABF7-DBE69D744C3F} = {3150445A-C422-4D40-B341-DE5AD063C632}
		{F29EA8C1-4AEE-417E-94A1-99EBD9DF0531} = {3150445A-C422-4D40-B341-DE5AD063C632}
		{9AC9D88E-33BC-4CC0-9E6B-D4D188081A7B} = {3150445A-C422-4D40-B341-DE5AD063C632}
		{E0623917-1182-4513-BA20-98AFE6C044F2} = {3150445A-C422-4D40-B341-DE5AD063C632}
		{DB4FB5FB-6E00-4648-8DCB-40BFF972D3AD} = {01BC4531-1E25-48D7-A8FD-A47D6FEC47FB}
		{D792897C-D5D7-40A6-9565-8FA4ACE0EBFA} = {23CEFC88-9365-4464-A517-700224ECA033}
		{1BCC177E-D529-4015-93E2-4C254FA015AA} = {23CEFC88-9365-4464-A517-700224ECA033}
		{719AC60C-59EF-4A63-AC9E-7841DF14179D} = {CE4C7E1B-6883-49C3-A407-F807094777CC}
	EndGlobalSection
	GlobalSection(ExtensibilityGlobals) = postSolution
		SolutionGuid = {3747A66A-00D1-41B8-A9C5-ED0D7BEA9D25}
	EndGlobalSection
EndGlobal
