
Microsoft Visual Studio Solution File, Format Version 12.00
# Visual Studio 2013
VisualStudioVersion = 12.0.31101.0
MinimumVisualStudioVersion = 10.0.40219.1
Project("{FAE04EC0-301F-11D3-BF4B-00C04F79EFBC}") = "PackageManagement.VisualStudio", "src\PackageManagement.VisualStudio\PackageManagement.VisualStudio.csproj", "{306CDDFA-FF0B-4299-930C-9EC6C9308160}"
EndProject
Project("{FAE04EC0-301F-11D3-BF4B-00C04F79EFBC}") = "VsExtension", "src\VsExtension\VsExtension.csproj", "{D0F9864B-D782-4471-81A2-29555E5DC0D7}"
EndProject
Project("{FAE04EC0-301F-11D3-BF4B-00C04F79EFBC}") = "VisualStudio.Interop", "src\VisualStudio.Interop\VisualStudio.Interop.csproj", "{7DB43FE1-75E1-49F9-B2C8-06A552BA2144}"
EndProject
Project("{FAE04EC0-301F-11D3-BF4B-00C04F79EFBC}") = "VisualStudio12", "src\VisualStudio12\VisualStudio12.csproj", "{3DD213F7-999B-4C15-9560-BF9C96CB8C52}"
EndProject
Project("{FAE04EC0-301F-11D3-BF4B-00C04F79EFBC}") = "VisualStudio14", "src\VisualStudio14\VisualStudio14.csproj", "{EEA49A74-6EFC-410E-9745-BAD367AC151D}"
EndProject
Global
	GlobalSection(SolutionConfigurationPlatforms) = preSolution
		Coverage|Any CPU = Coverage|Any CPU
		Debug|Any CPU = Debug|Any CPU
		Mono Debug|Any CPU = Mono Debug|Any CPU
		Mono Release|Any CPU = Mono Release|Any CPU
		Release|Any CPU = Release|Any CPU
	EndGlobalSection
	GlobalSection(ProjectConfigurationPlatforms) = postSolution
		{306CDDFA-FF0B-4299-930C-9EC6C9308160}.Coverage|Any CPU.ActiveCfg = Release|Any CPU
		{306CDDFA-FF0B-4299-930C-9EC6C9308160}.Coverage|Any CPU.Build.0 = Release|Any CPU
		{306CDDFA-FF0B-4299-930C-9EC6C9308160}.Debug|Any CPU.ActiveCfg = Debug|Any CPU
		{306CDDFA-FF0B-4299-930C-9EC6C9308160}.Debug|Any CPU.Build.0 = Debug|Any CPU
		{306CDDFA-FF0B-4299-930C-9EC6C9308160}.Mono Debug|Any CPU.ActiveCfg = Debug|Any CPU
		{306CDDFA-FF0B-4299-930C-9EC6C9308160}.Mono Debug|Any CPU.Build.0 = Debug|Any CPU
		{306CDDFA-FF0B-4299-930C-9EC6C9308160}.Mono Release|Any CPU.ActiveCfg = Release|Any CPU
		{306CDDFA-FF0B-4299-930C-9EC6C9308160}.Mono Release|Any CPU.Build.0 = Release|Any CPU
		{306CDDFA-FF0B-4299-930C-9EC6C9308160}.Release|Any CPU.ActiveCfg = Release|Any CPU
		{306CDDFA-FF0B-4299-930C-9EC6C9308160}.Release|Any CPU.Build.0 = Release|Any CPU
		{D0F9864B-D782-4471-81A2-29555E5DC0D7}.Coverage|Any CPU.ActiveCfg = Coverage|Any CPU
		{D0F9864B-D782-4471-81A2-29555E5DC0D7}.Coverage|Any CPU.Build.0 = Coverage|Any CPU
		{D0F9864B-D782-4471-81A2-29555E5DC0D7}.Debug|Any CPU.ActiveCfg = Debug|Any CPU
		{D0F9864B-D782-4471-81A2-29555E5DC0D7}.Debug|Any CPU.Build.0 = Debug|Any CPU
		{D0F9864B-D782-4471-81A2-29555E5DC0D7}.Mono Debug|Any CPU.ActiveCfg = Mono Debug|Any CPU
		{D0F9864B-D782-4471-81A2-29555E5DC0D7}.Mono Debug|Any CPU.Build.0 = Mono Debug|Any CPU
		{D0F9864B-D782-4471-81A2-29555E5DC0D7}.Mono Release|Any CPU.ActiveCfg = Mono Release|Any CPU
		{D0F9864B-D782-4471-81A2-29555E5DC0D7}.Mono Release|Any CPU.Build.0 = Mono Release|Any CPU
		{D0F9864B-D782-4471-81A2-29555E5DC0D7}.Release|Any CPU.ActiveCfg = Release|Any CPU
		{D0F9864B-D782-4471-81A2-29555E5DC0D7}.Release|Any CPU.Build.0 = Release|Any CPU
		{7DB43FE1-75E1-49F9-B2C8-06A552BA2144}.Coverage|Any CPU.ActiveCfg = Coverage|Any CPU
		{7DB43FE1-75E1-49F9-B2C8-06A552BA2144}.Coverage|Any CPU.Build.0 = Coverage|Any CPU
		{7DB43FE1-75E1-49F9-B2C8-06A552BA2144}.Debug|Any CPU.ActiveCfg = Debug|Any CPU
		{7DB43FE1-75E1-49F9-B2C8-06A552BA2144}.Debug|Any CPU.Build.0 = Debug|Any CPU
		{7DB43FE1-75E1-49F9-B2C8-06A552BA2144}.Mono Debug|Any CPU.ActiveCfg = Mono Debug|Any CPU
		{7DB43FE1-75E1-49F9-B2C8-06A552BA2144}.Mono Debug|Any CPU.Build.0 = Mono Debug|Any CPU
		{7DB43FE1-75E1-49F9-B2C8-06A552BA2144}.Mono Release|Any CPU.ActiveCfg = Mono Release|Any CPU
		{7DB43FE1-75E1-49F9-B2C8-06A552BA2144}.Mono Release|Any CPU.Build.0 = Mono Release|Any CPU
		{7DB43FE1-75E1-49F9-B2C8-06A552BA2144}.Release|Any CPU.ActiveCfg = Release|Any CPU
		{7DB43FE1-75E1-49F9-B2C8-06A552BA2144}.Release|Any CPU.Build.0 = Release|Any CPU
		{3DD213F7-999B-4C15-9560-BF9C96CB8C52}.Coverage|Any CPU.ActiveCfg = Coverage|Any CPU
		{3DD213F7-999B-4C15-9560-BF9C96CB8C52}.Coverage|Any CPU.Build.0 = Coverage|Any CPU
		{3DD213F7-999B-4C15-9560-BF9C96CB8C52}.Debug|Any CPU.ActiveCfg = Debug|Any CPU
		{3DD213F7-999B-4C15-9560-BF9C96CB8C52}.Debug|Any CPU.Build.0 = Debug|Any CPU
		{3DD213F7-999B-4C15-9560-BF9C96CB8C52}.Mono Debug|Any CPU.ActiveCfg = Mono Debug|Any CPU
		{3DD213F7-999B-4C15-9560-BF9C96CB8C52}.Mono Debug|Any CPU.Build.0 = Mono Debug|Any CPU
		{3DD213F7-999B-4C15-9560-BF9C96CB8C52}.Mono Release|Any CPU.ActiveCfg = Mono Release|Any CPU
		{3DD213F7-999B-4C15-9560-BF9C96CB8C52}.Mono Release|Any CPU.Build.0 = Mono Release|Any CPU
		{3DD213F7-999B-4C15-9560-BF9C96CB8C52}.Release|Any CPU.ActiveCfg = Release|Any CPU
		{3DD213F7-999B-4C15-9560-BF9C96CB8C52}.Release|Any CPU.Build.0 = Release|Any CPU
		{EEA49A74-6EFC-410E-9745-BAD367AC151D}.Coverage|Any CPU.ActiveCfg = Coverage|Any CPU
		{EEA49A74-6EFC-410E-9745-BAD367AC151D}.Coverage|Any CPU.Build.0 = Coverage|Any CPU
		{EEA49A74-6EFC-410E-9745-BAD367AC151D}.Debug|Any CPU.ActiveCfg = Debug|Any CPU
		{EEA49A74-6EFC-410E-9745-BAD367AC151D}.Debug|Any CPU.Build.0 = Debug|Any CPU
		{EEA49A74-6EFC-410E-9745-BAD367AC151D}.Mono Debug|Any CPU.ActiveCfg = Mono Debug|Any CPU
		{EEA49A74-6EFC-410E-9745-BAD367AC151D}.Mono Debug|Any CPU.Build.0 = Mono Debug|Any CPU
		{EEA49A74-6EFC-410E-9745-BAD367AC151D}.Mono Release|Any CPU.ActiveCfg = Mono Release|Any CPU
		{EEA49A74-6EFC-410E-9745-BAD367AC151D}.Mono Release|Any CPU.Build.0 = Mono Release|Any CPU
		{EEA49A74-6EFC-410E-9745-BAD367AC151D}.Release|Any CPU.ActiveCfg = Release|Any CPU
		{EEA49A74-6EFC-410E-9745-BAD367AC151D}.Release|Any CPU.Build.0 = Release|Any CPU
	EndGlobalSection
	GlobalSection(SolutionProperties) = preSolution
		HideSolutionNode = FALSE
	EndGlobalSection
EndGlobal
