
Microsoft Visual Studio Solution File, Format Version 12.00
# Visual Studio 14
VisualStudioVersion = 14.0.22609.0
MinimumVisualStudioVersion = 10.0.40219.1
Project("{FAE04EC0-301F-11D3-BF4B-00C04F79EFBC}") = "PackageManagement.VisualStudio", "src\PackageManagement.VisualStudio\PackageManagement.VisualStudio.csproj", "{306CDDFA-FF0B-4299-930C-9EC6C9308160}"
EndProject
Project("{FAE04EC0-301F-11D3-BF4B-00C04F79EFBC}") = "VsExtension", "src\VsExtension\VsExtension.csproj", "{D0F9864B-D782-4471-81A2-29555E5DC0D7}"
EndProject
Project("{FAE04EC0-301F-11D3-BF4B-00C04F79EFBC}") = "VisualStudio.Interop", "src\VisualStudio.Interop\VisualStudio.Interop.csproj", "{7DB43FE1-75E1-49F9-B2C8-06A552BA2144}"
EndProject
Project("{FAE04EC0-301F-11D3-BF4B-00C04F79EFBC}") = "VisualStudio12", "src\VisualStudio12\VisualStudio12.csproj", "{3DD213F7-999B-4C15-9560-BF9C96CB8C52}"
EndProject
Project("{FAE04EC0-301F-11D3-BF4B-00C04F79EFBC}") = "VisualStudio14", "src\VisualStudio14\VisualStudio14.csproj", "{EEA49A74-6EFC-410E-9745-BAD367AC151D}"
EndProject
Project("{FAE04EC0-301F-11D3-BF4B-00C04F79EFBC}") = "Console", "src\VsConsole\Console\Console.csproj", "{50E33DA2-AF14-486D-81B8-BD8409744A38}"
EndProject
Project("{FAE04EC0-301F-11D3-BF4B-00C04F79EFBC}") = "Console.Types", "src\VsConsole\Console.Types\Console.Types.csproj", "{6FD11460-39A3-4A10-BA63-7541B0A7D053}"
EndProject
Project("{FAE04EC0-301F-11D3-BF4B-00C04F79EFBC}") = "PowerShellHost", "src\VsConsole\PowerShellHost\PowerShellHost.csproj", "{5A79EEF3-51C0-4A14-8D37-50EF38AD835D}"
EndProject
Project("{FAE04EC0-301F-11D3-BF4B-00C04F79EFBC}") = "PowerShellHostProvider", "src\VsConsole\PowerShellHostProvider\PowerShellHostProvider.csproj", "{A5E7AEB3-738F-4C39-A459-00F90483B2FE}"
EndProject
Project("{2150E333-8FDC-42A3-9474-1A3956D46DE8}") = "tests", "tests", "{3EF356B5-E2D3-45E3-B515-99F4611ACBDA}"
EndProject
Project("{FAE04EC0-301F-11D3-BF4B-00C04F79EFBC}") = "Options", "src\Options\Options.csproj", "{53AB7187-CDF3-48B5-B90E-8919D3CB904D}"
EndProject
Project("{FAE04EC0-301F-11D3-BF4B-00C04F79EFBC}") = "VisualStudioAPI", "src\VisualStudioAPI\VisualStudioAPI.csproj", "{E5556BC6-A7FD-4D8E-8A7D-7648DF1D7471}"
EndProject
Project("{2150E333-8FDC-42A3-9474-1A3956D46DE8}") = "functional", "functional", "{72887A16-F39B-4B21-9B76-33AE5004DE0B}"
EndProject
Project("{2150E333-8FDC-42A3-9474-1A3956D46DE8}") = "framework", "framework", "{CB95A418-1524-48D7-96F5-3A3E733E41CC}"
	ProjectSection(SolutionItems) = preProject
		test\EndToEnd\assert.ps1 = test\EndToEnd\assert.ps1
		test\EndToEnd\nuget.assert.ps1 = test\EndToEnd\nuget.assert.ps1
		test\EndToEnd\NuGet.Tests.psm1 = test\EndToEnd\NuGet.Tests.psm1
		test\EndToEnd\utility.ps1 = test\EndToEnd\utility.ps1
		test\EndToEnd\vs.ps1 = test\EndToEnd\vs.ps1
	EndProjectSection
EndProject
Project("{2150E333-8FDC-42A3-9474-1A3956D46DE8}") = "tests", "tests", "{83AEE32C-FFCC-43A6-898B-D7DF81774C25}"
	ProjectSection(SolutionItems) = preProject
		test\EndToEnd\tests\FindPackageTest.ps1 = test\EndToEnd\tests\FindPackageTest.ps1
		test\EndToEnd\tests\GetPackageTest.ps1 = test\EndToEnd\tests\GetPackageTest.ps1
		test\EndToEnd\tests\GetProjectTest.ps1 = test\EndToEnd\tests\GetProjectTest.ps1
		test\EndToEnd\tests\install.ps1 = test\EndToEnd\tests\install.ps1
		test\EndToEnd\tests\OpenPackagePageTest.ps1 = test\EndToEnd\tests\OpenPackagePageTest.ps1
		test\EndToEnd\tests\PackageRestoreTest.ps1 = test\EndToEnd\tests\PackageRestoreTest.ps1
		test\EndToEnd\tests\PackTest.ps1 = test\EndToEnd\tests\PackTest.ps1
		test\EndToEnd\tests\ProjectRetargeting.ps1 = test\EndToEnd\tests\ProjectRetargeting.ps1
		test\EndToEnd\tests\ServicesTest.ps1 = test\EndToEnd\tests\ServicesTest.ps1
		test\EndToEnd\tests\Settings.ps1 = test\EndToEnd\tests\Settings.ps1
		test\EndToEnd\tests\TabExpansionTest.ps1 = test\EndToEnd\tests\TabExpansionTest.ps1
		test\EndToEnd\tests\uninstall.ps1 = test\EndToEnd\tests\uninstall.ps1
		test\EndToEnd\tests\update.ps1 = test\EndToEnd\tests\update.ps1
	EndProjectSection
EndProject
Project("{FAE04EC0-301F-11D3-BF4B-00C04F79EFBC}") = "TeamFoundationServer12", "src\TeamFoundationServer12\TeamFoundationServer12.csproj", "{A07D7E9A-C6D8-4C0F-9359-77A7787B2565}"
EndProject
Project("{FAE04EC0-301F-11D3-BF4B-00C04F79EFBC}") = "TeamFoundationServer14", "src\TeamFoundationServer14\TeamFoundationServer14.csproj", "{E961D080-F10B-4F11-BEA0-056509C086CC}"
EndProject
Project("{FAE04EC0-301F-11D3-BF4B-00C04F79EFBC}") = "PackageManagement.PowerShellCmdlets", "src\PackageManagement.PowerShellCmdlets\PackageManagement.PowerShellCmdlets.csproj", "{26DC17AC-A390-4515-A2C0-07A0950036C5}"
EndProject
Global
	GlobalSection(SolutionConfigurationPlatforms) = preSolution
		Coverage|Any CPU = Coverage|Any CPU
		Debug|Any CPU = Debug|Any CPU
		Mono Debug|Any CPU = Mono Debug|Any CPU
		Mono Release|Any CPU = Mono Release|Any CPU
		Release|Any CPU = Release|Any CPU
	EndGlobalSection
	GlobalSection(ProjectConfigurationPlatforms) = postSolution
		{306CDDFA-FF0B-4299-930C-9EC6C9308160}.Coverage|Any CPU.ActiveCfg = Release|Any CPU
		{306CDDFA-FF0B-4299-930C-9EC6C9308160}.Coverage|Any CPU.Build.0 = Release|Any CPU
		{306CDDFA-FF0B-4299-930C-9EC6C9308160}.Debug|Any CPU.ActiveCfg = Debug|Any CPU
		{306CDDFA-FF0B-4299-930C-9EC6C9308160}.Debug|Any CPU.Build.0 = Debug|Any CPU
		{306CDDFA-FF0B-4299-930C-9EC6C9308160}.Mono Debug|Any CPU.ActiveCfg = Debug|Any CPU
		{306CDDFA-FF0B-4299-930C-9EC6C9308160}.Mono Debug|Any CPU.Build.0 = Debug|Any CPU
		{306CDDFA-FF0B-4299-930C-9EC6C9308160}.Mono Release|Any CPU.ActiveCfg = Release|Any CPU
		{306CDDFA-FF0B-4299-930C-9EC6C9308160}.Mono Release|Any CPU.Build.0 = Release|Any CPU
		{306CDDFA-FF0B-4299-930C-9EC6C9308160}.Release|Any CPU.ActiveCfg = Release|Any CPU
		{306CDDFA-FF0B-4299-930C-9EC6C9308160}.Release|Any CPU.Build.0 = Release|Any CPU
		{D0F9864B-D782-4471-81A2-29555E5DC0D7}.Coverage|Any CPU.ActiveCfg = Coverage|Any CPU
		{D0F9864B-D782-4471-81A2-29555E5DC0D7}.Coverage|Any CPU.Build.0 = Coverage|Any CPU
		{D0F9864B-D782-4471-81A2-29555E5DC0D7}.Debug|Any CPU.ActiveCfg = Debug|Any CPU
		{D0F9864B-D782-4471-81A2-29555E5DC0D7}.Debug|Any CPU.Build.0 = Debug|Any CPU
		{D0F9864B-D782-4471-81A2-29555E5DC0D7}.Mono Debug|Any CPU.ActiveCfg = Mono Debug|Any CPU
		{D0F9864B-D782-4471-81A2-29555E5DC0D7}.Mono Debug|Any CPU.Build.0 = Mono Debug|Any CPU
		{D0F9864B-D782-4471-81A2-29555E5DC0D7}.Mono Release|Any CPU.ActiveCfg = Mono Release|Any CPU
		{D0F9864B-D782-4471-81A2-29555E5DC0D7}.Mono Release|Any CPU.Build.0 = Mono Release|Any CPU
		{D0F9864B-D782-4471-81A2-29555E5DC0D7}.Release|Any CPU.ActiveCfg = Release|Any CPU
		{D0F9864B-D782-4471-81A2-29555E5DC0D7}.Release|Any CPU.Build.0 = Release|Any CPU
		{7DB43FE1-75E1-49F9-B2C8-06A552BA2144}.Coverage|Any CPU.ActiveCfg = Coverage|Any CPU
		{7DB43FE1-75E1-49F9-B2C8-06A552BA2144}.Coverage|Any CPU.Build.0 = Coverage|Any CPU
		{7DB43FE1-75E1-49F9-B2C8-06A552BA2144}.Debug|Any CPU.ActiveCfg = Debug|Any CPU
		{7DB43FE1-75E1-49F9-B2C8-06A552BA2144}.Debug|Any CPU.Build.0 = Debug|Any CPU
		{7DB43FE1-75E1-49F9-B2C8-06A552BA2144}.Mono Debug|Any CPU.ActiveCfg = Mono Debug|Any CPU
		{7DB43FE1-75E1-49F9-B2C8-06A552BA2144}.Mono Debug|Any CPU.Build.0 = Mono Debug|Any CPU
		{7DB43FE1-75E1-49F9-B2C8-06A552BA2144}.Mono Release|Any CPU.ActiveCfg = Mono Release|Any CPU
		{7DB43FE1-75E1-49F9-B2C8-06A552BA2144}.Mono Release|Any CPU.Build.0 = Mono Release|Any CPU
		{7DB43FE1-75E1-49F9-B2C8-06A552BA2144}.Release|Any CPU.ActiveCfg = Release|Any CPU
		{7DB43FE1-75E1-49F9-B2C8-06A552BA2144}.Release|Any CPU.Build.0 = Release|Any CPU
		{3DD213F7-999B-4C15-9560-BF9C96CB8C52}.Coverage|Any CPU.ActiveCfg = Coverage|Any CPU
		{3DD213F7-999B-4C15-9560-BF9C96CB8C52}.Coverage|Any CPU.Build.0 = Coverage|Any CPU
		{3DD213F7-999B-4C15-9560-BF9C96CB8C52}.Debug|Any CPU.ActiveCfg = Debug|Any CPU
		{3DD213F7-999B-4C15-9560-BF9C96CB8C52}.Debug|Any CPU.Build.0 = Debug|Any CPU
		{3DD213F7-999B-4C15-9560-BF9C96CB8C52}.Mono Debug|Any CPU.ActiveCfg = Mono Debug|Any CPU
		{3DD213F7-999B-4C15-9560-BF9C96CB8C52}.Mono Debug|Any CPU.Build.0 = Mono Debug|Any CPU
		{3DD213F7-999B-4C15-9560-BF9C96CB8C52}.Mono Release|Any CPU.ActiveCfg = Mono Release|Any CPU
		{3DD213F7-999B-4C15-9560-BF9C96CB8C52}.Mono Release|Any CPU.Build.0 = Mono Release|Any CPU
		{3DD213F7-999B-4C15-9560-BF9C96CB8C52}.Release|Any CPU.ActiveCfg = Release|Any CPU
		{3DD213F7-999B-4C15-9560-BF9C96CB8C52}.Release|Any CPU.Build.0 = Release|Any CPU
		{EEA49A74-6EFC-410E-9745-BAD367AC151D}.Coverage|Any CPU.ActiveCfg = Coverage|Any CPU
		{EEA49A74-6EFC-410E-9745-BAD367AC151D}.Coverage|Any CPU.Build.0 = Coverage|Any CPU
		{EEA49A74-6EFC-410E-9745-BAD367AC151D}.Debug|Any CPU.ActiveCfg = Debug|Any CPU
		{EEA49A74-6EFC-410E-9745-BAD367AC151D}.Debug|Any CPU.Build.0 = Debug|Any CPU
		{EEA49A74-6EFC-410E-9745-BAD367AC151D}.Mono Debug|Any CPU.ActiveCfg = Mono Debug|Any CPU
		{EEA49A74-6EFC-410E-9745-BAD367AC151D}.Mono Debug|Any CPU.Build.0 = Mono Debug|Any CPU
		{EEA49A74-6EFC-410E-9745-BAD367AC151D}.Mono Release|Any CPU.ActiveCfg = Mono Release|Any CPU
		{EEA49A74-6EFC-410E-9745-BAD367AC151D}.Mono Release|Any CPU.Build.0 = Mono Release|Any CPU
		{EEA49A74-6EFC-410E-9745-BAD367AC151D}.Release|Any CPU.ActiveCfg = Release|Any CPU
		{EEA49A74-6EFC-410E-9745-BAD367AC151D}.Release|Any CPU.Build.0 = Release|Any CPU
		{50E33DA2-AF14-486D-81B8-BD8409744A38}.Coverage|Any CPU.ActiveCfg = Coverage|Any CPU
		{50E33DA2-AF14-486D-81B8-BD8409744A38}.Coverage|Any CPU.Build.0 = Coverage|Any CPU
		{50E33DA2-AF14-486D-81B8-BD8409744A38}.Debug|Any CPU.ActiveCfg = Debug|Any CPU
		{50E33DA2-AF14-486D-81B8-BD8409744A38}.Debug|Any CPU.Build.0 = Debug|Any CPU
		{50E33DA2-AF14-486D-81B8-BD8409744A38}.Mono Debug|Any CPU.ActiveCfg = Mono Debug|Any CPU
		{50E33DA2-AF14-486D-81B8-BD8409744A38}.Mono Debug|Any CPU.Build.0 = Mono Debug|Any CPU
		{50E33DA2-AF14-486D-81B8-BD8409744A38}.Mono Release|Any CPU.ActiveCfg = Mono Release|Any CPU
		{50E33DA2-AF14-486D-81B8-BD8409744A38}.Mono Release|Any CPU.Build.0 = Mono Release|Any CPU
		{50E33DA2-AF14-486D-81B8-BD8409744A38}.Release|Any CPU.ActiveCfg = Release|Any CPU
		{50E33DA2-AF14-486D-81B8-BD8409744A38}.Release|Any CPU.Build.0 = Release|Any CPU
		{6FD11460-39A3-4A10-BA63-7541B0A7D053}.Coverage|Any CPU.ActiveCfg = Coverage|Any CPU
		{6FD11460-39A3-4A10-BA63-7541B0A7D053}.Coverage|Any CPU.Build.0 = Coverage|Any CPU
		{6FD11460-39A3-4A10-BA63-7541B0A7D053}.Debug|Any CPU.ActiveCfg = Debug|Any CPU
		{6FD11460-39A3-4A10-BA63-7541B0A7D053}.Debug|Any CPU.Build.0 = Debug|Any CPU
		{6FD11460-39A3-4A10-BA63-7541B0A7D053}.Mono Debug|Any CPU.ActiveCfg = Mono Debug|Any CPU
		{6FD11460-39A3-4A10-BA63-7541B0A7D053}.Mono Debug|Any CPU.Build.0 = Mono Debug|Any CPU
		{6FD11460-39A3-4A10-BA63-7541B0A7D053}.Mono Release|Any CPU.ActiveCfg = Mono Release|Any CPU
		{6FD11460-39A3-4A10-BA63-7541B0A7D053}.Mono Release|Any CPU.Build.0 = Mono Release|Any CPU
		{6FD11460-39A3-4A10-BA63-7541B0A7D053}.Release|Any CPU.ActiveCfg = Release|Any CPU
		{6FD11460-39A3-4A10-BA63-7541B0A7D053}.Release|Any CPU.Build.0 = Release|Any CPU
		{5A79EEF3-51C0-4A14-8D37-50EF38AD835D}.Coverage|Any CPU.ActiveCfg = Coverage|Any CPU
		{5A79EEF3-51C0-4A14-8D37-50EF38AD835D}.Coverage|Any CPU.Build.0 = Coverage|Any CPU
		{5A79EEF3-51C0-4A14-8D37-50EF38AD835D}.Debug|Any CPU.ActiveCfg = Debug|Any CPU
		{5A79EEF3-51C0-4A14-8D37-50EF38AD835D}.Debug|Any CPU.Build.0 = Debug|Any CPU
		{5A79EEF3-51C0-4A14-8D37-50EF38AD835D}.Mono Debug|Any CPU.ActiveCfg = Mono Debug|Any CPU
		{5A79EEF3-51C0-4A14-8D37-50EF38AD835D}.Mono Debug|Any CPU.Build.0 = Mono Debug|Any CPU
		{5A79EEF3-51C0-4A14-8D37-50EF38AD835D}.Mono Release|Any CPU.ActiveCfg = Mono Release|Any CPU
		{5A79EEF3-51C0-4A14-8D37-50EF38AD835D}.Mono Release|Any CPU.Build.0 = Mono Release|Any CPU
		{5A79EEF3-51C0-4A14-8D37-50EF38AD835D}.Release|Any CPU.ActiveCfg = Release|Any CPU
		{5A79EEF3-51C0-4A14-8D37-50EF38AD835D}.Release|Any CPU.Build.0 = Release|Any CPU
		{A5E7AEB3-738F-4C39-A459-00F90483B2FE}.Coverage|Any CPU.ActiveCfg = Coverage|Any CPU
		{A5E7AEB3-738F-4C39-A459-00F90483B2FE}.Coverage|Any CPU.Build.0 = Coverage|Any CPU
		{A5E7AEB3-738F-4C39-A459-00F90483B2FE}.Debug|Any CPU.ActiveCfg = Debug|Any CPU
		{A5E7AEB3-738F-4C39-A459-00F90483B2FE}.Debug|Any CPU.Build.0 = Debug|Any CPU
		{A5E7AEB3-738F-4C39-A459-00F90483B2FE}.Mono Debug|Any CPU.ActiveCfg = Mono Debug|Any CPU
		{A5E7AEB3-738F-4C39-A459-00F90483B2FE}.Mono Debug|Any CPU.Build.0 = Mono Debug|Any CPU
		{A5E7AEB3-738F-4C39-A459-00F90483B2FE}.Mono Release|Any CPU.ActiveCfg = Mono Release|Any CPU
		{A5E7AEB3-738F-4C39-A459-00F90483B2FE}.Mono Release|Any CPU.Build.0 = Mono Release|Any CPU
		{A5E7AEB3-738F-4C39-A459-00F90483B2FE}.Release|Any CPU.ActiveCfg = Release|Any CPU
		{A5E7AEB3-738F-4C39-A459-00F90483B2FE}.Release|Any CPU.Build.0 = Release|Any CPU
		{53AB7187-CDF3-48B5-B90E-8919D3CB904D}.Coverage|Any CPU.ActiveCfg = Coverage|Any CPU
		{53AB7187-CDF3-48B5-B90E-8919D3CB904D}.Coverage|Any CPU.Build.0 = Coverage|Any CPU
		{53AB7187-CDF3-48B5-B90E-8919D3CB904D}.Debug|Any CPU.ActiveCfg = Debug|Any CPU
		{53AB7187-CDF3-48B5-B90E-8919D3CB904D}.Debug|Any CPU.Build.0 = Debug|Any CPU
		{53AB7187-CDF3-48B5-B90E-8919D3CB904D}.Mono Debug|Any CPU.ActiveCfg = Mono Debug|Any CPU
		{53AB7187-CDF3-48B5-B90E-8919D3CB904D}.Mono Debug|Any CPU.Build.0 = Mono Debug|Any CPU
		{53AB7187-CDF3-48B5-B90E-8919D3CB904D}.Mono Release|Any CPU.ActiveCfg = Mono Release|Any CPU
		{53AB7187-CDF3-48B5-B90E-8919D3CB904D}.Mono Release|Any CPU.Build.0 = Mono Release|Any CPU
		{53AB7187-CDF3-48B5-B90E-8919D3CB904D}.Release|Any CPU.ActiveCfg = Release|Any CPU
		{53AB7187-CDF3-48B5-B90E-8919D3CB904D}.Release|Any CPU.Build.0 = Release|Any CPU
		{E5556BC6-A7FD-4D8E-8A7D-7648DF1D7471}.Coverage|Any CPU.ActiveCfg = Release|Any CPU
		{E5556BC6-A7FD-4D8E-8A7D-7648DF1D7471}.Coverage|Any CPU.Build.0 = Release|Any CPU
		{E5556BC6-A7FD-4D8E-8A7D-7648DF1D7471}.Debug|Any CPU.ActiveCfg = Debug|Any CPU
		{E5556BC6-A7FD-4D8E-8A7D-7648DF1D7471}.Debug|Any CPU.Build.0 = Debug|Any CPU
		{E5556BC6-A7FD-4D8E-8A7D-7648DF1D7471}.Mono Debug|Any CPU.ActiveCfg = Debug|Any CPU
		{E5556BC6-A7FD-4D8E-8A7D-7648DF1D7471}.Mono Debug|Any CPU.Build.0 = Debug|Any CPU
		{E5556BC6-A7FD-4D8E-8A7D-7648DF1D7471}.Mono Release|Any CPU.ActiveCfg = Release|Any CPU
		{E5556BC6-A7FD-4D8E-8A7D-7648DF1D7471}.Mono Release|Any CPU.Build.0 = Release|Any CPU
		{E5556BC6-A7FD-4D8E-8A7D-7648DF1D7471}.Release|Any CPU.ActiveCfg = Release|Any CPU
		{E5556BC6-A7FD-4D8E-8A7D-7648DF1D7471}.Release|Any CPU.Build.0 = Release|Any CPU
		{A07D7E9A-C6D8-4C0F-9359-77A7787B2565}.Coverage|Any CPU.ActiveCfg = Release|Any CPU
		{A07D7E9A-C6D8-4C0F-9359-77A7787B2565}.Coverage|Any CPU.Build.0 = Release|Any CPU
		{A07D7E9A-C6D8-4C0F-9359-77A7787B2565}.Debug|Any CPU.ActiveCfg = Debug|Any CPU
		{A07D7E9A-C6D8-4C0F-9359-77A7787B2565}.Debug|Any CPU.Build.0 = Debug|Any CPU
		{A07D7E9A-C6D8-4C0F-9359-77A7787B2565}.Mono Debug|Any CPU.ActiveCfg = Debug|Any CPU
		{A07D7E9A-C6D8-4C0F-9359-77A7787B2565}.Mono Debug|Any CPU.Build.0 = Debug|Any CPU
		{A07D7E9A-C6D8-4C0F-9359-77A7787B2565}.Mono Release|Any CPU.ActiveCfg = Release|Any CPU
		{A07D7E9A-C6D8-4C0F-9359-77A7787B2565}.Mono Release|Any CPU.Build.0 = Release|Any CPU
		{A07D7E9A-C6D8-4C0F-9359-77A7787B2565}.Release|Any CPU.ActiveCfg = Release|Any CPU
		{A07D7E9A-C6D8-4C0F-9359-77A7787B2565}.Release|Any CPU.Build.0 = Release|Any CPU
		{E961D080-F10B-4F11-BEA0-056509C086CC}.Coverage|Any CPU.ActiveCfg = Release|Any CPU
		{E961D080-F10B-4F11-BEA0-056509C086CC}.Coverage|Any CPU.Build.0 = Release|Any CPU
		{E961D080-F10B-4F11-BEA0-056509C086CC}.Debug|Any CPU.ActiveCfg = Debug|Any CPU
		{E961D080-F10B-4F11-BEA0-056509C086CC}.Debug|Any CPU.Build.0 = Debug|Any CPU
		{E961D080-F10B-4F11-BEA0-056509C086CC}.Mono Debug|Any CPU.ActiveCfg = Debug|Any CPU
		{E961D080-F10B-4F11-BEA0-056509C086CC}.Mono Debug|Any CPU.Build.0 = Debug|Any CPU
		{E961D080-F10B-4F11-BEA0-056509C086CC}.Mono Release|Any CPU.ActiveCfg = Release|Any CPU
		{E961D080-F10B-4F11-BEA0-056509C086CC}.Mono Release|Any CPU.Build.0 = Release|Any CPU
		{E961D080-F10B-4F11-BEA0-056509C086CC}.Release|Any CPU.ActiveCfg = Release|Any CPU
		{E961D080-F10B-4F11-BEA0-056509C086CC}.Release|Any CPU.Build.0 = Release|Any CPU
		{26DC17AC-A390-4515-A2C0-07A0950036C5}.Coverage|Any CPU.ActiveCfg = Release|Any CPU
		{26DC17AC-A390-4515-A2C0-07A0950036C5}.Coverage|Any CPU.Build.0 = Release|Any CPU
		{26DC17AC-A390-4515-A2C0-07A0950036C5}.Debug|Any CPU.ActiveCfg = Debug|Any CPU
		{26DC17AC-A390-4515-A2C0-07A0950036C5}.Debug|Any CPU.Build.0 = Debug|Any CPU
		{26DC17AC-A390-4515-A2C0-07A0950036C5}.Mono Debug|Any CPU.ActiveCfg = Debug|Any CPU
		{26DC17AC-A390-4515-A2C0-07A0950036C5}.Mono Debug|Any CPU.Build.0 = Debug|Any CPU
		{26DC17AC-A390-4515-A2C0-07A0950036C5}.Mono Release|Any CPU.ActiveCfg = Release|Any CPU
		{26DC17AC-A390-4515-A2C0-07A0950036C5}.Mono Release|Any CPU.Build.0 = Release|Any CPU
		{26DC17AC-A390-4515-A2C0-07A0950036C5}.Release|Any CPU.ActiveCfg = Release|Any CPU
		{26DC17AC-A390-4515-A2C0-07A0950036C5}.Release|Any CPU.Build.0 = Release|Any CPU
	EndGlobalSection
	GlobalSection(SolutionProperties) = preSolution
		HideSolutionNode = FALSE
	EndGlobalSection
	GlobalSection(NestedProjects) = preSolution
		{72887A16-F39B-4B21-9B76-33AE5004DE0B} = {3EF356B5-E2D3-45E3-B515-99F4611ACBDA}
		{CB95A418-1524-48D7-96F5-3A3E733E41CC} = {72887A16-F39B-4B21-9B76-33AE5004DE0B}
		{83AEE32C-FFCC-43A6-898B-D7DF81774C25} = {72887A16-F39B-4B21-9B76-33AE5004DE0B}
	EndGlobalSection
EndGlobal
