{
  "version": 1,
  "dependencies": {
    ".NETFramework,Version=v4.7.2": {
      "Microsoft.CSharp": {
        "type": "Direct",
        "requested": "[4.3.0, )",
        "resolved": "4.3.0",
        "contentHash": "P+MBhIM0YX+JqROuf7i306ZLJEjQYA9uUyRDE+OqwUI5sh41e2ZbPQV3LfAPh+29cmceE1pUffXsGfR4eMY3KA=="
      },
      "Newtonsoft.Json": {
        "type": "Direct",
        "requested": "[6.0.4, )",
        "resolved": "6.0.4",
        "contentHash": "FyQLmEpjsCrEP+znauLDGAi+h6i9YnaMkITlfIoiM4RYyX3nki306bTHsr/0okiIvIc7BJhQTbOAIZVocccFUw=="
      }
    }
  }
}