{
  "version": 1,
  "dependencies": {
    ".NETCoreApp,Version=v2.0": {
      "Microsoft.CodeAnalysis": {
        "type": "Direct",
        "requested": "[2.9.0, )",
        "resolved": "2.9.0",
        "contentHash": "3ldTJNsPJn+VZi8enS/04FKf6Rv/MLMdldqHAiff3f7AYneyTBF56SqvIqDzpu41TFpsPMvrbBI7s9BkF9LM7w==",
        "dependencies": {
          "Microsoft.CodeAnalysis.CSharp.Workspaces": "[2.9.0]",
          "Microsoft.CodeAnalysis.VisualBasic.Workspaces": "[2.9.0]"
        }
      },
      "Microsoft.CodeAnalysis.CSharp": {
        "type": "Direct",
        "requested": "[2.9.0, )",
        "resolved": "2.9.0",
        "contentHash": "oiCPHjCLZtyAz/vnMRJI0PrhR/amJiR9RIwPpQ3+DMs7TgegGn65/dqYEcoiWSj8YQvwOK/J640EXMydMDLJVQ==",
        "dependencies": {
          "Microsoft.CodeAnalysis.Common": "[2.9.0]"
        }
      },
      "Microsoft.NETCore.App": {
        "type": "Direct",
        "requested": "[2.0.0, )",
        "resolved": "2.0.0",
        "contentHash": "/mzXF+UtZef+VpzzN88EpvFq5U6z4rj54ZMq/J968H6pcvyLOmcupmTRpJ3CJm8ILoCGh9WI7qpDdiKtuzswrQ==",
        "dependencies": {
          "Microsoft.NETCore.DotNetHostPolicy": "2.0.0",
          "Microsoft.NETCore.Platforms": "2.0.0",
          "NETStandard.Library": "2.0.0"
        }
      },
      "Newtonsoft.Json": {
        "type": "Direct",
        "requested": "[11.0.2, )",
        "resolved": "11.0.2",
        "contentHash": "IvJe1pj7JHEsP8B8J8DwlMEx8UInrs/x+9oVY+oCD13jpLu4JbJU2WCIsMRn5C4yW9+DgkaO8uiVE5VHKjpmdQ=="
      },
      "System.Runtime.Loader": {
        "type": "Direct",
        "requested": "[4.3.0, )",
        "resolved": "4.3.0",
        "contentHash": "DHMaRn8D8YCK2GG2pw+UzNxn/OHVfaWx7OTLBD/hPegHZZgcZh3H6seWegrC4BYwsfuGrywIuT+MQs+rPqRLTQ==",
        "dependencies": {
          "System.IO": "4.3.0",
          "System.Reflection": "4.3.0",
          "System.Runtime": "4.3.0"
        }
      },
      "Microsoft.CodeAnalysis.Analyzers": {
        "type": "Transitive",
        "resolved": "2.6.1",
        "contentHash": "VsT6gg2SPeToP8SK7PEcsH6Ftryb7aOqnXh9xg11zBeov05+63gP3k/TvrR+v85XIa8Nn0y3+qNl4M+qzNLBfw=="
      },
      "Microsoft.CodeAnalysis.Common": {
        "type": "Transitive",
        "resolved": "2.9.0",
        "contentHash": "M06oYATUMAqL/ympQ09zNHOrRc6sEwgsiueK6z+QPOgyr028i54NviKy7Evfcvv7Kr0LX9MEmrKXPO2NZ+bZ5Q==",
        "dependencies": {
          "Microsoft.CodeAnalysis.Analyzers": "2.6.1",
          "System.AppContext": "4.3.0",
          "System.Collections": "4.3.0",
          "System.Collections.Concurrent": "4.3.0",
          "System.Collections.Immutable": "1.5.0",
          "System.Console": "4.3.0",
          "System.Diagnostics.Debug": "4.3.0",
          "System.Diagnostics.FileVersionInfo": "4.3.0",
          "System.Diagnostics.StackTrace": "4.3.0",
          "System.Diagnostics.Tools": "4.3.0",
          "System.Dynamic.Runtime": "4.3.0",
          "System.Globalization": "4.3.0",
          "System.IO.Compression": "4.3.0",
          "System.IO.FileSystem": "4.3.0",
          "System.IO.FileSystem.Primitives": "4.3.0",
          "System.Linq": "4.3.0",
          "System.Linq.Expressions": "4.3.0",
          "System.Reflection": "4.3.0",
          "System.Reflection.Metadata": "1.6.0",
          "System.Resources.ResourceManager": "4.3.0",
          "System.Runtime": "4.3.0",
          "System.Runtime.Extensions": "4.3.0",
          "System.Runtime.InteropServices": "4.3.0",
          "System.Runtime.Numerics": "4.3.0",
          "System.Security.Cryptography.Algorithms": "4.3.0",
          "System.Security.Cryptography.Encoding": "4.3.0",
          "System.Security.Cryptography.X509Certificates": "4.3.0",
          "System.Text.Encoding": "4.3.0",
          "System.Text.Encoding.CodePages": "4.3.0",
          "System.Text.Encoding.Extensions": "4.3.0",
          "System.Threading": "4.3.0",
          "System.Threading.Tasks": "4.3.0",
          "System.Threading.Tasks.Extensions": "4.3.0",
          "System.Threading.Tasks.Parallel": "4.3.0",
          "System.Threading.Thread": "4.3.0",
          "System.ValueTuple": "4.3.0",
          "System.Xml.ReaderWriter": "4.3.0",
          "System.Xml.XDocument": "4.3.0",
          "System.Xml.XPath.XDocument": "4.3.0",
          "System.Xml.XmlDocument": "4.3.0"
        }
      },
      "Microsoft.CodeAnalysis.CSharp.Workspaces": {
        "type": "Transitive",
        "resolved": "2.9.0",
        "contentHash": "ZVPi+NQcxLbHbKb77qbtRcne5AjbYQXIJYjQMI2dwLKU8PlZaWajZEEhSbin4FED3t4KL6T0RaAx8m8uJtAX2A==",
        "dependencies": {
          "Microsoft.CodeAnalysis.CSharp": "[2.9.0]",
          "Microsoft.CodeAnalysis.Workspaces.Common": "[2.9.0]"
        }
      },
      "Microsoft.CodeAnalysis.VisualBasic": {
        "type": "Transitive",
        "resolved": "2.9.0",
        "contentHash": "dUKemkcCwT8TfXmvjps7RrI9G5C2XgRf3pjhcMEH+ikyLsXqFstDsA3uP4waeJ4gi+4gaCehjmdDGO3UaaKBSA==",
        "dependencies": {
          "Microsoft.CodeAnalysis.Common": "2.9.0"
        }
      },
      "Microsoft.CodeAnalysis.VisualBasic.Workspaces": {
        "type": "Transitive",
        "resolved": "2.9.0",
        "contentHash": "FkFdX/incH1at2EapaBSAXeJHdilmyMOjS0FIaPfvd7Bau0b57/r312JxSGHslKjEWY+2UlWUPoPCYa9oH5hHw==",
        "dependencies": {
          "Microsoft.CodeAnalysis.VisualBasic": "[2.9.0]",
          "Microsoft.CodeAnalysis.Workspaces.Common": "[2.9.0]"
        }
      },
      "Microsoft.CodeAnalysis.Workspaces.Common": {
        "type": "Transitive",
        "resolved": "2.9.0",
        "contentHash": "Py0UX0Cdh04puqDoE6kBS60j+8nJeJqSUxWQPFpxW6btas5Y2A4io4daJIy0DFz4Y49jcMtS5ynvXdkyIWvl/Q==",
        "dependencies": {
          "Microsoft.CodeAnalysis.Common": "[2.9.0]",
          "System.Composition": "1.0.31",
          "System.Diagnostics.Contracts": "4.3.0",
          "System.Linq.Parallel": "4.3.0",
          "System.ObjectModel": "4.3.0",
          "System.Text.RegularExpressions": "4.3.0",
          "System.Threading.Tasks.Parallel": "4.3.0"
        }
      },
      "Microsoft.NETCore.DotNetAppHost": {
        "type": "Transitive",
        "resolved": "2.0.0",
        "contentHash": "L4GGkcI/Mxl8PKLRpFdGmLb5oI8sGIR05bDTGkzCoamAjdUl1Zhkov2swjEsZvKYT8kkdiz39LtwyGYuCJxm1A=="
      },
      "Microsoft.NETCore.DotNetHostPolicy": {
        "type": "Transitive",
        "resolved": "2.0.0",
        "contentHash": "rm7mMn0A93fwyAwVhbyOCcPuu2hZNL0A0dAur9sNG9pEkONPfCEQeF7m2mC8KpqZO0Ol6tpV5J0AF3HTXT3GXA==",
        "dependencies": {
          "Microsoft.NETCore.DotNetHostResolver": "2.0.0"
        }
      },
      "Microsoft.NETCore.DotNetHostResolver": {
        "type": "Transitive",
        "resolved": "2.0.0",
        "contentHash": "uBbjpeSrwsaTCADZCzRk+3aBzNnMqkC4zftJWBsL+Zk+8u+W+/lMb2thM5Y4hiVrv1YQg9t6dKldXzOKkY+pQw==",
        "dependencies": {
          "Microsoft.NETCore.DotNetAppHost": "2.0.0"
        }
      },
      "Microsoft.NETCore.Platforms": {
        "type": "Transitive",
        "resolved": "2.0.0",
        "contentHash": "VdLJOCXhZaEMY7Hm2GKiULmn7IEPFE4XC5LPSfBVCUIA8YLZVh846gtfBJalsPQF2PlzdD7ecX7DZEulJ402ZQ=="
      },
      "Microsoft.NETCore.Targets": {
        "type": "Transitive",
        "resolved": "1.1.0",
        "contentHash": "JFoFlE+s92bQksXVDwfQPBCf/eGLLIBcxEwuUva82KN079lG0KTQiWRTSKaCaXLThMohP9IXgy22eZCkOkwNIA=="
      },
      "NETStandard.Library": {
        "type": "Transitive",
        "resolved": "2.0.0",
        "contentHash": "7jnbRU+L08FXKMxqUflxEXtVymWvNOrS8yHgu9s6EM8Anr6T/wIX4nZ08j/u3Asz+tCufp3YVwFSEvFTPYmBPA==",
        "dependencies": {
          "Microsoft.NETCore.Platforms": "1.1.0"
        }
      },
      "runtime.debian.8-x64.runtime.native.System.Security.Cryptography.OpenSsl": {
        "type": "Transitive",
        "resolved": "4.3.0",
        "contentHash": "OC4N/9/h5o82cVZT5xDYLweAt/DvGfvxRA+LxtAVgIck9UXqZVBPddeUH/uSE9ANGlhE7ar77+kjtOdJpsghyw=="
      },
      "runtime.fedora.23-x64.runtime.native.System.Security.Cryptography.OpenSsl": {
        "type": "Transitive",
        "resolved": "4.3.0",
        "contentHash": "5hnkCG1lDYlcmcds11NyDLGxfi97dZmStdsY/I2iH0/cBKHrqno9jVlGrFLI8eQWEsxCLop0vj3f4YWGfJxi8w=="
      },
      "runtime.fedora.24-x64.runtime.native.System.Security.Cryptography.OpenSsl": {
        "type": "Transitive",
        "resolved": "4.3.0",
        "contentHash": "10lC2+5ImKZ3U+WPyYI+Idk+BWVLKSUoCmeZIEtE6UHYq7eiZJBOjCT2A8ivKNX/AALKt5S66RDTWgawVY7guA=="
      },
      "runtime.native.System": {
        "type": "Transitive",
        "resolved": "4.3.0",
        "contentHash": "OJt7kV0xjgrGIO9dmygcZTzr8wFMpr8t17okLvtFEhSL+Hy9gvg8uGPUZH/IR+vjU7LSdg/lKweDNCrHEKHYXw==",
        "dependencies": {
          "Microsoft.NETCore.Platforms": "1.1.0",
          "Microsoft.NETCore.Targets": "1.1.0"
        }
      },
      "runtime.native.System.IO.Compression": {
        "type": "Transitive",
        "resolved": "4.3.0",
        "contentHash": "2epWZoIZWlzFvyZZIoe/Jk0f3zYkg/4kPH8ufeyZ9V4sdia0WQdGSOO7+AA03eQcLhV8r+kPH3w1Xwb1tIFY4A==",
        "dependencies": {
          "Microsoft.NETCore.Platforms": "1.1.0",
          "Microsoft.NETCore.Targets": "1.1.0"
        }
      },
      "runtime.native.System.Net.Http": {
        "type": "Transitive",
        "resolved": "4.3.0",
        "contentHash": "byd0WJYdKNXFThd70nBpqPUmk5x6Le1YO9iTDJM6vHszz2iFwxNnz5PljhTBBJgwaSjyOkJOdk7C61FLyoUlLQ==",
        "dependencies": {
          "Microsoft.NETCore.Platforms": "1.1.0",
          "Microsoft.NETCore.Targets": "1.1.0"
        }
      },
      "runtime.native.System.Security.Cryptography.Apple": {
        "type": "Transitive",
        "resolved": "4.3.0",
        "contentHash": "m8177a64R05Tze41qLz7dPtLnvQll4yYgEDYZERVOlEZ+b4ucDmWM0VoSxaGVlWCEr1Dls1Ty9pD7BsWPbSiEQ==",
        "dependencies": {
          "runtime.osx.10.10-x64.runtime.native.System.Security.Cryptography.Apple": "4.3.0"
        }
      },
      "runtime.native.System.Security.Cryptography.OpenSsl": {
        "type": "Transitive",
        "resolved": "4.3.0",
        "contentHash": "cf5sB00QnqejVbbt5URL548Bs+BAHlXmElWFQASszzKqzR72mw7YwLSaeoAyQ9FqahVp+IIzhJxuqVCXkaM9gA==",
        "dependencies": {
          "runtime.debian.8-x64.runtime.native.System.Security.Cryptography.OpenSsl": "4.3.0",
          "runtime.fedora.23-x64.runtime.native.System.Security.Cryptography.OpenSsl": "4.3.0",
          "runtime.fedora.24-x64.runtime.native.System.Security.Cryptography.OpenSsl": "4.3.0",
          "runtime.opensuse.13.2-x64.runtime.native.System.Security.Cryptography.OpenSsl": "4.3.0",
          "runtime.opensuse.42.1-x64.runtime.native.System.Security.Cryptography.OpenSsl": "4.3.0",
          "runtime.osx.10.10-x64.runtime.native.System.Security.Cryptography.OpenSsl": "4.3.0",
          "runtime.rhel.7-x64.runtime.native.System.Security.Cryptography.OpenSsl": "4.3.0",
          "runtime.ubuntu.14.04-x64.runtime.native.System.Security.Cryptography.OpenSsl": "4.3.0",
          "runtime.ubuntu.16.04-x64.runtime.native.System.Security.Cryptography.OpenSsl": "4.3.0",
          "runtime.ubuntu.16.10-x64.runtime.native.System.Security.Cryptography.OpenSsl": "4.3.0"
        }
      },
      "runtime.opensuse.13.2-x64.runtime.native.System.Security.Cryptography.OpenSsl": {
        "type": "Transitive",
        "resolved": "4.3.0",
        "contentHash": "fSExnM1euZtjZpymvSd/Wg8njOlk49hAPnmrFokV68c+6LzKy6v2tgJq2LSmATR0Wb7FDejfWkck8fjR46e4tw=="
      },
      "runtime.opensuse.42.1-x64.runtime.native.System.Security.Cryptography.OpenSsl": {
        "type": "Transitive",
        "resolved": "4.3.0",
        "contentHash": "+FbXEqsv9GOHYGl2QnNQvG2/BZsQVXB+j9NL6nO62lNozdxDHhNFHp04tpOvkKsdVPvSCx5StZSkeAir1VmIbA=="
      },
      "runtime.osx.10.10-x64.runtime.native.System.Security.Cryptography.Apple": {
        "type": "Transitive",
        "resolved": "4.3.0",
        "contentHash": "U6DFEEJqW66ctBqfu0Uh1WutOb3QEymGii5jFE8L9/50GbyF6wNLPNx7rTOdjapeOUvFx4J6zET+zwyajN5Efw=="
      },
      "runtime.osx.10.10-x64.runtime.native.System.Security.Cryptography.OpenSsl": {
        "type": "Transitive",
        "resolved": "4.3.0",
        "contentHash": "cECKTL4dDrFSOixmbBxc7/GSCfabHrPZ6FDahI7he01I0XvQiLAbIJsZgobdMLeBtlFapvvNgSrseLxG9x0tCg=="
      },
      "runtime.rhel.7-x64.runtime.native.System.Security.Cryptography.OpenSsl": {
        "type": "Transitive",
        "resolved": "4.3.0",
        "contentHash": "oIxC5EeW+6seQtZQjhRJoj3+Mb7t6Ssfar4eTmga/2y+kKob7x03Aey41fzZLq1HPzIScJtE3ItnMm1VSoCszQ=="
      },
      "runtime.ubuntu.14.04-x64.runtime.native.System.Security.Cryptography.OpenSsl": {
        "type": "Transitive",
        "resolved": "4.3.0",
        "contentHash": "GXaC5CPHg/tEJWnGu/RbOxsVYMgN3/XSVh91zNrIZ/nHAeTM0ncPDn297jJWAoGT++JdjQN2FF1g8fFCPd1F8g=="
      },
      "runtime.ubuntu.16.04-x64.runtime.native.System.Security.Cryptography.OpenSsl": {
        "type": "Transitive",
        "resolved": "4.3.0",
        "contentHash": "b8+D5EKHYP0QrjeDwt3/QSmirRPNWZnAb6Wc/opqeCPoO5SfpOZ2u+8DAji3LFU+VHwz0V+GRca8vkACHsMcUQ=="
      },
      "runtime.ubuntu.16.10-x64.runtime.native.System.Security.Cryptography.OpenSsl": {
        "type": "Transitive",
        "resolved": "4.3.0",
        "contentHash": "8PpbWQszEd5vgPDCILpsq1gKgQ1wjl9ObefAU5w0q5WCx54lPl+MPV0lpi50A7yeV93a+sxyuBwi0OZte4h8sA=="
      },
      "System.AppContext": {
        "type": "Transitive",
        "resolved": "4.3.0",
        "contentHash": "mxwYJ69Y5xS9/Zl7e/LOdksq451nx0KBpu+xfLPZGGh9BhHESKtnlBc97jFeGHG+yjNGkr1Q3RT2VJcwm2c80w==",
        "dependencies": {
          "System.Runtime": "4.3.0"
        }
      },
      "System.Buffers": {
        "type": "Transitive",
        "resolved": "4.3.0",
        "contentHash": "eQAvCk2CKY8IiO/mDwttFqgdmW30yiuIi/SCx+rofGirYGqjjK9j7uVnIUs8P9o5R1flCOKY4MFd2GGh1d4oyA==",
        "dependencies": {
          "System.Diagnostics.Debug": "4.3.0",
          "System.Diagnostics.Tracing": "4.3.0",
          "System.Resources.ResourceManager": "4.3.0",
          "System.Runtime": "4.3.0",
          "System.Threading": "4.3.0"
        }
      },
      "System.Collections": {
        "type": "Transitive",
        "resolved": "4.3.0",
        "contentHash": "cI8N773VAhZKFYe+o8JwzDvIwRki3FMJZBd4f0aTTfG3i1l5LbHils84CORjii2ygYQhM9RzyXyIR38QcqVeXg==",
        "dependencies": {
          "Microsoft.NETCore.Platforms": "1.1.0",
          "Microsoft.NETCore.Targets": "1.1.0",
          "System.Runtime": "4.3.0"
        }
      },
      "System.Collections.Concurrent": {
        "type": "Transitive",
        "resolved": "4.3.0",
        "contentHash": "s8UqYVK3GEhuuLdl39eo2rXAK4+JpcmpjT45C97x+745VhkkgX4PSts0ilBSKalQG9U7JBIRlicEU7ogawubQA==",
        "dependencies": {
          "System.Collections": "4.3.0",
          "System.Diagnostics.Debug": "4.3.0",
          "System.Diagnostics.Tracing": "4.3.0",
          "System.Globalization": "4.3.0",
          "System.Reflection": "4.3.0",
          "System.Resources.ResourceManager": "4.3.0",
          "System.Runtime": "4.3.0",
          "System.Runtime.Extensions": "4.3.0",
          "System.Threading": "4.3.0",
          "System.Threading.Tasks": "4.3.0"
        }
      },
      "System.Collections.Immutable": {
        "type": "Transitive",
        "resolved": "1.5.0",
        "contentHash": "EXKiDFsChZW0RjrZ4FYHu9aW6+P4MCgEDCklsVseRfhoO0F+dXeMSsMRAlVXIo06kGJ/zv+2w1a2uc2+kxxSaQ=="
      },
      "System.Composition": {
        "type": "Transitive",
        "resolved": "1.0.31",
        "contentHash": "I+D26qpYdoklyAVUdqwUBrEIckMNjAYnuPJy/h9dsQItpQwVREkDFs4b4tkBza0kT2Yk48Lcfsv2QQ9hWsh9Iw==",
        "dependencies": {
          "System.Composition.AttributedModel": "1.0.31",
          "System.Composition.Convention": "1.0.31",
          "System.Composition.Hosting": "1.0.31",
          "System.Composition.Runtime": "1.0.31",
          "System.Composition.TypedParts": "1.0.31"
        }
      },
      "System.Composition.AttributedModel": {
        "type": "Transitive",
        "resolved": "1.0.31",
        "contentHash": "NHWhkM3ZkspmA0XJEsKdtTt1ViDYuojgSND3yHhTzwxepiwqZf+BCWuvCbjUt4fe0NxxQhUDGJ5km6sLjo9qnQ==",
        "dependencies": {
          "System.Reflection": "4.3.0",
          "System.Runtime": "4.3.0"
        }
      },
      "System.Composition.Convention": {
        "type": "Transitive",
        "resolved": "1.0.31",
        "contentHash": "GLjh2Ju71k6C0qxMMtl4efHa68NmWeIUYh4fkUI8xbjQrEBvFmRwMDFcylT8/PR9SQbeeL48IkFxU/+gd0nYEQ==",
        "dependencies": {
          "System.Collections": "4.3.0",
          "System.Composition.AttributedModel": "1.0.31",
          "System.Diagnostics.Debug": "4.3.0",
          "System.Diagnostics.Tools": "4.3.0",
          "System.Globalization": "4.3.0",
          "System.Linq": "4.3.0",
          "System.Linq.Expressions": "4.3.0",
          "System.Reflection": "4.3.0",
          "System.Reflection.Extensions": "4.3.0",
          "System.Resources.ResourceManager": "4.3.0",
          "System.Runtime": "4.3.0",
          "System.Threading": "4.3.0"
        }
      },
      "System.Composition.Hosting": {
        "type": "Transitive",
        "resolved": "1.0.31",
        "contentHash": "fN1bT4RX4vUqjbgoyuJFVUizAl2mYF5VAb+bVIxIYZSSc0BdnX+yGAxcavxJuDDCQ1K+/mdpgyEFc8e9ikjvrg==",
        "dependencies": {
          "System.Collections": "4.3.0",
          "System.Composition.Runtime": "1.0.31",
          "System.Diagnostics.Debug": "4.3.0",
          "System.Diagnostics.Tools": "4.3.0",
          "System.Globalization": "4.3.0",
          "System.Linq": "4.3.0",
          "System.Linq.Expressions": "4.3.0",
          "System.ObjectModel": "4.3.0",
          "System.Reflection": "4.3.0",
          "System.Reflection.Extensions": "4.3.0",
          "System.Resources.ResourceManager": "4.3.0",
          "System.Runtime": "4.3.0",
          "System.Threading": "4.3.0"
        }
      },
      "System.Composition.Runtime": {
        "type": "Transitive",
        "resolved": "1.0.31",
        "contentHash": "0LEJN+2NVM89CE4SekDrrk5tHV5LeATltkp+9WNYrR+Huiyt0vaCqHbbHtVAjPyeLWIc8dOz/3kthRBj32wGQg==",
        "dependencies": {
          "System.Collections": "4.3.0",
          "System.Diagnostics.Debug": "4.3.0",
          "System.Diagnostics.Tools": "4.3.0",
          "System.Globalization": "4.3.0",
          "System.Linq": "4.3.0",
          "System.Reflection": "4.3.0",
          "System.Resources.ResourceManager": "4.3.0",
          "System.Runtime": "4.3.0"
        }
      },
      "System.Composition.TypedParts": {
        "type": "Transitive",
        "resolved": "1.0.31",
        "contentHash": "0Zae/FtzeFgDBBuILeIbC/T9HMYbW4olAmi8XqqAGosSOWvXfiQLfARZEhiGd0LVXaYgXr0NhxiU1LldRP1fpQ==",
        "dependencies": {
          "System.Collections": "4.3.0",
          "System.Composition.AttributedModel": "1.0.31",
          "System.Composition.Hosting": "1.0.31",
          "System.Composition.Runtime": "1.0.31",
          "System.Diagnostics.Debug": "4.3.0",
          "System.Diagnostics.Tools": "4.3.0",
          "System.Globalization": "4.3.0",
          "System.Linq": "4.3.0",
          "System.Linq.Expressions": "4.3.0",
          "System.Reflection": "4.3.0",
          "System.Reflection.Extensions": "4.3.0",
          "System.Resources.ResourceManager": "4.3.0",
          "System.Runtime": "4.3.0",
          "System.Runtime.Extensions": "4.3.0"
        }
      },
      "System.Console": {
        "type": "Transitive",
        "resolved": "4.3.0",
        "contentHash": "SwBToTaKNJZ/+2eg2ECmzY+BOg9o5GwDpNh2o3PXnhmafaPLemiMlKvDUZm08t6XaXIOgKXQH6zkIT6cNV0e9A==",
        "dependencies": {
          "Microsoft.NETCore.Platforms": "1.1.0",
          "Microsoft.NETCore.Targets": "1.1.0",
          "System.IO": "4.3.0",
          "System.Runtime": "4.3.0",
          "System.Text.Encoding": "4.3.0"
        }
      },
      "System.Diagnostics.Contracts": {
        "type": "Transitive",
        "resolved": "4.3.0",
        "contentHash": "eelRRbnm+OloiQvp9CXS0ixjNQldjjkHO4iIkR5XH2VIP8sUB/SIpa1TdUW6/+HDcQ+MlhP3pNa1u5SbzYuWGA==",
        "dependencies": {
          "System.Runtime": "4.3.0"
        }
      },
      "System.Diagnostics.Debug": {
        "type": "Transitive",
        "resolved": "4.3.0",
        "contentHash": "zhp+cwYGWBxBnJsuelnc39z7RQ/B6GBUoD22NtRCMQaCxTtH2+vLOEjOliKhDk4BE/Z1b+SY6h2gGhnVnGv2dg==",
        "dependencies": {
          "Microsoft.NETCore.Platforms": "1.1.0",
          "Microsoft.NETCore.Targets": "1.1.0",
          "System.Runtime": "4.3.0"
        }
      },
      "System.Diagnostics.FileVersionInfo": {
        "type": "Transitive",
        "resolved": "4.3.0",
        "contentHash": "OkNB+cUMrivYpvymUZ/plqBl3Nommoq6myv09hqU725EIBrI4WpMYZ7v58OZHZE2oa9ZldD7SjNT/MUbUM4gkQ==",
        "dependencies": {
          "Microsoft.NETCore.Platforms": "1.1.0",
          "System.Globalization": "4.3.0",
          "System.IO": "4.3.0",
          "System.IO.FileSystem": "4.3.0",
          "System.IO.FileSystem.Primitives": "4.3.0",
          "System.Reflection.Metadata": "1.4.1",
          "System.Runtime": "4.3.0",
          "System.Runtime.Extensions": "4.3.0",
          "System.Runtime.InteropServices": "4.3.0"
        }
      },
      "System.Diagnostics.StackTrace": {
        "type": "Transitive",
        "resolved": "4.3.0",
        "contentHash": "IF+gP/yxlsNau1pDpQBCOTToQAirXeMGngyh8McpAVwH6XfIGJKBTL7cRNgbFmcx5q7UNrS8+ZhPA8/eJ57Img==",
        "dependencies": {
          "System.IO.FileSystem": "4.3.0",
          "System.Reflection": "4.3.0",
          "System.Reflection.Metadata": "1.4.1",
          "System.Runtime": "4.3.0"
        }
      },
      "System.Diagnostics.Tools": {
        "type": "Transitive",
        "resolved": "4.3.0",
        "contentHash": "isQPnys+OjpIGUBdTFb3QYgcurnbQTJt59hxQo4pWnRxWAwg8aUh9rtFvQnwi0Muq0yLM3/QremlXXdxpf8U5g==",
        "dependencies": {
          "Microsoft.NETCore.Platforms": "1.1.0",
          "Microsoft.NETCore.Targets": "1.1.0",
          "System.Runtime": "4.3.0"
        }
      },
      "System.Diagnostics.Tracing": {
        "type": "Transitive",
        "resolved": "4.3.0",
        "contentHash": "Krwavn7yTVK68eEzsmXF8ES7xA2vUcgAVASfsGNoRyFyfAcRLH/tEWhSpXx/ILCLkGxbZc47Y1gCfQmAudpRAw==",
        "dependencies": {
          "Microsoft.NETCore.Platforms": "1.1.0",
          "Microsoft.NETCore.Targets": "1.1.0",
          "System.Runtime": "4.3.0"
        }
      },
      "System.Dynamic.Runtime": {
        "type": "Transitive",
        "resolved": "4.3.0",
        "contentHash": "M/4NKf2BW3OgjEEIY5zIICntbpzqG7mf6QW5/Sc8/jq6J1juU+r6Dd7Zy8BQc//BsgLN/ilp+jsidnNLvsvPlQ==",
        "dependencies": {
          "System.Collections": "4.3.0",
          "System.Diagnostics.Debug": "4.3.0",
          "System.Linq": "4.3.0",
          "System.Linq.Expressions": "4.3.0",
          "System.ObjectModel": "4.3.0",
          "System.Reflection": "4.3.0",
          "System.Reflection.Emit": "4.3.0",
          "System.Reflection.Emit.ILGeneration": "4.3.0",
          "System.Reflection.Primitives": "4.3.0",
          "System.Reflection.TypeExtensions": "4.3.0",
          "System.Resources.ResourceManager": "4.3.0",
          "System.Runtime": "4.3.0",
          "System.Runtime.Extensions": "4.3.0",
          "System.Threading": "4.3.0"
        }
      },
      "System.Globalization": {
        "type": "Transitive",
        "resolved": "4.3.0",
        "contentHash": "WNm6zIYGKI7OfsSHR2nnGNP8ETIOJieuUHqrzCEjsFRW0UhTT1y9OWPGBBMtqoW7dURyBvGW2g+2wNKnrBauTQ==",
        "dependencies": {
          "Microsoft.NETCore.Platforms": "1.1.0",
          "Microsoft.NETCore.Targets": "1.1.0",
          "System.Runtime": "4.3.0"
        }
      },
      "System.Globalization.Calendars": {
        "type": "Transitive",
        "resolved": "4.3.0",
        "contentHash": "L3YesDrnr9kUjp1Wp3BFd1WR5I8M8afWq+E4vEMMdNSvUi1uBW3TlgPDJQ0rpUuh7xyLgfY3nbmtCNgz5W9Vbw==",
        "dependencies": {
          "Microsoft.NETCore.Platforms": "1.1.0",
          "Microsoft.NETCore.Targets": "1.1.0",
          "System.Globalization": "4.3.0",
          "System.Runtime": "4.3.0"
        }
      },
      "System.IO": {
        "type": "Transitive",
        "resolved": "4.3.0",
        "contentHash": "z37g4okYBN5ysx/ARuh7GoypHV98/cffNo7iLnoZSnrFU67NHzt87Ox+sCQYxnDdDmTk9CsV7CnDPLYN3Ay8uA==",
        "dependencies": {
          "Microsoft.NETCore.Platforms": "1.1.0",
          "Microsoft.NETCore.Targets": "1.1.0",
          "System.Runtime": "4.3.0",
          "System.Text.Encoding": "4.3.0",
          "System.Threading.Tasks": "4.3.0"
        }
      },
      "System.IO.Compression": {
        "type": "Transitive",
        "resolved": "4.3.0",
        "contentHash": "PEVs0nwe7Bb9/dC479Gej5BEM6XkLv6CVpa8aZ+Ux8QT4udex1fKY8+1BwslovR/VBV21+iDU1iVtDmnth0DTw==",
        "dependencies": {
          "Microsoft.NETCore.Platforms": "1.1.0",
          "System.Buffers": "4.3.0",
          "System.Collections": "4.3.0",
          "System.Diagnostics.Debug": "4.3.0",
          "System.IO": "4.3.0",
          "System.Resources.ResourceManager": "4.3.0",
          "System.Runtime": "4.3.0",
          "System.Runtime.Extensions": "4.3.0",
          "System.Runtime.Handles": "4.3.0",
          "System.Runtime.InteropServices": "4.3.0",
          "System.Text.Encoding": "4.3.0",
          "System.Threading": "4.3.0",
          "System.Threading.Tasks": "4.3.0",
          "runtime.native.System": "4.3.0",
          "runtime.native.System.IO.Compression": "4.3.0"
        }
      },
      "System.IO.FileSystem": {
        "type": "Transitive",
        "resolved": "4.3.0",
        "contentHash": "aRro7s4tRSbW/C3ukEAvHIiydy3f37Bxvlmw+j/GxLhXcUkv84D4OwiO2vJM3r1KehyszE6EvyX6uoyR/r+vcg==",
        "dependencies": {
          "Microsoft.NETCore.Platforms": "1.1.0",
          "Microsoft.NETCore.Targets": "1.1.0",
          "System.IO": "4.3.0",
          "System.IO.FileSystem.Primitives": "4.3.0",
          "System.Runtime": "4.3.0",
          "System.Runtime.Handles": "4.3.0",
          "System.Text.Encoding": "4.3.0",
          "System.Threading.Tasks": "4.3.0"
        }
      },
      "System.IO.FileSystem.Primitives": {
        "type": "Transitive",
        "resolved": "4.3.0",
        "contentHash": "wPQxHRTOQjHSTCoeRhcaNgUiN6+XLClZ4cF0Vxtx1cNLT6R1h8dkQ6OI86hJ5U0k6xlACnZZK2uPPKyCxHT9hg==",
        "dependencies": {
          "System.Runtime": "4.3.0"
        }
      },
      "System.Linq": {
        "type": "Transitive",
        "resolved": "4.3.0",
        "contentHash": "geg256WzQ6sWriZcgPAesEyvxEeQA4bChtNS0oXIHPNcXUli+h57SgF8oAG82YYIWFkw1WtJY8Ipswoj1lIV0w==",
        "dependencies": {
          "System.Collections": "4.3.0",
          "System.Diagnostics.Debug": "4.3.0",
          "System.Resources.ResourceManager": "4.3.0",
          "System.Runtime": "4.3.0",
          "System.Runtime.Extensions": "4.3.0"
        }
      },
      "System.Linq.Expressions": {
        "type": "Transitive",
        "resolved": "4.3.0",
        "contentHash": "pUhwb1gZm4nYs1vWOSBEtgFL2sba471wBK56vD+E9QXQPMCotyNoUlXDQU6JKP3iiXcZAYiLph74yDhK9LJn0A==",
        "dependencies": {
          "System.Collections": "4.3.0",
          "System.Diagnostics.Debug": "4.3.0",
          "System.Globalization": "4.3.0",
          "System.IO": "4.3.0",
          "System.Linq": "4.3.0",
          "System.ObjectModel": "4.3.0",
          "System.Reflection": "4.3.0",
          "System.Reflection.Emit": "4.3.0",
          "System.Reflection.Emit.ILGeneration": "4.3.0",
          "System.Reflection.Emit.Lightweight": "4.3.0",
          "System.Reflection.Extensions": "4.3.0",
          "System.Reflection.Primitives": "4.3.0",
          "System.Reflection.TypeExtensions": "4.3.0",
          "System.Resources.ResourceManager": "4.3.0",
          "System.Runtime": "4.3.0",
          "System.Runtime.Extensions": "4.3.0",
          "System.Threading": "4.3.0"
        }
      },
      "System.Linq.Parallel": {
        "type": "Transitive",
        "resolved": "4.3.0",
        "contentHash": "td7x21K8LalpjTWCzW/nQboQIFbq9i0r+PCyBBCdLWWnm4NBcdN18vpz/G9hCpUaCIfRL+ZxJNVTywlNlB1aLQ==",
        "dependencies": {
          "System.Collections": "4.3.0",
          "System.Collections.Concurrent": "4.3.0",
          "System.Diagnostics.Debug": "4.3.0",
          "System.Diagnostics.Tracing": "4.3.0",
          "System.Linq": "4.3.0",
          "System.Resources.ResourceManager": "4.3.0",
          "System.Runtime": "4.3.0",
          "System.Runtime.Extensions": "4.3.0",
          "System.Threading": "4.3.0",
          "System.Threading.Tasks": "4.3.0"
        }
      },
      "System.ObjectModel": {
        "type": "Transitive",
        "resolved": "4.3.0",
        "contentHash": "SN0ezyl68hX6MqubPw+9H/eYd66vXcYcPkGbcIlG2LAbRtLOjunoEFu4zwxbinKOYdIh7CBTCU1yLUFNXtqEcA==",
        "dependencies": {
          "System.Collections": "4.3.0",
          "System.Diagnostics.Debug": "4.3.0",
          "System.Resources.ResourceManager": "4.3.0",
          "System.Runtime": "4.3.0",
          "System.Threading": "4.3.0"
        }
      },
      "System.Reflection": {
        "type": "Transitive",
        "resolved": "4.3.0",
        "contentHash": "xFYEoBkfZteFlH90Eq+GZGtERHXVNySkne5Jc07qS8Q+enJCtBwfbYwUhwa+DoyDqz8YlX4PM+1chP+pCLFOow==",
        "dependencies": {
          "Microsoft.NETCore.Platforms": "1.1.0",
          "Microsoft.NETCore.Targets": "1.1.0",
          "System.IO": "4.3.0",
          "System.Reflection.Primitives": "4.3.0",
          "System.Runtime": "4.3.0"
        }
      },
      "System.Reflection.Emit": {
        "type": "Transitive",
        "resolved": "4.3.0",
        "contentHash": "N/L1zj+UTlLogL84AUE3fsJ0qjxlbHN9OxWxbkAlxNC+t47PQU8VssyXu0TjzH1QAclJOiEFTPa/V+My3P60dw==",
        "dependencies": {
          "System.IO": "4.3.0",
          "System.Reflection": "4.3.0",
          "System.Reflection.Emit.ILGeneration": "4.3.0",
          "System.Reflection.Primitives": "4.3.0",
          "System.Runtime": "4.3.0"
        }
      },
      "System.Reflection.Emit.ILGeneration": {
        "type": "Transitive",
        "resolved": "4.3.0",
        "contentHash": "ewhNB2sVnRTbEIkmOr0bjpn/3QAb6adt5VLjRLM3xYYHBmDotoVcYWOCtzXQoELX3EPhbo9tTt1COmHbOmtBaA==",
        "dependencies": {
          "System.Reflection": "4.3.0",
          "System.Reflection.Primitives": "4.3.0",
          "System.Runtime": "4.3.0"
        }
      },
      "System.Reflection.Emit.Lightweight": {
        "type": "Transitive",
        "resolved": "4.3.0",
        "contentHash": "s/qCR1/wIzV0EbusqDf13kez/m7ovN4qGy/YYgcKso98R+xJxbAtT0tK1e0UCHEHWZ0O0p3X9LraQpSl4Hs6qw==",
        "dependencies": {
          "System.Reflection": "4.3.0",
          "System.Reflection.Emit.ILGeneration": "4.3.0",
          "System.Reflection.Primitives": "4.3.0",
          "System.Runtime": "4.3.0"
        }
      },
      "System.Reflection.Extensions": {
        "type": "Transitive",
        "resolved": "4.3.0",
        "contentHash": "AxxXMPKP0sZp7eBBF7HMp8cj4w4vuaoVXHshS8F4qdvPy/nm5DCWOf7f0JX1xmwpsZEQiHj908cbVnNrRk1PzA==",
        "dependencies": {
          "Microsoft.NETCore.Platforms": "1.1.0",
          "Microsoft.NETCore.Targets": "1.1.0",
          "System.Reflection": "4.3.0",
          "System.Runtime": "4.3.0"
        }
      },
      "System.Reflection.Metadata": {
        "type": "Transitive",
        "resolved": "1.6.0",
        "contentHash": "COC1aiAJjCoA5GBF+QKL2uLqEBew4JsCkQmoHKbN3TlOZKa2fKLz5CpiRQKDz0RsAOEGsVKqOD5bomsXq/4STQ==",
        "dependencies": {
          "System.Collections.Immutable": "1.5.0"
        }
      },
      "System.Reflection.Primitives": {
        "type": "Transitive",
        "resolved": "4.3.0",
        "contentHash": "riyJSkf+UnRmFOyjbkQbqtLgCZEAi5nP25UCnlhb1lnejsTWCyGTVgQjOkOkqckCgrUkNasvWeGsr9N4y4vOIw==",
        "dependencies": {
          "Microsoft.NETCore.Platforms": "1.1.0",
          "Microsoft.NETCore.Targets": "1.1.0",
          "System.Runtime": "4.3.0"
        }
      },
      "System.Reflection.TypeExtensions": {
        "type": "Transitive",
        "resolved": "4.3.0",
        "contentHash": "rsg/2b0JRcKznNmMJDljYlfHpUQ6LHmKdeKOvMz5DI0XKhY1DttFMNs0cdAjr/rSu4RjKMSjrsh1vWm1gEKutA==",
        "dependencies": {
          "System.Reflection": "4.3.0",
          "System.Runtime": "4.3.0"
        }
      },
      "System.Resources.ResourceManager": {
        "type": "Transitive",
        "resolved": "4.3.0",
        "contentHash": "7ftt8wxHGnMe3GLKctZEAICPl5sUBooUorNIVdQ4C+6OFx/v3xus2+YsbitTmLE+1B6w3swnorDB6LE6DcB/oA==",
        "dependencies": {
          "Microsoft.NETCore.Platforms": "1.1.0",
          "Microsoft.NETCore.Targets": "1.1.0",
          "System.Globalization": "4.3.0",
          "System.Reflection": "4.3.0",
          "System.Runtime": "4.3.0"
        }
      },
      "System.Runtime": {
        "type": "Transitive",
        "resolved": "4.3.0",
        "contentHash": "1lL2cGt2nZkCvttqUCJv+bNDPz1knDmOcjXtLhf8wO33OMA9TJEWk+elc6zzoQeZzplfAu2wMmn4+GpeTubOOw==",
        "dependencies": {
          "Microsoft.NETCore.Platforms": "1.1.0",
          "Microsoft.NETCore.Targets": "1.1.0"
        }
      },
      "System.Runtime.Extensions": {
        "type": "Transitive",
        "resolved": "4.3.0",
        "contentHash": "hn+R1zKFVelw6LsqRKVyTVYGi15XfaVE4GqvV83echa7ef+7f1+7oq8aDotbL+eiFKMdHjlsQ0nrXjbFR9W03g==",
        "dependencies": {
          "Microsoft.NETCore.Platforms": "1.1.0",
          "Microsoft.NETCore.Targets": "1.1.0",
          "System.Runtime": "4.3.0"
        }
      },
      "System.Runtime.Handles": {
        "type": "Transitive",
        "resolved": "4.3.0",
        "contentHash": "aecxbDYhc0mKFFVzYdxfe0xuf+9PXwmIMPcUg09D7wnZVYSOkM345tepU5shPUhrxaA6VlAgFzQp8YnPgaG4Sg==",
        "dependencies": {
          "Microsoft.NETCore.Platforms": "1.1.0",
          "Microsoft.NETCore.Targets": "1.1.0",
          "System.Runtime": "4.3.0"
        }
      },
      "System.Runtime.InteropServices": {
        "type": "Transitive",
        "resolved": "4.3.0",
        "contentHash": "Ds27zxH5bkEzVu6bvW9FtKn2YdRNWj8Qt449qSLNgMdh4tLDl8ufTYgTQDAoIGpqg9fAJ8rjfP+/cdc7AmK3dA==",
        "dependencies": {
          "Microsoft.NETCore.Platforms": "1.1.0",
          "Microsoft.NETCore.Targets": "1.1.0",
          "System.Reflection": "4.3.0",
          "System.Reflection.Primitives": "4.3.0",
          "System.Runtime": "4.3.0",
          "System.Runtime.Handles": "4.3.0"
        }
      },
      "System.Runtime.Numerics": {
        "type": "Transitive",
        "resolved": "4.3.0",
        "contentHash": "57eQH3a3rjAif8bRm5dToYGliFUKUKp5zyVrMW03RBQCwM9Rc9E4LjCNlYE3mCeMBmWaSm4GcLGEB9itUGqSqw==",
        "dependencies": {
          "System.Globalization": "4.3.0",
          "System.Resources.ResourceManager": "4.3.0",
          "System.Runtime": "4.3.0",
          "System.Runtime.Extensions": "4.3.0"
        }
      },
      "System.Security.Cryptography.Algorithms": {
        "type": "Transitive",
        "resolved": "4.3.0",
        "contentHash": "l4dRimDHzWA/6dQ5NcMIbuHRp2nxfHO+ejq5+AmZcMR8dLJA1RK0Y/yIBuwKNX4gIYw2FIWWhgjOwFVZsK3gQg==",
        "dependencies": {
          "Microsoft.NETCore.Platforms": "1.1.0",
          "System.Collections": "4.3.0",
          "System.IO": "4.3.0",
          "System.Resources.ResourceManager": "4.3.0",
          "System.Runtime": "4.3.0",
          "System.Runtime.Extensions": "4.3.0",
          "System.Runtime.Handles": "4.3.0",
          "System.Runtime.InteropServices": "4.3.0",
          "System.Runtime.Numerics": "4.3.0",
          "System.Security.Cryptography.Encoding": "4.3.0",
          "System.Security.Cryptography.Primitives": "4.3.0",
          "System.Text.Encoding": "4.3.0",
          "runtime.native.System.Security.Cryptography.Apple": "4.3.0",
          "runtime.native.System.Security.Cryptography.OpenSsl": "4.3.0"
        }
      },
      "System.Security.Cryptography.Cng": {
        "type": "Transitive",
        "resolved": "4.3.0",
        "contentHash": "oA7CLLSH//E5UjBY3zXrXUaALfHdgFiEKDUKJWQYqeu2LJ/JVPIJ/19k2CjyFHSJgp3rqUEP7HLC5zys9+JWcA==",
        "dependencies": {
          "Microsoft.NETCore.Platforms": "1.1.0",
          "System.IO": "4.3.0",
          "System.Resources.ResourceManager": "4.3.0",
          "System.Runtime": "4.3.0",
          "System.Runtime.Extensions": "4.3.0",
          "System.Runtime.Handles": "4.3.0",
          "System.Runtime.InteropServices": "4.3.0",
          "System.Security.Cryptography.Algorithms": "4.3.0",
          "System.Security.Cryptography.Encoding": "4.3.0",
          "System.Security.Cryptography.Primitives": "4.3.0",
          "System.Text.Encoding": "4.3.0"
        }
      },
      "System.Security.Cryptography.Csp": {
        "type": "Transitive",
        "resolved": "4.3.0",
        "contentHash": "bAlbofGk6IwmUprrVxpxe68TNapZs6iLvifJVNrvTI1AHZfCRcw9OF/fIW0nEQ8c8SY5K/tEmMakQnMSVL+R5g==",
        "dependencies": {
          "Microsoft.NETCore.Platforms": "1.1.0",
          "System.IO": "4.3.0",
          "System.Reflection": "4.3.0",
          "System.Resources.ResourceManager": "4.3.0",
          "System.Runtime": "4.3.0",
          "System.Runtime.Extensions": "4.3.0",
          "System.Runtime.Handles": "4.3.0",
          "System.Runtime.InteropServices": "4.3.0",
          "System.Security.Cryptography.Algorithms": "4.3.0",
          "System.Security.Cryptography.Encoding": "4.3.0",
          "System.Security.Cryptography.Primitives": "4.3.0",
          "System.Text.Encoding": "4.3.0",
          "System.Threading": "4.3.0"
        }
      },
      "System.Security.Cryptography.Encoding": {
        "type": "Transitive",
        "resolved": "4.3.0",
        "contentHash": "lw23IDVvQHGepzfAP9nVN9cBa1IeajAgdxcv6PvdCDj2atuRATWGvHauzALVwAVNu4jkhd7XD0CE1cz3VmCQPA==",
        "dependencies": {
          "Microsoft.NETCore.Platforms": "1.1.0",
          "System.Collections": "4.3.0",
          "System.Collections.Concurrent": "4.3.0",
          "System.Linq": "4.3.0",
          "System.Resources.ResourceManager": "4.3.0",
          "System.Runtime": "4.3.0",
          "System.Runtime.Extensions": "4.3.0",
          "System.Runtime.Handles": "4.3.0",
          "System.Runtime.InteropServices": "4.3.0",
          "System.Security.Cryptography.Primitives": "4.3.0",
          "System.Text.Encoding": "4.3.0",
          "runtime.native.System.Security.Cryptography.OpenSsl": "4.3.0"
        }
      },
      "System.Security.Cryptography.OpenSsl": {
        "type": "Transitive",
        "resolved": "4.3.0",
        "contentHash": "Wh3QYL3P6popkYpUlPi7YukI8F3M+0fVBFkquPYI4QfziJnHH+3GYk+mHjFM06NaIGwTO3PqIhn0+T0PoF9CPA==",
        "dependencies": {
          "System.Collections": "4.3.0",
          "System.IO": "4.3.0",
          "System.Resources.ResourceManager": "4.3.0",
          "System.Runtime": "4.3.0",
          "System.Runtime.Extensions": "4.3.0",
          "System.Runtime.Handles": "4.3.0",
          "System.Runtime.InteropServices": "4.3.0",
          "System.Runtime.Numerics": "4.3.0",
          "System.Security.Cryptography.Algorithms": "4.3.0",
          "System.Security.Cryptography.Encoding": "4.3.0",
          "System.Security.Cryptography.Primitives": "4.3.0",
          "System.Text.Encoding": "4.3.0",
          "runtime.native.System.Security.Cryptography.OpenSsl": "4.3.0"
        }
      },
      "System.Security.Cryptography.Primitives": {
        "type": "Transitive",
        "resolved": "4.3.0",
        "contentHash": "ZLmOFqjQ8iOxQDHGOcxvIZ0LV8hOD8hFEJmfI3ugWpQfbiVXKuLspFgosbDuSPuxeZL6sBN6oUKa+qNFLF2y2g==",
        "dependencies": {
          "System.Diagnostics.Debug": "4.3.0",
          "System.Globalization": "4.3.0",
          "System.IO": "4.3.0",
          "System.Resources.ResourceManager": "4.3.0",
          "System.Runtime": "4.3.0",
          "System.Threading": "4.3.0",
          "System.Threading.Tasks": "4.3.0"
        }
      },
      "System.Security.Cryptography.X509Certificates": {
        "type": "Transitive",
        "resolved": "4.3.0",
        "contentHash": "znewiGtuNlvOtocECc879Ed/wOOc4sLqyZrsMUewVdRGVbxa/WOs4jBxRDQ6EsGz2QZ2gOiDUAmcj+JOzI628Q==",
        "dependencies": {
          "Microsoft.NETCore.Platforms": "1.1.0",
          "System.Collections": "4.3.0",
          "System.Diagnostics.Debug": "4.3.0",
          "System.Globalization": "4.3.0",
          "System.Globalization.Calendars": "4.3.0",
          "System.IO": "4.3.0",
          "System.IO.FileSystem": "4.3.0",
          "System.IO.FileSystem.Primitives": "4.3.0",
          "System.Resources.ResourceManager": "4.3.0",
          "System.Runtime": "4.3.0",
          "System.Runtime.Extensions": "4.3.0",
          "System.Runtime.Handles": "4.3.0",
          "System.Runtime.InteropServices": "4.3.0",
          "System.Runtime.Numerics": "4.3.0",
          "System.Security.Cryptography.Algorithms": "4.3.0",
          "System.Security.Cryptography.Cng": "4.3.0",
          "System.Security.Cryptography.Csp": "4.3.0",
          "System.Security.Cryptography.Encoding": "4.3.0",
          "System.Security.Cryptography.OpenSsl": "4.3.0",
          "System.Security.Cryptography.Primitives": "4.3.0",
          "System.Text.Encoding": "4.3.0",
          "System.Threading": "4.3.0",
          "runtime.native.System": "4.3.0",
          "runtime.native.System.Net.Http": "4.3.0",
          "runtime.native.System.Security.Cryptography.OpenSsl": "4.3.0"
        }
      },
      "System.Text.Encoding": {
        "type": "Transitive",
        "resolved": "4.3.0",
        "contentHash": "1AKqROkTdMVKtVpt+FWhwnJ85deFehKv/s7iGEdg6LADyP6v8hkee/hkyh01Q2KrRa3oWAzKUiFafebwxx8voQ==",
        "dependencies": {
          "Microsoft.NETCore.Platforms": "1.1.0",
          "Microsoft.NETCore.Targets": "1.1.0",
          "System.Runtime": "4.3.0"
        }
      },
      "System.Text.Encoding.CodePages": {
        "type": "Transitive",
        "resolved": "4.3.0",
        "contentHash": "ITVTLLG6pilx0r/Y6bwWjvc+Bd0mP4LwzaOIq9zvaci2LuSh4cB8P7X2r1TwjKW2NjdgUSNc5+/6lVsSg2cEzA==",
        "dependencies": {
          "Microsoft.NETCore.Platforms": "1.1.0",
          "System.Collections": "4.3.0",
          "System.Globalization": "4.3.0",
          "System.IO": "4.3.0",
          "System.Reflection": "4.3.0",
          "System.Resources.ResourceManager": "4.3.0",
          "System.Runtime": "4.3.0",
          "System.Runtime.Extensions": "4.3.0",
          "System.Runtime.Handles": "4.3.0",
          "System.Runtime.InteropServices": "4.3.0",
          "System.Text.Encoding": "4.3.0",
          "System.Threading": "4.3.0"
        }
      },
      "System.Text.Encoding.Extensions": {
        "type": "Transitive",
        "resolved": "4.3.0",
        "contentHash": "bd3M+NIuCg3HFggdDzZ39FzqYeGRTxMWp4SdVi6fzKhmJpqqpGz3tQ8K9U6wRZhp07mm9cgMxMgpzNYYOe84zQ==",
        "dependencies": {
          "Microsoft.NETCore.Platforms": "1.1.0",
          "Microsoft.NETCore.Targets": "1.1.0",
          "System.Runtime": "4.3.0",
          "System.Text.Encoding": "4.3.0"
        }
      },
      "System.Text.RegularExpressions": {
        "type": "Transitive",
        "resolved": "4.3.0",
        "contentHash": "w4QazMGX4NXOQREZufI3OJHp6BdyMMXc3j0Xxm1YmWq7g1QnrpLbiTApglnKF7IfoWuOlmwsWDX9wy45/iBcrQ==",
        "dependencies": {
          "System.Runtime": "4.3.0"
        }
      },
      "System.Threading": {
        "type": "Transitive",
        "resolved": "4.3.0",
        "contentHash": "Gj7tzvn7Q5lNaXz88jrohC7if2jqHKQpq8pw/yhgpIO9s/Y/nTMUSoeuxAODSO0UzaBh6M3c/F1y1olrpY1lng==",
        "dependencies": {
          "System.Runtime": "4.3.0",
          "System.Threading.Tasks": "4.3.0"
        }
      },
      "System.Threading.Tasks": {
        "type": "Transitive",
        "resolved": "4.3.0",
        "contentHash": "fedfvuTOQtxjxBP0VIw4idWi0rOyhr5vr5VHk3Ja2fplPGZy1SlEawNyTFqwwHoTmt/a0TGZzqMsySCZi8Xreg==",
        "dependencies": {
          "Microsoft.NETCore.Platforms": "1.1.0",
          "Microsoft.NETCore.Targets": "1.1.0",
          "System.Runtime": "4.3.0"
        }
      },
      "System.Threading.Tasks.Extensions": {
        "type": "Transitive",
        "resolved": "4.3.0",
        "contentHash": "8chEm93kVu1VbnT8m2/GuewCrWa4YGWg87gmn/6dg/oi2tvKKlaUUfdF8JpZmRR6maDEgfwIXzMDK2Hi0UqqbQ==",
        "dependencies": {
          "System.Collections": "4.3.0",
          "System.Runtime": "4.3.0",
          "System.Threading.Tasks": "4.3.0"
        }
      },
      "System.Threading.Tasks.Parallel": {
        "type": "Transitive",
        "resolved": "4.3.0",
        "contentHash": "cTytLAz5P2/Y01MatYO5rvpwb2UK4zeyyEuUYDx3GpdCq1lgrEhZz78073N30qwHTGD/DCg1mlWxT4q51H+q+w==",
        "dependencies": {
          "System.Collections.Concurrent": "4.3.0",
          "System.Diagnostics.Debug": "4.3.0",
          "System.Diagnostics.Tracing": "4.3.0",
          "System.Resources.ResourceManager": "4.3.0",
          "System.Runtime": "4.3.0",
          "System.Runtime.Extensions": "4.3.0",
          "System.Threading": "4.3.0",
          "System.Threading.Tasks": "4.3.0"
        }
      },
      "System.Threading.Thread": {
        "type": "Transitive",
        "resolved": "4.3.0",
        "contentHash": "kCgI/sTE4fxnz1Fs0aScBCC+cYFIIR7I0IG1JPWDPjOSQxYs5Qdzi4Gf3eeAIevdE03n3PeCh2JVCKv0/11yrA==",
        "dependencies": {
          "System.Runtime": "4.3.0"
        }
      },
      "System.ValueTuple": {
        "type": "Transitive",
        "resolved": "4.3.0",
        "contentHash": "91UTX0e+S3j5pTVl7V9r8qjBElGhEFp+TBXNT64K68Ecy8DXtM66pFKWQktGBL4GYQRBuZXQdIxX2XuBb77gJA==",
        "dependencies": {
          "System.Collections": "4.3.0",
          "System.Resources.ResourceManager": "4.3.0",
          "System.Runtime": "4.3.0"
        }
      },
      "System.Xml.ReaderWriter": {
        "type": "Transitive",
        "resolved": "4.3.0",
        "contentHash": "xhCk60B7BNZTtc2KuVbUy7Z0beE4zicoNChqR/AZ0AJfNDn2whB6sBp42wTJbI1IIv6ROCjj5xIF/ghvbb7seA==",
        "dependencies": {
          "System.Collections": "4.3.0",
          "System.Diagnostics.Debug": "4.3.0",
          "System.Globalization": "4.3.0",
          "System.IO": "4.3.0",
          "System.IO.FileSystem": "4.3.0",
          "System.IO.FileSystem.Primitives": "4.3.0",
          "System.Resources.ResourceManager": "4.3.0",
          "System.Runtime": "4.3.0",
          "System.Runtime.Extensions": "4.3.0",
          "System.Runtime.InteropServices": "4.3.0",
          "System.Text.Encoding": "4.3.0",
          "System.Text.Encoding.Extensions": "4.3.0",
          "System.Text.RegularExpressions": "4.3.0",
          "System.Threading.Tasks": "4.3.0",
          "System.Threading.Tasks.Extensions": "4.3.0"
        }
      },
      "System.Xml.XDocument": {
        "type": "Transitive",
        "resolved": "4.3.0",
        "contentHash": "fmsnYftaqYYZxXdHXpIO7MGMceL5lsBV/GPuikoGZY2CpI8+SJsXqQOgdNLwfDMB/e7emLi3AZMTgM1XuD9q7g==",
        "dependencies": {
          "System.Collections": "4.3.0",
          "System.Diagnostics.Debug": "4.3.0",
          "System.Diagnostics.Tools": "4.3.0",
          "System.Globalization": "4.3.0",
          "System.IO": "4.3.0",
          "System.Reflection": "4.3.0",
          "System.Resources.ResourceManager": "4.3.0",
          "System.Runtime": "4.3.0",
          "System.Runtime.Extensions": "4.3.0",
          "System.Text.Encoding": "4.3.0",
          "System.Threading": "4.3.0",
          "System.Xml.ReaderWriter": "4.3.0"
        }
      },
      "System.Xml.XmlDocument": {
        "type": "Transitive",
        "resolved": "4.3.0",
        "contentHash": "0gd/idPNS8QcNz1Zv9XaWaXfD1BQJbmQkaHgQEU8K1KK/GyiU2JLj1N+SpjYgr+X1HlVLlPgqb5cnbA+OJb8nw==",
        "dependencies": {
          "System.Collections": "4.3.0",
          "System.Diagnostics.Debug": "4.3.0",
          "System.Globalization": "4.3.0",
          "System.IO": "4.3.0",
          "System.Resources.ResourceManager": "4.3.0",
          "System.Runtime": "4.3.0",
          "System.Runtime.Extensions": "4.3.0",
          "System.Text.Encoding": "4.3.0",
          "System.Threading": "4.3.0",
          "System.Xml.ReaderWriter": "4.3.0"
        }
      },
      "System.Xml.XPath": {
        "type": "Transitive",
        "resolved": "4.3.0",
        "contentHash": "RIelBaxm3uxPtiHUwAQSRgZGw1NzEO/bwqxAh0huZcLbJA8d3qrsC1CBpIayF1YnrZDAIt/ybjG7HpO/HN56yQ==",
        "dependencies": {
          "System.Collections": "4.3.0",
          "System.Diagnostics.Debug": "4.3.0",
          "System.Globalization": "4.3.0",
          "System.IO": "4.3.0",
          "System.Resources.ResourceManager": "4.3.0",
          "System.Runtime": "4.3.0",
          "System.Runtime.Extensions": "4.3.0",
          "System.Threading": "4.3.0",
          "System.Xml.ReaderWriter": "4.3.0"
        }
      },
      "System.Xml.XPath.XDocument": {
        "type": "Transitive",
        "resolved": "4.3.0",
        "contentHash": "CdMs2c9px3E5n/UsrRCd4Bs1I2JdNTB/6iyRqY25p5RLaCbrpHPW4SKQlT41hibdGCZEkS+D5mWjlJ0ENqyioQ==",
        "dependencies": {
          "System.Diagnostics.Debug": "4.3.0",
          "System.Linq": "4.3.0",
          "System.Resources.ResourceManager": "4.3.0",
          "System.Runtime": "4.3.0",
          "System.Runtime.Extensions": "4.3.0",
          "System.Threading": "4.3.0",
          "System.Xml.ReaderWriter": "4.3.0",
          "System.Xml.XDocument": "4.3.0",
          "System.Xml.XPath": "4.3.0"
        }
      }
    }
  }
}