{
  "version": 1,
  "dependencies": {
    ".NETFramework,Version=v4.7.2": {
      "PdbGit": {
        "type": "Direct",
        "requested": "[3.0.41, )",
        "resolved": "3.0.41",
        "contentHash": "LBeCjKYbWdrZHSNVOp/5VusxjmJg4xkU8Pnz9DgSHGXApPYW3RnsOTvfpDErtnACpRaB4W16lHN91id20D4i8w=="
      },
      "Newtonsoft.Json": {
        "type": "Transitive",
        "resolved": "9.0.1",
        "contentHash": "U82mHQSKaIk+lpSVCbWYKNavmNH1i5xrExDEquU1i6I5pV6UMOqRnJRSlKO3cMPfcpp0RgDY+8jUXHdQ4IfXvw=="
      },
      "NuGet.Common": {
        "type": "Project",
        "dependencies": {
          "NuGet.Frameworks": "5.0.0-preview3"
        }
      },
      "NuGet.Configuration": {
        "type": "Project",
        "dependencies": {
          "NuGet.Common": "5.0.0-preview3"
        }
      },
      "NuGet.Frameworks": {
        "type": "Project"
      },
      "NuGet.Packaging": {
        "type": "Project",
        "dependencies": {
          "Newtonsoft.Json": "9.0.1",
          "NuGet.Configuration": "5.0.0-preview3",
          "NuGet.Versioning": "5.0.0-preview3"
        }
      },
      "NuGet.Versioning": {
        "type": "Project"
      }
    },
    ".NETStandard,Version=v2.0": {
      "NETStandard.Library": {
        "type": "Direct",
        "requested": "[2.0.3, )",
        "resolved": "2.0.3",
        "contentHash": "st47PosZSHrjECdjeIzZQbzivYBJFv6P2nv4cj2ypdI204DO+vZ7l5raGMiX4eXMJ53RfOIg+/s4DHVZ54Nu2A==",
        "dependencies": {
          "Microsoft.NETCore.Platforms": "1.1.0"
        }
      },
      "PdbGit": {
        "type": "Direct",
        "requested": "[3.0.41, )",
        "resolved": "3.0.41",
        "contentHash": "LBeCjKYbWdrZHSNVOp/5VusxjmJg4xkU8Pnz9DgSHGXApPYW3RnsOTvfpDErtnACpRaB4W16lHN91id20D4i8w=="
      },
      "System.Dynamic.Runtime": {
        "type": "Direct",
        "requested": "[4.3.0, )",
        "resolved": "4.3.0",
        "contentHash": "M/4NKf2BW3OgjEEIY5zIICntbpzqG7mf6QW5/Sc8/jq6J1juU+r6Dd7Zy8BQc//BsgLN/ilp+jsidnNLvsvPlQ==",
        "dependencies": {
          "System.Collections": "4.3.0",
          "System.Diagnostics.Debug": "4.3.0",
          "System.Linq": "4.3.0",
          "System.Linq.Expressions": "4.3.0",
          "System.ObjectModel": "4.3.0",
          "System.Reflection": "4.3.0",
          "System.Reflection.Emit": "4.3.0",
          "System.Reflection.Emit.ILGeneration": "4.3.0",
          "System.Reflection.Primitives": "4.3.0",
          "System.Reflection.TypeExtensions": "4.3.0",
          "System.Resources.ResourceManager": "4.3.0",
          "System.Runtime": "4.3.0",
          "System.Runtime.Extensions": "4.3.0",
          "System.Threading": "4.3.0"
        }
      },
      "Microsoft.CSharp": {
        "type": "Transitive",
        "resolved": "4.0.1",
        "contentHash": "lJSTbsIVqnziQ1ZLPw+NZKyVHw9oABRwWer5dQesnt4kk7V8iLFtW8PhuAxEBlzii/z39FL/p+Kl+GptrRoRmA==",
        "dependencies": {
          "System.Collections": "4.0.11",
          "System.Diagnostics.Debug": "4.0.11",
          "System.Dynamic.Runtime": "4.0.11",
          "System.Globalization": "4.0.11",
          "System.Linq": "4.1.0",
          "System.Linq.Expressions": "4.1.0",
          "System.ObjectModel": "4.0.12",
          "System.Reflection": "4.1.0",
          "System.Reflection.Extensions": "4.0.1",
          "System.Reflection.Primitives": "4.0.1",
          "System.Reflection.TypeExtensions": "4.1.0",
          "System.Resources.ResourceManager": "4.0.1",
          "System.Runtime": "4.1.0",
          "System.Runtime.Extensions": "4.1.0",
          "System.Runtime.InteropServices": "4.1.0",
          "System.Threading": "4.0.11"
        }
      },
      "Microsoft.NETCore.Platforms": {
        "type": "Transitive",
        "resolved": "1.1.0",
        "contentHash": "tI5H6Zg4DPqLcJNB232JMLACfX7UGawjTfMYdH8t6z5mXpDpHQVcFRzugqE6gG/EWrpQfAVJJzOVXeLJZ6ZZ+g=="
      },
      "Microsoft.NETCore.Targets": {
        "type": "Transitive",
        "resolved": "1.1.0",
        "contentHash": "JFoFlE+s92bQksXVDwfQPBCf/eGLLIBcxEwuUva82KN079lG0KTQiWRTSKaCaXLThMohP9IXgy22eZCkOkwNIA=="
      },
      "Microsoft.Win32.Primitives": {
        "type": "Transitive",
        "resolved": "4.3.0",
        "contentHash": "cFEQkQFLOADfBo4k6zrDqhyg4bffeoFQsD1S1kzrrO06rSl5VeVn747esouUgH1xWNujphM9r6/AN85fxCIBTA==",
        "dependencies": {
          "Microsoft.NETCore.Platforms": "1.1.0",
          "Microsoft.NETCore.Targets": "1.1.0",
          "System.Runtime": "4.3.0"
        }
      },
      "Microsoft.Win32.Registry": {
        "type": "Transitive",
        "resolved": "4.3.0",
        "contentHash": "PjuteKuoymPvXyIR3TAztjd8hnqijsD4H7HbtFnK9mrtvPc7Ao1AjwaQ+LHi52FmvaSL5/5TYg8BH6qfEDVvzQ==",
        "dependencies": {
          "Microsoft.NETCore.Platforms": "1.1.0",
          "System.Collections": "4.3.0",
          "System.Globalization": "4.3.0",
          "System.Resources.ResourceManager": "4.3.0",
          "System.Runtime": "4.3.0",
          "System.Runtime.Extensions": "4.3.0",
          "System.Runtime.Handles": "4.3.0",
          "System.Runtime.InteropServices": "4.3.0"
        }
      },
      "Newtonsoft.Json": {
        "type": "Transitive",
        "resolved": "9.0.1",
        "contentHash": "U82mHQSKaIk+lpSVCbWYKNavmNH1i5xrExDEquU1i6I5pV6UMOqRnJRSlKO3cMPfcpp0RgDY+8jUXHdQ4IfXvw==",
        "dependencies": {
          "Microsoft.CSharp": "4.0.1",
          "System.Collections": "4.0.11",
          "System.Diagnostics.Debug": "4.0.11",
          "System.Dynamic.Runtime": "4.0.11",
          "System.Globalization": "4.0.11",
          "System.IO": "4.1.0",
          "System.Linq": "4.1.0",
          "System.Linq.Expressions": "4.1.0",
          "System.ObjectModel": "4.0.12",
          "System.Reflection": "4.1.0",
          "System.Reflection.Extensions": "4.0.1",
          "System.Resources.ResourceManager": "4.0.1",
          "System.Runtime": "4.1.0",
          "System.Runtime.Extensions": "4.1.0",
          "System.Runtime.Serialization.Primitives": "4.1.1",
          "System.Text.Encoding": "4.0.11",
          "System.Text.Encoding.Extensions": "4.0.11",
          "System.Text.RegularExpressions": "4.1.0",
          "System.Threading": "4.0.11",
          "System.Threading.Tasks": "4.0.11",
          "System.Xml.ReaderWriter": "4.0.11",
          "System.Xml.XDocument": "4.0.11"
        }
      },
      "runtime.native.System": {
        "type": "Transitive",
        "resolved": "4.3.0",
        "contentHash": "OJt7kV0xjgrGIO9dmygcZTzr8wFMpr8t17okLvtFEhSL+Hy9gvg8uGPUZH/IR+vjU7LSdg/lKweDNCrHEKHYXw==",
        "dependencies": {
          "Microsoft.NETCore.Platforms": "1.1.0",
          "Microsoft.NETCore.Targets": "1.1.0"
        }
      },
      "System.Collections": {
        "type": "Transitive",
        "resolved": "4.3.0",
        "contentHash": "cI8N773VAhZKFYe+o8JwzDvIwRki3FMJZBd4f0aTTfG3i1l5LbHils84CORjii2ygYQhM9RzyXyIR38QcqVeXg==",
        "dependencies": {
          "Microsoft.NETCore.Platforms": "1.1.0",
          "Microsoft.NETCore.Targets": "1.1.0",
          "System.Runtime": "4.3.0"
        }
      },
      "System.Diagnostics.Debug": {
        "type": "Transitive",
        "resolved": "4.3.0",
        "contentHash": "zhp+cwYGWBxBnJsuelnc39z7RQ/B6GBUoD22NtRCMQaCxTtH2+vLOEjOliKhDk4BE/Z1b+SY6h2gGhnVnGv2dg==",
        "dependencies": {
          "Microsoft.NETCore.Platforms": "1.1.0",
          "Microsoft.NETCore.Targets": "1.1.0",
          "System.Runtime": "4.3.0"
        }
      },
      "System.Diagnostics.Process": {
        "type": "Transitive",
        "resolved": "4.3.0",
        "contentHash": "ta2VhqZEmlZSigj0O4uRddIWzOkSEbK3pGDA3JPDDdOk84Ehc5kcLIhOyDXzTSFCsLfXlqZ7q1GS3ZRVVMqjbg==",
        "dependencies": {
          "Microsoft.NETCore.Platforms": "1.1.0",
          "Microsoft.Win32.Primitives": "4.3.0",
          "Microsoft.Win32.Registry": "4.3.0",
          "System.Collections": "4.3.0",
          "System.Diagnostics.Debug": "4.3.0",
          "System.Globalization": "4.3.0",
          "System.IO": "4.3.0",
          "System.IO.FileSystem": "4.3.0",
          "System.IO.FileSystem.Primitives": "4.3.0",
          "System.Resources.ResourceManager": "4.3.0",
          "System.Runtime": "4.3.0",
          "System.Runtime.Extensions": "4.3.0",
          "System.Runtime.Handles": "4.3.0",
          "System.Runtime.InteropServices": "4.3.0",
          "System.Text.Encoding": "4.3.0",
          "System.Text.Encoding.Extensions": "4.3.0",
          "System.Threading": "4.3.0",
          "System.Threading.Tasks": "4.3.0",
          "System.Threading.Thread": "4.3.0",
          "System.Threading.ThreadPool": "4.3.0",
          "runtime.native.System": "4.3.0"
        }
      },
      "System.Diagnostics.Tools": {
        "type": "Transitive",
        "resolved": "4.0.1",
        "contentHash": "A3aDinDgWcac4zUmardLoisyp2aSF+OFy2/1GZEHqKrYlFObrYHx5Oa69YHALUhEBtCjc8UYgAFjpPZCw9fdiw==",
        "dependencies": {
          "Microsoft.NETCore.Platforms": "1.0.1",
          "Microsoft.NETCore.Targets": "1.0.1",
          "System.Runtime": "4.1.0"
        }
      },
      "System.Globalization": {
        "type": "Transitive",
        "resolved": "4.3.0",
        "contentHash": "WNm6zIYGKI7OfsSHR2nnGNP8ETIOJieuUHqrzCEjsFRW0UhTT1y9OWPGBBMtqoW7dURyBvGW2g+2wNKnrBauTQ==",
        "dependencies": {
          "Microsoft.NETCore.Platforms": "1.1.0",
          "Microsoft.NETCore.Targets": "1.1.0",
          "System.Runtime": "4.3.0"
        }
      },
      "System.IO": {
        "type": "Transitive",
        "resolved": "4.3.0",
        "contentHash": "z37g4okYBN5ysx/ARuh7GoypHV98/cffNo7iLnoZSnrFU67NHzt87Ox+sCQYxnDdDmTk9CsV7CnDPLYN3Ay8uA==",
        "dependencies": {
          "Microsoft.NETCore.Platforms": "1.1.0",
          "Microsoft.NETCore.Targets": "1.1.0",
          "System.Runtime": "4.3.0",
          "System.Text.Encoding": "4.3.0",
          "System.Threading.Tasks": "4.3.0"
        }
      },
      "System.IO.FileSystem": {
        "type": "Transitive",
        "resolved": "4.3.0",
        "contentHash": "aRro7s4tRSbW/C3ukEAvHIiydy3f37Bxvlmw+j/GxLhXcUkv84D4OwiO2vJM3r1KehyszE6EvyX6uoyR/r+vcg==",
        "dependencies": {
          "Microsoft.NETCore.Platforms": "1.1.0",
          "Microsoft.NETCore.Targets": "1.1.0",
          "System.IO": "4.3.0",
          "System.IO.FileSystem.Primitives": "4.3.0",
          "System.Runtime": "4.3.0",
          "System.Runtime.Handles": "4.3.0",
          "System.Text.Encoding": "4.3.0",
          "System.Threading.Tasks": "4.3.0"
        }
      },
      "System.IO.FileSystem.Primitives": {
        "type": "Transitive",
        "resolved": "4.3.0",
        "contentHash": "wPQxHRTOQjHSTCoeRhcaNgUiN6+XLClZ4cF0Vxtx1cNLT6R1h8dkQ6OI86hJ5U0k6xlACnZZK2uPPKyCxHT9hg==",
        "dependencies": {
          "System.Runtime": "4.3.0"
        }
      },
      "System.Linq": {
        "type": "Transitive",
        "resolved": "4.3.0",
        "contentHash": "geg256WzQ6sWriZcgPAesEyvxEeQA4bChtNS0oXIHPNcXUli+h57SgF8oAG82YYIWFkw1WtJY8Ipswoj1lIV0w==",
        "dependencies": {
          "System.Collections": "4.3.0",
          "System.Diagnostics.Debug": "4.3.0",
          "System.Resources.ResourceManager": "4.3.0",
          "System.Runtime": "4.3.0",
          "System.Runtime.Extensions": "4.3.0"
        }
      },
      "System.Linq.Expressions": {
        "type": "Transitive",
        "resolved": "4.3.0",
        "contentHash": "pUhwb1gZm4nYs1vWOSBEtgFL2sba471wBK56vD+E9QXQPMCotyNoUlXDQU6JKP3iiXcZAYiLph74yDhK9LJn0A==",
        "dependencies": {
          "System.Collections": "4.3.0",
          "System.Diagnostics.Debug": "4.3.0",
          "System.Globalization": "4.3.0",
          "System.IO": "4.3.0",
          "System.Linq": "4.3.0",
          "System.ObjectModel": "4.3.0",
          "System.Reflection": "4.3.0",
          "System.Reflection.Emit": "4.3.0",
          "System.Reflection.Emit.ILGeneration": "4.3.0",
          "System.Reflection.Emit.Lightweight": "4.3.0",
          "System.Reflection.Extensions": "4.3.0",
          "System.Reflection.Primitives": "4.3.0",
          "System.Reflection.TypeExtensions": "4.3.0",
          "System.Resources.ResourceManager": "4.3.0",
          "System.Runtime": "4.3.0",
          "System.Runtime.Extensions": "4.3.0",
          "System.Threading": "4.3.0"
        }
      },
      "System.ObjectModel": {
        "type": "Transitive",
        "resolved": "4.3.0",
        "contentHash": "SN0ezyl68hX6MqubPw+9H/eYd66vXcYcPkGbcIlG2LAbRtLOjunoEFu4zwxbinKOYdIh7CBTCU1yLUFNXtqEcA==",
        "dependencies": {
          "System.Collections": "4.3.0",
          "System.Diagnostics.Debug": "4.3.0",
          "System.Resources.ResourceManager": "4.3.0",
          "System.Runtime": "4.3.0",
          "System.Threading": "4.3.0"
        }
      },
      "System.Reflection": {
        "type": "Transitive",
        "resolved": "4.3.0",
        "contentHash": "xFYEoBkfZteFlH90Eq+GZGtERHXVNySkne5Jc07qS8Q+enJCtBwfbYwUhwa+DoyDqz8YlX4PM+1chP+pCLFOow==",
        "dependencies": {
          "Microsoft.NETCore.Platforms": "1.1.0",
          "Microsoft.NETCore.Targets": "1.1.0",
          "System.IO": "4.3.0",
          "System.Reflection.Primitives": "4.3.0",
          "System.Runtime": "4.3.0"
        }
      },
      "System.Reflection.Emit": {
        "type": "Transitive",
        "resolved": "4.3.0",
        "contentHash": "N/L1zj+UTlLogL84AUE3fsJ0qjxlbHN9OxWxbkAlxNC+t47PQU8VssyXu0TjzH1QAclJOiEFTPa/V+My3P60dw==",
        "dependencies": {
          "System.IO": "4.3.0",
          "System.Reflection": "4.3.0",
          "System.Reflection.Emit.ILGeneration": "4.3.0",
          "System.Reflection.Primitives": "4.3.0",
          "System.Runtime": "4.3.0"
        }
      },
      "System.Reflection.Emit.ILGeneration": {
        "type": "Transitive",
        "resolved": "4.3.0",
        "contentHash": "ewhNB2sVnRTbEIkmOr0bjpn/3QAb6adt5VLjRLM3xYYHBmDotoVcYWOCtzXQoELX3EPhbo9tTt1COmHbOmtBaA==",
        "dependencies": {
          "System.Reflection": "4.3.0",
          "System.Reflection.Primitives": "4.3.0",
          "System.Runtime": "4.3.0"
        }
      },
      "System.Reflection.Emit.Lightweight": {
        "type": "Transitive",
        "resolved": "4.3.0",
        "contentHash": "s/qCR1/wIzV0EbusqDf13kez/m7ovN4qGy/YYgcKso98R+xJxbAtT0tK1e0UCHEHWZ0O0p3X9LraQpSl4Hs6qw==",
        "dependencies": {
          "System.Reflection": "4.3.0",
          "System.Reflection.Emit.ILGeneration": "4.3.0",
          "System.Reflection.Primitives": "4.3.0",
          "System.Runtime": "4.3.0"
        }
      },
      "System.Reflection.Extensions": {
        "type": "Transitive",
        "resolved": "4.3.0",
        "contentHash": "AxxXMPKP0sZp7eBBF7HMp8cj4w4vuaoVXHshS8F4qdvPy/nm5DCWOf7f0JX1xmwpsZEQiHj908cbVnNrRk1PzA==",
        "dependencies": {
          "Microsoft.NETCore.Platforms": "1.1.0",
          "Microsoft.NETCore.Targets": "1.1.0",
          "System.Reflection": "4.3.0",
          "System.Runtime": "4.3.0"
        }
      },
      "System.Reflection.Primitives": {
        "type": "Transitive",
        "resolved": "4.3.0",
        "contentHash": "riyJSkf+UnRmFOyjbkQbqtLgCZEAi5nP25UCnlhb1lnejsTWCyGTVgQjOkOkqckCgrUkNasvWeGsr9N4y4vOIw==",
        "dependencies": {
          "Microsoft.NETCore.Platforms": "1.1.0",
          "Microsoft.NETCore.Targets": "1.1.0",
          "System.Runtime": "4.3.0"
        }
      },
      "System.Reflection.TypeExtensions": {
        "type": "Transitive",
        "resolved": "4.3.0",
        "contentHash": "rsg/2b0JRcKznNmMJDljYlfHpUQ6LHmKdeKOvMz5DI0XKhY1DttFMNs0cdAjr/rSu4RjKMSjrsh1vWm1gEKutA==",
        "dependencies": {
          "System.Reflection": "4.3.0",
          "System.Runtime": "4.3.0"
        }
      },
      "System.Resources.ResourceManager": {
        "type": "Transitive",
        "resolved": "4.3.0",
        "contentHash": "7ftt8wxHGnMe3GLKctZEAICPl5sUBooUorNIVdQ4C+6OFx/v3xus2+YsbitTmLE+1B6w3swnorDB6LE6DcB/oA==",
        "dependencies": {
          "Microsoft.NETCore.Platforms": "1.1.0",
          "Microsoft.NETCore.Targets": "1.1.0",
          "System.Globalization": "4.3.0",
          "System.Reflection": "4.3.0",
          "System.Runtime": "4.3.0"
        }
      },
      "System.Runtime": {
        "type": "Transitive",
        "resolved": "4.3.0",
        "contentHash": "1lL2cGt2nZkCvttqUCJv+bNDPz1knDmOcjXtLhf8wO33OMA9TJEWk+elc6zzoQeZzplfAu2wMmn4+GpeTubOOw==",
        "dependencies": {
          "Microsoft.NETCore.Platforms": "1.1.0",
          "Microsoft.NETCore.Targets": "1.1.0"
        }
      },
      "System.Runtime.Extensions": {
        "type": "Transitive",
        "resolved": "4.3.0",
        "contentHash": "hn+R1zKFVelw6LsqRKVyTVYGi15XfaVE4GqvV83echa7ef+7f1+7oq8aDotbL+eiFKMdHjlsQ0nrXjbFR9W03g==",
        "dependencies": {
          "Microsoft.NETCore.Platforms": "1.1.0",
          "Microsoft.NETCore.Targets": "1.1.0",
          "System.Runtime": "4.3.0"
        }
      },
      "System.Runtime.Handles": {
        "type": "Transitive",
        "resolved": "4.3.0",
        "contentHash": "aecxbDYhc0mKFFVzYdxfe0xuf+9PXwmIMPcUg09D7wnZVYSOkM345tepU5shPUhrxaA6VlAgFzQp8YnPgaG4Sg==",
        "dependencies": {
          "Microsoft.NETCore.Platforms": "1.1.0",
          "Microsoft.NETCore.Targets": "1.1.0",
          "System.Runtime": "4.3.0"
        }
      },
      "System.Runtime.InteropServices": {
        "type": "Transitive",
        "resolved": "4.3.0",
        "contentHash": "Ds27zxH5bkEzVu6bvW9FtKn2YdRNWj8Qt449qSLNgMdh4tLDl8ufTYgTQDAoIGpqg9fAJ8rjfP+/cdc7AmK3dA==",
        "dependencies": {
          "Microsoft.NETCore.Platforms": "1.1.0",
          "Microsoft.NETCore.Targets": "1.1.0",
          "System.Reflection": "4.3.0",
          "System.Reflection.Primitives": "4.3.0",
          "System.Runtime": "4.3.0",
          "System.Runtime.Handles": "4.3.0"
        }
      },
      "System.Runtime.Serialization.Primitives": {
        "type": "Transitive",
        "resolved": "4.1.1",
        "contentHash": "xiranjWMIrhBah+YqPRID/+vU7ZfyHGTSMWSkSY27xFhlI1aMM53Mpt9+MnXS0hent6Jt6YMduib9xtJ1hbHvw==",
        "dependencies": {
          "System.Resources.ResourceManager": "4.0.1",
          "System.Runtime": "4.1.0"
        }
      },
      "System.Security.Cryptography.Primitives": {
        "type": "Transitive",
        "resolved": "4.3.0",
        "contentHash": "ZLmOFqjQ8iOxQDHGOcxvIZ0LV8hOD8hFEJmfI3ugWpQfbiVXKuLspFgosbDuSPuxeZL6sBN6oUKa+qNFLF2y2g==",
        "dependencies": {
          "System.Diagnostics.Debug": "4.3.0",
          "System.Globalization": "4.3.0",
          "System.IO": "4.3.0",
          "System.Resources.ResourceManager": "4.3.0",
          "System.Runtime": "4.3.0",
          "System.Threading": "4.3.0",
          "System.Threading.Tasks": "4.3.0"
        }
      },
      "System.Security.Cryptography.ProtectedData": {
        "type": "Transitive",
        "resolved": "4.3.0",
        "contentHash": "qBUHUk7IqrPHY96THHTa1akCxw0GsNFpsk3XFHbi0A0tMUDBpQprtY1Tbl6yaS1x4c96ilcXU8PocYtmSmkaQQ==",
        "dependencies": {
          "Microsoft.NETCore.Platforms": "1.1.0",
          "System.Resources.ResourceManager": "4.3.0",
          "System.Runtime": "4.3.0",
          "System.Runtime.InteropServices": "4.3.0",
          "System.Security.Cryptography.Primitives": "4.3.0"
        }
      },
      "System.Text.Encoding": {
        "type": "Transitive",
        "resolved": "4.3.0",
        "contentHash": "1AKqROkTdMVKtVpt+FWhwnJ85deFehKv/s7iGEdg6LADyP6v8hkee/hkyh01Q2KrRa3oWAzKUiFafebwxx8voQ==",
        "dependencies": {
          "Microsoft.NETCore.Platforms": "1.1.0",
          "Microsoft.NETCore.Targets": "1.1.0",
          "System.Runtime": "4.3.0"
        }
      },
      "System.Text.Encoding.Extensions": {
        "type": "Transitive",
        "resolved": "4.3.0",
        "contentHash": "bd3M+NIuCg3HFggdDzZ39FzqYeGRTxMWp4SdVi6fzKhmJpqqpGz3tQ8K9U6wRZhp07mm9cgMxMgpzNYYOe84zQ==",
        "dependencies": {
          "Microsoft.NETCore.Platforms": "1.1.0",
          "Microsoft.NETCore.Targets": "1.1.0",
          "System.Runtime": "4.3.0",
          "System.Text.Encoding": "4.3.0"
        }
      },
      "System.Text.RegularExpressions": {
        "type": "Transitive",
        "resolved": "4.1.0",
        "contentHash": "zyxULthU5BUBw4RiTuO4zecYbVBIgoq0CrPfonNgWOd5Cl11xxIESMq+Q2TWTsAFkfsD3A6Kp6UTuhnroV6e0w==",
        "dependencies": {
          "System.Collections": "4.0.11",
          "System.Globalization": "4.0.11",
          "System.Resources.ResourceManager": "4.0.1",
          "System.Runtime": "4.1.0",
          "System.Runtime.Extensions": "4.1.0",
          "System.Threading": "4.0.11"
        }
      },
      "System.Threading": {
        "type": "Transitive",
        "resolved": "4.3.0",
        "contentHash": "Gj7tzvn7Q5lNaXz88jrohC7if2jqHKQpq8pw/yhgpIO9s/Y/nTMUSoeuxAODSO0UzaBh6M3c/F1y1olrpY1lng==",
        "dependencies": {
          "System.Runtime": "4.3.0",
          "System.Threading.Tasks": "4.3.0"
        }
      },
      "System.Threading.Tasks": {
        "type": "Transitive",
        "resolved": "4.3.0",
        "contentHash": "fedfvuTOQtxjxBP0VIw4idWi0rOyhr5vr5VHk3Ja2fplPGZy1SlEawNyTFqwwHoTmt/a0TGZzqMsySCZi8Xreg==",
        "dependencies": {
          "Microsoft.NETCore.Platforms": "1.1.0",
          "Microsoft.NETCore.Targets": "1.1.0",
          "System.Runtime": "4.3.0"
        }
      },
      "System.Threading.Tasks.Extensions": {
        "type": "Transitive",
        "resolved": "4.0.0",
        "contentHash": "PGbJReQ7spxIZuCb8nYjVNnNWWQn5Loey6sC8MvGBnHN9oJAetXW/Va9UvDmlB4+nZhY3uW2nbKEOsz6gFf88A==",
        "dependencies": {
          "System.Collections": "4.0.11",
          "System.Runtime": "4.1.0",
          "System.Threading.Tasks": "4.0.11"
        }
      },
      "System.Threading.Thread": {
        "type": "Transitive",
        "resolved": "4.3.0",
        "contentHash": "kCgI/sTE4fxnz1Fs0aScBCC+cYFIIR7I0IG1JPWDPjOSQxYs5Qdzi4Gf3eeAIevdE03n3PeCh2JVCKv0/11yrA==",
        "dependencies": {
          "System.Runtime": "4.3.0"
        }
      },
      "System.Threading.ThreadPool": {
        "type": "Transitive",
        "resolved": "4.3.0",
        "contentHash": "1WaMGI7TLOynUVjVzFmgVvxvho/yl2l7lkTc2EdgA0jtLDX9pHpEZkgG7KaY+9G2WMO1GVmuSEBzucbgmsFW2w==",
        "dependencies": {
          "System.Runtime": "4.3.0",
          "System.Runtime.Handles": "4.3.0"
        }
      },
      "System.Xml.ReaderWriter": {
        "type": "Transitive",
        "resolved": "4.0.11",
        "contentHash": "lvA/29NjaGEYADSOy+fJp6dtZ9NMSMX1cbePx9FHX5w66EwnceLVtggzWv1StQPAULtUrbjicjA7I2eAtvNgOQ==",
        "dependencies": {
          "System.Collections": "4.0.11",
          "System.Diagnostics.Debug": "4.0.11",
          "System.Globalization": "4.0.11",
          "System.IO": "4.1.0",
          "System.IO.FileSystem": "4.0.1",
          "System.IO.FileSystem.Primitives": "4.0.1",
          "System.Resources.ResourceManager": "4.0.1",
          "System.Runtime": "4.1.0",
          "System.Runtime.Extensions": "4.1.0",
          "System.Runtime.InteropServices": "4.1.0",
          "System.Text.Encoding": "4.0.11",
          "System.Text.Encoding.Extensions": "4.0.11",
          "System.Text.RegularExpressions": "4.1.0",
          "System.Threading.Tasks": "4.0.11",
          "System.Threading.Tasks.Extensions": "4.0.0"
        }
      },
      "System.Xml.XDocument": {
        "type": "Transitive",
        "resolved": "4.0.11",
        "contentHash": "Y0igaOCZs653g0Z+zeFiu9vTR/CPhpUmaee+BK4QUixVk2winYIZfGqKGQ9Jn8TBn+CX98adj1Q6OB1/XZXanw==",
        "dependencies": {
          "System.Collections": "4.0.11",
          "System.Diagnostics.Debug": "4.0.11",
          "System.Diagnostics.Tools": "4.0.1",
          "System.Globalization": "4.0.11",
          "System.IO": "4.1.0",
          "System.Reflection": "4.1.0",
          "System.Resources.ResourceManager": "4.0.1",
          "System.Runtime": "4.1.0",
          "System.Runtime.Extensions": "4.1.0",
          "System.Text.Encoding": "4.0.11",
          "System.Threading": "4.0.11",
          "System.Xml.ReaderWriter": "4.0.11"
        }
      },
      "NuGet.Common": {
        "type": "Project",
        "dependencies": {
          "NuGet.Frameworks": "5.0.0-preview3",
          "System.Diagnostics.Process": "4.3.0",
          "System.Threading.Thread": "4.3.0"
        }
      },
      "NuGet.Configuration": {
        "type": "Project",
        "dependencies": {
          "NuGet.Common": "5.0.0-preview3",
          "System.Security.Cryptography.ProtectedData": "4.3.0"
        }
      },
      "NuGet.Frameworks": {
        "type": "Project"
      },
      "NuGet.Packaging": {
        "type": "Project",
        "dependencies": {
          "Newtonsoft.Json": "9.0.1",
          "NuGet.Configuration": "5.0.0-preview3",
          "NuGet.Versioning": "5.0.0-preview3",
          "System.Dynamic.Runtime": "4.3.0"
        }
      },
      "NuGet.Versioning": {
        "type": "Project"
      }
    }
  }
}