
Microsoft Visual Studio Solution File, Format Version 12.00
# Visual Studio Version 17
VisualStudioVersion = 17.0.31508.22
MinimumVisualStudioVersion = 10.0.40219.1
Project("{9A19103F-16F7-4668-BE54-9A1E7A4F7556}") = "NuGet.Tests.Apex", "NuGet.Tests.Apex.csproj", "{FA09B055-B09A-4AF6-A7FC-FFD4F4A988D3}"
EndProject
Global
	GlobalSection(SolutionConfigurationPlatforms) = preSolution
		Debug|Any CPU = Debug|Any CPU
		Release|Any CPU = Release|Any CPU
	EndGlobalSection
	GlobalSection(ProjectConfigurationPlatforms) = postSolution
		{FA09B055-B09A-4AF6-A7FC-FFD4F4A988D3}.Debug|Any CPU.ActiveCfg = Debug|Any CPU
		{FA09B055-B09A-4AF6-A7FC-FFD4F4A988D3}.Debug|Any CPU.Build.0 = Debug|Any CPU
		{FA09B055-B09A-4AF6-A7FC-FFD4F4A988D3}.Release|Any CPU.ActiveCfg = Release|Any CPU
		{FA09B055-B09A-4AF6-A7FC-FFD4F4A988D3}.Release|Any CPU.Build.0 = Release|Any CPU
	EndGlobalSection
	GlobalSection(SolutionProperties) = preSolution
		HideSolutionNode = FALSE
	EndGlobalSection
	GlobalSection(ExtensibilityGlobals) = postSolution
		SolutionGuid = {4D5B06FA-9267-48E2-9030-16739050381D}
	EndGlobalSection
EndGlobal
